<?xml version="1.0" encoding="UTF-8" standalone="yes" ?>
<CodeBlocks_project_file>
	<FileVersion major="1" minor="6" />
	<Project>
		<Option title="example" />
		<Option makefile_is_custom="1" />
		<Option pch_mode="2" />
		<Option compiler="gcc" />
		<Option virtualFolders="addons/;src/;addons/ofxGenerative/src/;addons/ofxUIProject/src/grids/;addons/ofxUI/src/;addons/ofxUIProject/src/simulators/;addons/ofxCameraSaveLoad/src/;addons/ofxUIProject/src/gl/;addons/ofxUIProject/src/;addons/ofxUIProject/src/background/;build config/;addons/ofxXmlSettings/libs/;addons/ofxXmlSettings/src/;" />
		<Build>
			<Target title="Debug">
				<Option output="bin/$(PROJECT_NAME)_debug" prefix_auto="1" extension_auto="1" />
				<Option working_dir="bin" />
				<Option object_output="obj/Debug/" />
				<Option external_deps="../../../libs/openFrameworksCompiled/lib/linux/libopenFrameworksDebug.a;" />
				<Option type="1" />
				<Option compiler="gcc" />
				<Option projectLinkerOptionsRelation="2" />
			</Target>
			<Target title="Release">
				<Option output="bin/$(PROJECT_NAME)" prefix_auto="1" extension_auto="1" />
				<Option working_dir="bin" />
				<Option object_output="obj/Release/" />
				<Option external_deps="../../../libs/openFrameworksCompiled/lib/linux/libopenFrameworks.a;" />
				<Option type="1" />
				<Option compiler="gcc" />
				<Option projectLinkerOptionsRelation="2" />
			</Target>
		</Build>
		<Unit filename="../../ofxCameraSaveLoad/src/ofxCameraSaveLoad.cpp">
			<Option virtualFolder="addons/ofxCameraSaveLoad/src" />
		</Unit>
		<Unit filename="../../ofxCameraSaveLoad/src/ofxCameraSaveLoad.h">
			<Option virtualFolder="addons/ofxCameraSaveLoad/src" />
		</Unit>
		<Unit filename="../../ofxGenerative/src/ofx1DExtruder.h">
			<Option virtualFolder="addons/ofxGenerative/src" />
		</Unit>
		<Unit filename="../../ofxGenerative/src/ofxBehavior.cpp">
			<Option virtualFolder="addons/ofxGenerative/src" />
		</Unit>
		<Unit filename="../../ofxGenerative/src/ofxBehavior.h">
			<Option virtualFolder="addons/ofxGenerative/src" />
		</Unit>
		<Unit filename="../../ofxGenerative/src/ofxBoidParticle.h">
			<Option virtualFolder="addons/ofxGenerative/src" />
		</Unit>
		<Unit filename="../../ofxGenerative/src/ofxBoidSystem.h">
			<Option virtualFolder="addons/ofxGenerative/src" />
		</Unit>
		<Unit filename="../../ofxGenerative/src/ofxBufferEffectorBehavior.cpp">
			<Option virtualFolder="addons/ofxGenerative/src" />
		</Unit>
		<Unit filename="../../ofxGenerative/src/ofxBufferEffectorBehavior.h">
			<Option virtualFolder="addons/ofxGenerative/src" />
		</Unit>
		<Unit filename="../../ofxGenerative/src/ofxCircle.h">
			<Option virtualFolder="addons/ofxGenerative/src" />
		</Unit>
		<Unit filename="../../ofxGenerative/src/ofxDamperBehavior.cpp">
			<Option virtualFolder="addons/ofxGenerative/src" />
		</Unit>
		<Unit filename="../../ofxGenerative/src/ofxDamperBehavior.h">
			<Option virtualFolder="addons/ofxGenerative/src" />
		</Unit>
		<Unit filename="../../ofxGenerative/src/ofxDistorterBehavior.cpp">
			<Option virtualFolder="addons/ofxGenerative/src" />
		</Unit>
		<Unit filename="../../ofxGenerative/src/ofxDistorterBehavior.h">
			<Option virtualFolder="addons/ofxGenerative/src" />
		</Unit>
		<Unit filename="../../ofxGenerative/src/ofxElectroStaticBehavior.cpp">
			<Option virtualFolder="addons/ofxGenerative/src" />
		</Unit>
		<Unit filename="../../ofxGenerative/src/ofxElectroStaticBehavior.h">
			<Option virtualFolder="addons/ofxGenerative/src" />
		</Unit>
		<Unit filename="../../ofxGenerative/src/ofxField2D.cpp">
			<Option virtualFolder="addons/ofxGenerative/src" />
		</Unit>
		<Unit filename="../../ofxGenerative/src/ofxField2D.h">
			<Option virtualFolder="addons/ofxGenerative/src" />
		</Unit>
		<Unit filename="../../ofxGenerative/src/ofxFieldAgitator.h">
			<Option virtualFolder="addons/ofxGenerative/src" />
		</Unit>
		<Unit filename="../../ofxGenerative/src/ofxGenerative.h">
			<Option virtualFolder="addons/ofxGenerative/src" />
		</Unit>
		<Unit filename="../../ofxGenerative/src/ofxGenericShape.h">
			<Option virtualFolder="addons/ofxGenerative/src" />
		</Unit>
		<Unit filename="../../ofxGenerative/src/ofxHOCParticle.h">
			<Option virtualFolder="addons/ofxGenerative/src" />
		</Unit>
		<Unit filename="../../ofxGenerative/src/ofxHOCParticleSystem.h">
			<Option virtualFolder="addons/ofxGenerative/src" />
		</Unit>
		<Unit filename="../../ofxGenerative/src/ofxHomingBehavior.cpp">
			<Option virtualFolder="addons/ofxGenerative/src" />
		</Unit>
		<Unit filename="../../ofxGenerative/src/ofxHomingBehavior.h">
			<Option virtualFolder="addons/ofxGenerative/src" />
		</Unit>
		<Unit filename="../../ofxGenerative/src/ofxLorentzBehavior.cpp">
			<Option virtualFolder="addons/ofxGenerative/src" />
		</Unit>
		<Unit filename="../../ofxGenerative/src/ofxLorentzBehavior.h">
			<Option virtualFolder="addons/ofxGenerative/src" />
		</Unit>
		<Unit filename="../../ofxGenerative/src/ofxParticle.h">
			<Option virtualFolder="addons/ofxGenerative/src" />
		</Unit>
		<Unit filename="../../ofxGenerative/src/ofxParticleSystem.h">
			<Option virtualFolder="addons/ofxGenerative/src" />
		</Unit>
		<Unit filename="../../ofxGenerative/src/ofxParticleTouch.h">
			<Option virtualFolder="addons/ofxGenerative/src" />
		</Unit>
		<Unit filename="../../ofxGenerative/src/ofxPerlinBehavior.cpp">
			<Option virtualFolder="addons/ofxGenerative/src" />
		</Unit>
		<Unit filename="../../ofxGenerative/src/ofxPerlinBehavior.h">
			<Option virtualFolder="addons/ofxGenerative/src" />
		</Unit>
		<Unit filename="../../ofxGenerative/src/ofxRParticle.cpp">
			<Option virtualFolder="addons/ofxGenerative/src" />
		</Unit>
		<Unit filename="../../ofxGenerative/src/ofxRParticle.h">
			<Option virtualFolder="addons/ofxGenerative/src" />
		</Unit>
		<Unit filename="../../ofxGenerative/src/ofxRParticleData.h">
			<Option virtualFolder="addons/ofxGenerative/src" />
		</Unit>
		<Unit filename="../../ofxGenerative/src/ofxRParticleGlowieRenderer.cpp">
			<Option virtualFolder="addons/ofxGenerative/src" />
		</Unit>
		<Unit filename="../../ofxGenerative/src/ofxRParticleGlowieRenderer.h">
			<Option virtualFolder="addons/ofxGenerative/src" />
		</Unit>
		<Unit filename="../../ofxGenerative/src/ofxRParticleRenderer.cpp">
			<Option virtualFolder="addons/ofxGenerative/src" />
		</Unit>
		<Unit filename="../../ofxGenerative/src/ofxRParticleRenderer.h">
			<Option virtualFolder="addons/ofxGenerative/src" />
		</Unit>
		<Unit filename="../../ofxGenerative/src/ofxRParticleSystem.cpp">
			<Option virtualFolder="addons/ofxGenerative/src" />
		</Unit>
		<Unit filename="../../ofxGenerative/src/ofxRParticleSystem.h">
			<Option virtualFolder="addons/ofxGenerative/src" />
		</Unit>
		<Unit filename="../../ofxGenerative/src/ofxRezaParticle.h">
			<Option virtualFolder="addons/ofxGenerative/src" />
		</Unit>
		<Unit filename="../../ofxGenerative/src/ofxRezaParticleSystem.h">
			<Option virtualFolder="addons/ofxGenerative/src" />
		</Unit>
		<Unit filename="../../ofxGenerative/src/ofxSmartParticle.h">
			<Option virtualFolder="addons/ofxGenerative/src" />
		</Unit>
		<Unit filename="../../ofxGenerative/src/ofxSmartParticleSystem.h">
			<Option virtualFolder="addons/ofxGenerative/src" />
		</Unit>
		<Unit filename="../../ofxGenerative/src/ofxSolver.cpp">
			<Option virtualFolder="addons/ofxGenerative/src" />
		</Unit>
		<Unit filename="../../ofxGenerative/src/ofxSolver.h">
			<Option virtualFolder="addons/ofxGenerative/src" />
		</Unit>
		<Unit filename="../../ofxGenerative/src/ofxSphericalAttractionBehavior.cpp">
			<Option virtualFolder="addons/ofxGenerative/src" />
		</Unit>
		<Unit filename="../../ofxGenerative/src/ofxSphericalAttractionBehavior.h">
			<Option virtualFolder="addons/ofxGenerative/src" />
		</Unit>
		<Unit filename="../../ofxGenerative/src/ofxSpring.h">
			<Option virtualFolder="addons/ofxGenerative/src" />
		</Unit>
		<Unit filename="../../ofxGenerative/src/ofxSpringSystem.h">
			<Option virtualFolder="addons/ofxGenerative/src" />
		</Unit>
		<Unit filename="../../ofxGenerative/src/ofxSuperShape.h">
			<Option virtualFolder="addons/ofxGenerative/src" />
		</Unit>
		<Unit filename="../../ofxGenerative/src/ofxSwarmBehavior.cpp">
			<Option virtualFolder="addons/ofxGenerative/src" />
		</Unit>
		<Unit filename="../../ofxGenerative/src/ofxSwarmBehavior.h">
			<Option virtualFolder="addons/ofxGenerative/src" />
		</Unit>
		<Unit filename="../../ofxGenerative/src/ofxTrailParticle.h">
			<Option virtualFolder="addons/ofxGenerative/src" />
		</Unit>
		<Unit filename="../../ofxGenerative/src/ofxVerletSolver.cpp">
			<Option virtualFolder="addons/ofxGenerative/src" />
		</Unit>
		<Unit filename="../../ofxGenerative/src/ofxVerletSolver.h">
			<Option virtualFolder="addons/ofxGenerative/src" />
		</Unit>
		<Unit filename="../../ofxGenerative/src/ofxVortexBehavior.cpp">
			<Option virtualFolder="addons/ofxGenerative/src" />
		</Unit>
		<Unit filename="../../ofxGenerative/src/ofxVortexBehavior.h">
			<Option virtualFolder="addons/ofxGenerative/src" />
		</Unit>
		<Unit filename="../../ofxUI/src/ofxUI.h">
			<Option virtualFolder="addons/ofxUI/src" />
		</Unit>
		<Unit filename="../../ofxUI/src/ofxUI2DGraph.h">
			<Option virtualFolder="addons/ofxUI/src" />
		</Unit>
		<Unit filename="../../ofxUI/src/ofxUI2DPad.h">
			<Option virtualFolder="addons/ofxUI/src" />
		</Unit>
		<Unit filename="../../ofxUI/src/ofxUIBaseDraws.h">
			<Option virtualFolder="addons/ofxUI/src" />
		</Unit>
		<Unit filename="../../ofxUI/src/ofxUIBiLabelSlider.h">
			<Option virtualFolder="addons/ofxUI/src" />
		</Unit>
		<Unit filename="../../ofxUI/src/ofxUIButton.h">
			<Option virtualFolder="addons/ofxUI/src" />
		</Unit>
		<Unit filename="../../ofxUI/src/ofxUICanvas.h">
			<Option virtualFolder="addons/ofxUI/src" />
		</Unit>
		<Unit filename="../../ofxUI/src/ofxUICircleSlider.h">
			<Option virtualFolder="addons/ofxUI/src" />
		</Unit>
		<Unit filename="../../ofxUI/src/ofxUICustomImageButton.h">
			<Option virtualFolder="addons/ofxUI/src" />
		</Unit>
		<Unit filename="../../ofxUI/src/ofxUIDropDownList.h">
			<Option virtualFolder="addons/ofxUI/src" />
		</Unit>
		<Unit filename="../../ofxUI/src/ofxUIEventArgs.h">
			<Option virtualFolder="addons/ofxUI/src" />
		</Unit>
		<Unit filename="../../ofxUI/src/ofxUIFPS.h">
			<Option virtualFolder="addons/ofxUI/src" />
		</Unit>
		<Unit filename="../../ofxUI/src/ofxUIFPSSlider.h">
			<Option virtualFolder="addons/ofxUI/src" />
		</Unit>
		<Unit filename="../../ofxUI/src/ofxUIImage.h">
			<Option virtualFolder="addons/ofxUI/src" />
		</Unit>
		<Unit filename="../../ofxUI/src/ofxUIImageButton.h">
			<Option virtualFolder="addons/ofxUI/src" />
		</Unit>
		<Unit filename="../../ofxUI/src/ofxUIImageSampler.h">
			<Option virtualFolder="addons/ofxUI/src" />
		</Unit>
		<Unit filename="../../ofxUI/src/ofxUIImageSlider.h">
			<Option virtualFolder="addons/ofxUI/src" />
		</Unit>
		<Unit filename="../../ofxUI/src/ofxUIImageToggle.h">
			<Option virtualFolder="addons/ofxUI/src" />
		</Unit>
		<Unit filename="../../ofxUI/src/ofxUILabel.h">
			<Option virtualFolder="addons/ofxUI/src" />
		</Unit>
		<Unit filename="../../ofxUI/src/ofxUILabelButton.h">
			<Option virtualFolder="addons/ofxUI/src" />
		</Unit>
		<Unit filename="../../ofxUI/src/ofxUILabelToggle.h">
			<Option virtualFolder="addons/ofxUI/src" />
		</Unit>
		<Unit filename="../../ofxUI/src/ofxUIMinimalSlider.h">
			<Option virtualFolder="addons/ofxUI/src" />
		</Unit>
		<Unit filename="../../ofxUI/src/ofxUIMovingGraph.h">
			<Option virtualFolder="addons/ofxUI/src" />
		</Unit>
		<Unit filename="../../ofxUI/src/ofxUIMultiImageButton.h">
			<Option virtualFolder="addons/ofxUI/src" />
		</Unit>
		<Unit filename="../../ofxUI/src/ofxUIMultiImageSlider.h">
			<Option virtualFolder="addons/ofxUI/src" />
		</Unit>
		<Unit filename="../../ofxUI/src/ofxUIMultiImageToggle.h">
			<Option virtualFolder="addons/ofxUI/src" />
		</Unit>
		<Unit filename="../../ofxUI/src/ofxUINumberDialer.h">
			<Option virtualFolder="addons/ofxUI/src" />
		</Unit>
		<Unit filename="../../ofxUI/src/ofxUIOFWrapper.h">
			<Option virtualFolder="addons/ofxUI/src" />
		</Unit>
		<Unit filename="../../ofxUI/src/ofxUIRadio.h">
			<Option virtualFolder="addons/ofxUI/src" />
		</Unit>
		<Unit filename="../../ofxUI/src/ofxUIRangeSlider.h">
			<Option virtualFolder="addons/ofxUI/src" />
		</Unit>
		<Unit filename="../../ofxUI/src/ofxUIRectangle.h">
			<Option virtualFolder="addons/ofxUI/src" />
		</Unit>
		<Unit filename="../../ofxUI/src/ofxUIRotarySlider.h">
			<Option virtualFolder="addons/ofxUI/src" />
		</Unit>
		<Unit filename="../../ofxUI/src/ofxUIScrollableCanvas.h">
			<Option virtualFolder="addons/ofxUI/src" />
		</Unit>
		<Unit filename="../../ofxUI/src/ofxUISlider.h">
			<Option virtualFolder="addons/ofxUI/src" />
		</Unit>
		<Unit filename="../../ofxUI/src/ofxUISpacer.h">
			<Option virtualFolder="addons/ofxUI/src" />
		</Unit>
		<Unit filename="../../ofxUI/src/ofxUISpectrum.h">
			<Option virtualFolder="addons/ofxUI/src" />
		</Unit>
		<Unit filename="../../ofxUI/src/ofxUISuperCanvas.h">
			<Option virtualFolder="addons/ofxUI/src" />
		</Unit>
		<Unit filename="../../ofxUI/src/ofxUITabBar.h">
			<Option virtualFolder="addons/ofxUI/src" />
		</Unit>
		<Unit filename="../../ofxUI/src/ofxUITextArea.h">
			<Option virtualFolder="addons/ofxUI/src" />
		</Unit>
		<Unit filename="../../ofxUI/src/ofxUITextInput.h">
			<Option virtualFolder="addons/ofxUI/src" />
		</Unit>
		<Unit filename="../../ofxUI/src/ofxUIToggle.h">
			<Option virtualFolder="addons/ofxUI/src" />
		</Unit>
		<Unit filename="../../ofxUI/src/ofxUIToggleMatrix.h">
			<Option virtualFolder="addons/ofxUI/src" />
		</Unit>
		<Unit filename="../../ofxUI/src/ofxUIUtils.h">
			<Option virtualFolder="addons/ofxUI/src" />
		</Unit>
		<Unit filename="../../ofxUI/src/ofxUIValuePlotter.h">
			<Option virtualFolder="addons/ofxUI/src" />
		</Unit>
		<Unit filename="../../ofxUI/src/ofxUIWaveform.h">
			<Option virtualFolder="addons/ofxUI/src" />
		</Unit>
		<Unit filename="../../ofxUI/src/ofxUIWidget.h">
			<Option virtualFolder="addons/ofxUI/src" />
		</Unit>
		<Unit filename="../../ofxUI/src/ofxUIWidgetWithLabel.h">
			<Option virtualFolder="addons/ofxUI/src" />
		</Unit>
		<Unit filename="../../ofxXmlSettings/libs/tinyxml.cpp">
			<Option virtualFolder="addons/ofxXmlSettings/libs" />
		</Unit>
		<Unit filename="../../ofxXmlSettings/libs/tinyxml.h">
			<Option virtualFolder="addons/ofxXmlSettings/libs" />
		</Unit>
		<Unit filename="../../ofxXmlSettings/libs/tinyxmlerror.cpp">
			<Option virtualFolder="addons/ofxXmlSettings/libs" />
		</Unit>
		<Unit filename="../../ofxXmlSettings/libs/tinyxmlparser.cpp">
			<Option virtualFolder="addons/ofxXmlSettings/libs" />
		</Unit>
		<Unit filename="../../ofxXmlSettings/src/ofxXmlSettings.cpp">
			<Option virtualFolder="addons/ofxXmlSettings/src" />
		</Unit>
		<Unit filename="../../ofxXmlSettings/src/ofxXmlSettings.h">
			<Option virtualFolder="addons/ofxXmlSettings/src" />
		</Unit>
		<Unit filename="../src/UIClass.cpp">
			<Option virtualFolder="addons/ofxUIProject/src" />
		</Unit>
		<Unit filename="../src/UIClass.h">
			<Option virtualFolder="addons/ofxUIProject/src" />
		</Unit>
		<Unit filename="../src/UIProject.cpp">
			<Option virtualFolder="addons/ofxUIProject/src" />
		</Unit>
		<Unit filename="../src/UIProject.h">
			<Option virtualFolder="addons/ofxUIProject/src" />
		</Unit>
		<Unit filename="../src/background/UIBackground.cpp">
			<Option virtualFolder="addons/ofxUIProject/src/background" />
		</Unit>
		<Unit filename="../src/background/UIBackground.h">
			<Option virtualFolder="addons/ofxUIProject/src/background" />
		</Unit>
		<Unit filename="../src/background/UISuperBackground.cpp">
			<Option virtualFolder="addons/ofxUIProject/src/background" />
		</Unit>
		<Unit filename="../src/background/UISuperBackground.h">
			<Option virtualFolder="addons/ofxUIProject/src/background" />
		</Unit>
		<Unit filename="../src/gl/PingPong.h">
			<Option virtualFolder="addons/ofxUIProject/src/gl" />
		</Unit>
		<Unit filename="../src/gl/UIFog.cpp">
			<Option virtualFolder="addons/ofxUIProject/src/gl" />
		</Unit>
		<Unit filename="../src/gl/UIFog.h">
			<Option virtualFolder="addons/ofxUIProject/src/gl" />
		</Unit>
		<Unit filename="../src/gl/UILight.cpp">
			<Option virtualFolder="addons/ofxUIProject/src/gl" />
		</Unit>
		<Unit filename="../src/gl/UILight.h">
			<Option virtualFolder="addons/ofxUIProject/src/gl" />
		</Unit>
		<Unit filename="../src/gl/UIMaterial.cpp">
			<Option virtualFolder="addons/ofxUIProject/src/gl" />
		</Unit>
		<Unit filename="../src/gl/UIMaterial.h">
			<Option virtualFolder="addons/ofxUIProject/src/gl" />
		</Unit>
		<Unit filename="../src/gl/UIShader.cpp">
			<Option virtualFolder="addons/ofxUIProject/src/gl" />
		</Unit>
		<Unit filename="../src/gl/UIShader.h">
			<Option virtualFolder="addons/ofxUIProject/src/gl" />
		</Unit>
		<Unit filename="../src/gl/Uniform.h">
			<Option virtualFolder="addons/ofxUIProject/src/gl" />
		</Unit>
		<Unit filename="../src/grids/Grid.cpp">
			<Option virtualFolder="addons/ofxUIProject/src/grids" />
		</Unit>
		<Unit filename="../src/grids/Grid.h">
			<Option virtualFolder="addons/ofxUIProject/src/grids" />
		</Unit>
		<Unit filename="../src/grids/GridBox.h">
			<Option virtualFolder="addons/ofxUIProject/src/grids" />
		</Unit>
		<Unit filename="../src/grids/GridCross.h">
			<Option virtualFolder="addons/ofxUIProject/src/grids" />
		</Unit>
		<Unit filename="../src/grids/UIGrid.cpp">
			<Option virtualFolder="addons/ofxUIProject/src/grids" />
		</Unit>
		<Unit filename="../src/grids/UIGrid.h">
			<Option virtualFolder="addons/ofxUIProject/src/grids" />
		</Unit>
		<Unit filename="../src/simulators/Boid.cpp">
			<Option virtualFolder="addons/ofxUIProject/src/simulators" />
		</Unit>
		<Unit filename="../src/simulators/Boid.h">
			<Option virtualFolder="addons/ofxUIProject/src/simulators" />
		</Unit>
		<Unit filename="../src/simulators/Flock.cpp">
			<Option virtualFolder="addons/ofxUIProject/src/simulators" />
		</Unit>
		<Unit filename="../src/simulators/Flock.h">
			<Option virtualFolder="addons/ofxUIProject/src/simulators" />
		</Unit>
		<Unit filename="../src/simulators/Particle.cpp">
			<Option virtualFolder="addons/ofxUIProject/src/simulators" />
		</Unit>
		<Unit filename="../src/simulators/Particle.h">
			<Option virtualFolder="addons/ofxUIProject/src/simulators" />
		</Unit>
		<Unit filename="../src/simulators/Spring.cpp">
			<Option virtualFolder="addons/ofxUIProject/src/simulators" />
		</Unit>
		<Unit filename="../src/simulators/Spring.h">
			<Option virtualFolder="addons/ofxUIProject/src/simulators" />
		</Unit>
		<Unit filename="../src/simulators/SuperParticle.cpp">
			<Option virtualFolder="addons/ofxUIProject/src/simulators" />
		</Unit>
		<Unit filename="../src/simulators/SuperParticle.h">
			<Option virtualFolder="addons/ofxUIProject/src/simulators" />
		</Unit>
		<Unit filename="config.make">
			<Option virtualFolder="build config" />
		</Unit>
		<Unit filename="src/ShellExample.cpp">
			<Option virtualFolder="src" />
		</Unit>
		<Unit filename="src/ShellExample.h">
			<Option virtualFolder="src" />
		</Unit>
		<Unit filename="src/main.cpp">
			<Option virtualFolder="src/" />
		</Unit>
		<Unit filename="src/ofApp.cpp">
			<Option virtualFolder="src/" />
		</Unit>
		<Unit filename="src/ofApp.h">
			<Option virtualFolder="src/" />
		</Unit>
		<Extensions>
			<code_completion />
			<envvars />
			<debugger />
			<DoxyBlocks>
				<comment_style block="0" line="0" />
				<doxyfile_project />
				<doxyfile_build />
				<doxyfile_warnings />
				<doxyfile_output />
				<doxyfile_dot />
				<general />
			</DoxyBlocks>
		</Extensions>
	</Project>
</CodeBlocks_project_file>
