<?xml version="1.0"?>
<CodeBlocks_project_file>
	<FileVersion major="1" minor="6" />
	<Project>
		<Option title="example" />
		<Option makefile_is_custom="1" />
		<Option pch_mode="2" />
		<Option compiler="gcc" />
		<Option virtualFolders="addons/;src/;" />
		<Build>
			<Target title="Debug">
				<Option output="bin/$(PROJECT_NAME)_debug" prefix_auto="1" extension_auto="1" />
				<Option working_dir="bin" />
				<Option object_output="obj/Debug/" />
				<Option external_deps="../../../libs/openFrameworksCompiled/lib/linux/libopenFrameworksDebug.a;" />
				<Option type="1" />
				<Option compiler="gcc" />
				<Option projectLinkerOptionsRelation="2" />
			</Target>
			<Target title="Release">
				<Option output="bin/$(PROJECT_NAME)" prefix_auto="1" extension_auto="1" />
				<Option working_dir="bin" />
				<Option object_output="obj/Release/" />
				<Option external_deps="../../../libs/openFrameworksCompiled/lib/linux/libopenFrameworks.a;" />
				<Option type="1" />
				<Option compiler="gcc" />
				<Option projectLinkerOptionsRelation="2" />
			</Target>
		</Build>
		<Unit filename="src/main.cpp">
			<Option virtualFolder="src/" />
		</Unit>
		<Unit filename="src/ofApp.cpp">
			<Option virtualFolder="src/" />
		</Unit>
		<Unit filename="src/ofApp.h">
			<Option virtualFolder="src/" />
		</Unit>
		<Unit filename="config.make">
			<Option virtualFolder="build config" />
		</Unit>
		<Extensions>
			<code_completion />
			<envvars />
			<debugger />
		</Extensions>
		<Unit filename="src/ShellExample.cpp">
			<Option virtualFolder="src" />
		</Unit>
		<Unit filename="src/ShellExample.h">
			<Option virtualFolder="src" />
		</Unit>
		<Unit filename="../../../addons/ofxCameraSaveLoad/src/ofxCameraSaveLoad.cpp">
			<Option virtualFolder="addons/ofxCameraSaveLoad/src" />
		</Unit>
		<Unit filename="../../../addons/ofxCameraSaveLoad/src/ofxCameraSaveLoad.h">
			<Option virtualFolder="addons/ofxCameraSaveLoad/src" />
		</Unit>
		<Unit filename="../../../addons/ofxUI/src/ofxUI.h">
			<Option virtualFolder="addons/ofxUI/src" />
		</Unit>
		<Unit filename="../../../addons/ofxUI/src/ofxUI2DGraph.h">
			<Option virtualFolder="addons/ofxUI/src" />
		</Unit>
		<Unit filename="../../../addons/ofxUI/src/ofxUI2DPad.h">
			<Option virtualFolder="addons/ofxUI/src" />
		</Unit>
		<Unit filename="../../../addons/ofxUI/src/ofxUIBaseDraws.h">
			<Option virtualFolder="addons/ofxUI/src" />
		</Unit>
		<Unit filename="../../../addons/ofxUI/src/ofxUIBiLabelSlider.h">
			<Option virtualFolder="addons/ofxUI/src" />
		</Unit>
		<Unit filename="../../../addons/ofxUI/src/ofxUIButton.h">
			<Option virtualFolder="addons/ofxUI/src" />
		</Unit>
		<Unit filename="../../../addons/ofxUI/src/ofxUICanvas.h">
			<Option virtualFolder="addons/ofxUI/src" />
		</Unit>
		<Unit filename="../../../addons/ofxUI/src/ofxUICircleSlider.h">
			<Option virtualFolder="addons/ofxUI/src" />
		</Unit>
		<Unit filename="../../../addons/ofxUI/src/ofxUICustomImageButton.h">
			<Option virtualFolder="addons/ofxUI/src" />
		</Unit>
		<Unit filename="../../../addons/ofxUI/src/ofxUIDropDownList.h">
			<Option virtualFolder="addons/ofxUI/src" />
		</Unit>
		<Unit filename="../../../addons/ofxUI/src/ofxUIEventArgs.h">
			<Option virtualFolder="addons/ofxUI/src" />
		</Unit>
		<Unit filename="../../../addons/ofxUI/src/ofxUIFPS.h">
			<Option virtualFolder="addons/ofxUI/src" />
		</Unit>
		<Unit filename="../../../addons/ofxUI/src/ofxUIFPSSlider.h">
			<Option virtualFolder="addons/ofxUI/src" />
		</Unit>
		<Unit filename="../../../addons/ofxUI/src/ofxUIImage.h">
			<Option virtualFolder="addons/ofxUI/src" />
		</Unit>
		<Unit filename="../../../addons/ofxUI/src/ofxUIImageButton.h">
			<Option virtualFolder="addons/ofxUI/src" />
		</Unit>
		<Unit filename="../../../addons/ofxUI/src/ofxUIImageSampler.h">
			<Option virtualFolder="addons/ofxUI/src" />
		</Unit>
		<Unit filename="../../../addons/ofxUI/src/ofxUIImageSlider.h">
			<Option virtualFolder="addons/ofxUI/src" />
		</Unit>
		<Unit filename="../../../addons/ofxUI/src/ofxUIImageToggle.h">
			<Option virtualFolder="addons/ofxUI/src" />
		</Unit>
		<Unit filename="../../../addons/ofxUI/src/ofxUILabel.h">
			<Option virtualFolder="addons/ofxUI/src" />
		</Unit>
		<Unit filename="../../../addons/ofxUI/src/ofxUILabelButton.h">
			<Option virtualFolder="addons/ofxUI/src" />
		</Unit>
		<Unit filename="../../../addons/ofxUI/src/ofxUILabelToggle.h">
			<Option virtualFolder="addons/ofxUI/src" />
		</Unit>
		<Unit filename="../../../addons/ofxUI/src/ofxUIMinimalSlider.h">
			<Option virtualFolder="addons/ofxUI/src" />
		</Unit>
		<Unit filename="../../../addons/ofxUI/src/ofxUIMovingGraph.h">
			<Option virtualFolder="addons/ofxUI/src" />
		</Unit>
		<Unit filename="../../../addons/ofxUI/src/ofxUIMultiImageButton.h">
			<Option virtualFolder="addons/ofxUI/src" />
		</Unit>
		<Unit filename="../../../addons/ofxUI/src/ofxUIMultiImageSlider.h">
			<Option virtualFolder="addons/ofxUI/src" />
		</Unit>
		<Unit filename="../../../addons/ofxUI/src/ofxUIMultiImageToggle.h">
			<Option virtualFolder="addons/ofxUI/src" />
		</Unit>
		<Unit filename="../../../addons/ofxUI/src/ofxUINumberDialer.h">
			<Option virtualFolder="addons/ofxUI/src" />
		</Unit>
		<Unit filename="../../../addons/ofxUI/src/ofxUIOFWrapper.h">
			<Option virtualFolder="addons/ofxUI/src" />
		</Unit>
		<Unit filename="../../../addons/ofxUI/src/ofxUIRadio.h">
			<Option virtualFolder="addons/ofxUI/src" />
		</Unit>
		<Unit filename="../../../addons/ofxUI/src/ofxUIRangeSlider.h">
			<Option virtualFolder="addons/ofxUI/src" />
		</Unit>
		<Unit filename="../../../addons/ofxUI/src/ofxUIRectangle.h">
			<Option virtualFolder="addons/ofxUI/src" />
		</Unit>
		<Unit filename="../../../addons/ofxUI/src/ofxUIRotarySlider.h">
			<Option virtualFolder="addons/ofxUI/src" />
		</Unit>
		<Unit filename="../../../addons/ofxUI/src/ofxUIScrollableCanvas.h">
			<Option virtualFolder="addons/ofxUI/src" />
		</Unit>
		<Unit filename="../../../addons/ofxUI/src/ofxUISlider.h">
			<Option virtualFolder="addons/ofxUI/src" />
		</Unit>
		<Unit filename="../../../addons/ofxUI/src/ofxUISpacer.h">
			<Option virtualFolder="addons/ofxUI/src" />
		</Unit>
		<Unit filename="../../../addons/ofxUI/src/ofxUISpectrum.h">
			<Option virtualFolder="addons/ofxUI/src" />
		</Unit>
		<Unit filename="../../../addons/ofxUI/src/ofxUISuperCanvas.h">
			<Option virtualFolder="addons/ofxUI/src" />
		</Unit>
		<Unit filename="../../../addons/ofxUI/src/ofxUITabBar.h">
			<Option virtualFolder="addons/ofxUI/src" />
		</Unit>
		<Unit filename="../../../addons/ofxUI/src/ofxUITextArea.h">
			<Option virtualFolder="addons/ofxUI/src" />
		</Unit>
		<Unit filename="../../../addons/ofxUI/src/ofxUITextInput.h">
			<Option virtualFolder="addons/ofxUI/src" />
		</Unit>
		<Unit filename="../../../addons/ofxUI/src/ofxUIToggle.h">
			<Option virtualFolder="addons/ofxUI/src" />
		</Unit>
		<Unit filename="../../../addons/ofxUI/src/ofxUIToggleMatrix.h">
			<Option virtualFolder="addons/ofxUI/src" />
		</Unit>
		<Unit filename="../../../addons/ofxUI/src/ofxUIUtils.h">
			<Option virtualFolder="addons/ofxUI/src" />
		</Unit>
		<Unit filename="../../../addons/ofxUI/src/ofxUIValuePlotter.h">
			<Option virtualFolder="addons/ofxUI/src" />
		</Unit>
		<Unit filename="../../../addons/ofxUI/src/ofxUIWaveform.h">
			<Option virtualFolder="addons/ofxUI/src" />
		</Unit>
		<Unit filename="../../../addons/ofxUI/src/ofxUIWidget.h">
			<Option virtualFolder="addons/ofxUI/src" />
		</Unit>
		<Unit filename="../../../addons/ofxUI/src/ofxUIWidgetWithLabel.h">
			<Option virtualFolder="addons/ofxUI/src" />
		</Unit>
		<Unit filename="../../../addons/ofxUIProject/src/background/UIBackground.cpp">
			<Option virtualFolder="addons/ofxUIProject/src/background" />
		</Unit>
		<Unit filename="../../../addons/ofxUIProject/src/background/UIBackground.h">
			<Option virtualFolder="addons/ofxUIProject/src/background" />
		</Unit>
		<Unit filename="../../../addons/ofxUIProject/src/background/UISuperBackground.cpp">
			<Option virtualFolder="addons/ofxUIProject/src/background" />
		</Unit>
		<Unit filename="../../../addons/ofxUIProject/src/background/UISuperBackground.h">
			<Option virtualFolder="addons/ofxUIProject/src/background" />
		</Unit>
		<Unit filename="../../../addons/ofxUIProject/src/gl/PingPong.h">
			<Option virtualFolder="addons/ofxUIProject/src/gl" />
		</Unit>
		<Unit filename="../../../addons/ofxUIProject/src/gl/UIFog.cpp">
			<Option virtualFolder="addons/ofxUIProject/src/gl" />
		</Unit>
		<Unit filename="../../../addons/ofxUIProject/src/gl/UIFog.h">
			<Option virtualFolder="addons/ofxUIProject/src/gl" />
		</Unit>
		<Unit filename="../../../addons/ofxUIProject/src/gl/UILight.cpp">
			<Option virtualFolder="addons/ofxUIProject/src/gl" />
		</Unit>
		<Unit filename="../../../addons/ofxUIProject/src/gl/UILight.h">
			<Option virtualFolder="addons/ofxUIProject/src/gl" />
		</Unit>
		<Unit filename="../../../addons/ofxUIProject/src/gl/UIMaterial.cpp">
			<Option virtualFolder="addons/ofxUIProject/src/gl" />
		</Unit>
		<Unit filename="../../../addons/ofxUIProject/src/gl/UIMaterial.h">
			<Option virtualFolder="addons/ofxUIProject/src/gl" />
		</Unit>
		<Unit filename="../../../addons/ofxUIProject/src/gl/UIShader.cpp">
			<Option virtualFolder="addons/ofxUIProject/src/gl" />
		</Unit>
		<Unit filename="../../../addons/ofxUIProject/src/gl/UIShader.h">
			<Option virtualFolder="addons/ofxUIProject/src/gl" />
		</Unit>
		<Unit filename="../../../addons/ofxUIProject/src/gl/Uniform.h">
			<Option virtualFolder="addons/ofxUIProject/src/gl" />
		</Unit>
		<Unit filename="../../../addons/ofxUIProject/src/grids/Grid.cpp">
			<Option virtualFolder="addons/ofxUIProject/src/grids" />
		</Unit>
		<Unit filename="../../../addons/ofxUIProject/src/grids/Grid.h">
			<Option virtualFolder="addons/ofxUIProject/src/grids" />
		</Unit>
		<Unit filename="../../../addons/ofxUIProject/src/grids/GridBox.h">
			<Option virtualFolder="addons/ofxUIProject/src/grids" />
		</Unit>
		<Unit filename="../../../addons/ofxUIProject/src/grids/GridCross.h">
			<Option virtualFolder="addons/ofxUIProject/src/grids" />
		</Unit>
		<Unit filename="../../../addons/ofxUIProject/src/grids/UIGrid.cpp">
			<Option virtualFolder="addons/ofxUIProject/src/grids" />
		</Unit>
		<Unit filename="../../../addons/ofxUIProject/src/grids/UIGrid.h">
			<Option virtualFolder="addons/ofxUIProject/src/grids" />
		</Unit>
		<Unit filename="../../../addons/ofxUIProject/src/helpers/DraggableRectangle.cpp">
			<Option virtualFolder="addons/ofxUIProject/src/helpers" />
		</Unit>
		<Unit filename="../../../addons/ofxUIProject/src/helpers/DraggableRectangle.h">
			<Option virtualFolder="addons/ofxUIProject/src/helpers" />
		</Unit>
		<Unit filename="../../../addons/ofxUIProject/src/simulators/Boid.cpp">
			<Option virtualFolder="addons/ofxUIProject/src/simulators" />
		</Unit>
		<Unit filename="../../../addons/ofxUIProject/src/simulators/Boid.h">
			<Option virtualFolder="addons/ofxUIProject/src/simulators" />
		</Unit>
		<Unit filename="../../../addons/ofxUIProject/src/simulators/Extruder.h">
			<Option virtualFolder="addons/ofxUIProject/src/simulators" />
		</Unit>
		<Unit filename="../../../addons/ofxUIProject/src/simulators/Flock.cpp">
			<Option virtualFolder="addons/ofxUIProject/src/simulators" />
		</Unit>
		<Unit filename="../../../addons/ofxUIProject/src/simulators/Flock.h">
			<Option virtualFolder="addons/ofxUIProject/src/simulators" />
		</Unit>
		<Unit filename="../../../addons/ofxUIProject/src/simulators/Particle.cpp">
			<Option virtualFolder="addons/ofxUIProject/src/simulators" />
		</Unit>
		<Unit filename="../../../addons/ofxUIProject/src/simulators/Particle.h">
			<Option virtualFolder="addons/ofxUIProject/src/simulators" />
		</Unit>
		<Unit filename="../../../addons/ofxUIProject/src/simulators/Spring.cpp">
			<Option virtualFolder="addons/ofxUIProject/src/simulators" />
		</Unit>
		<Unit filename="../../../addons/ofxUIProject/src/simulators/Spring.h">
			<Option virtualFolder="addons/ofxUIProject/src/simulators" />
		</Unit>
		<Unit filename="../../../addons/ofxUIProject/src/simulators/SuperParticle.cpp">
			<Option virtualFolder="addons/ofxUIProject/src/simulators" />
		</Unit>
		<Unit filename="../../../addons/ofxUIProject/src/simulators/SuperParticle.h">
			<Option virtualFolder="addons/ofxUIProject/src/simulators" />
		</Unit>
		<Unit filename="../../../addons/ofxUIProject/src/text/TextArc.cpp">
			<Option virtualFolder="addons/ofxUIProject/src/text" />
		</Unit>
		<Unit filename="../../../addons/ofxUIProject/src/text/TextArc.h">
			<Option virtualFolder="addons/ofxUIProject/src/text" />
		</Unit>
		<Unit filename="../../../addons/ofxUIProject/src/text/TextBlock.cpp">
			<Option virtualFolder="addons/ofxUIProject/src/text" />
		</Unit>
		<Unit filename="../../../addons/ofxUIProject/src/text/TextBlock.h">
			<Option virtualFolder="addons/ofxUIProject/src/text" />
		</Unit>
		<Unit filename="../../../addons/ofxUIProject/src/text/TextFont.h">
			<Option virtualFolder="addons/ofxUIProject/src/text" />
		</Unit>
		<Unit filename="../../../addons/ofxUIProject/src/text/TextShape.cpp">
			<Option virtualFolder="addons/ofxUIProject/src/text" />
		</Unit>
		<Unit filename="../../../addons/ofxUIProject/src/text/TextShape.h">
			<Option virtualFolder="addons/ofxUIProject/src/text" />
		</Unit>
		<Unit filename="../../../addons/ofxUIProject/src/text/TextSyles.h">
			<Option virtualFolder="addons/ofxUIProject/src/text" />
		</Unit>
		<Unit filename="../../../addons/ofxUIProject/src/text/UIText.cpp">
			<Option virtualFolder="addons/ofxUIProject/src/text" />
		</Unit>
		<Unit filename="../../../addons/ofxUIProject/src/text/UIText.h">
			<Option virtualFolder="addons/ofxUIProject/src/text" />
		</Unit>
		<Unit filename="../../../addons/ofxUIProject/src/UI2DProject.cpp">
			<Option virtualFolder="addons/ofxUIProject/src" />
		</Unit>
		<Unit filename="../../../addons/ofxUIProject/src/UI2DProject.h">
			<Option virtualFolder="addons/ofxUIProject/src" />
		</Unit>
		<Unit filename="../../../addons/ofxUIProject/src/UI3DProject.cpp">
			<Option virtualFolder="addons/ofxUIProject/src" />
		</Unit>
		<Unit filename="../../../addons/ofxUIProject/src/UI3DProject.h">
			<Option virtualFolder="addons/ofxUIProject/src" />
		</Unit>
		<Unit filename="../../../addons/ofxUIProject/src/UIClass.cpp">
			<Option virtualFolder="addons/ofxUIProject/src" />
		</Unit>
		<Unit filename="../../../addons/ofxUIProject/src/UIClass.h">
			<Option virtualFolder="addons/ofxUIProject/src" />
		</Unit>
		<Unit filename="../../../addons/ofxUIProject/src/UIProject.h">
			<Option virtualFolder="addons/ofxUIProject/src" />
		</Unit>
		<Unit filename="../../../addons/ofxXmlSettings/src/ofxXmlSettings.cpp">
			<Option virtualFolder="addons/ofxXmlSettings/src" />
		</Unit>
		<Unit filename="../../../addons/ofxXmlSettings/src/ofxXmlSettings.h">
			<Option virtualFolder="addons/ofxXmlSettings/src" />
		</Unit>
		<Unit filename="../../../addons/ofxXmlSettings/libs/tinyxml.cpp">
			<Option virtualFolder="addons/ofxXmlSettings/libs" />
		</Unit>
		<Unit filename="../../../addons/ofxXmlSettings/libs/tinyxml.h">
			<Option virtualFolder="addons/ofxXmlSettings/libs" />
		</Unit>
		<Unit filename="../../../addons/ofxXmlSettings/libs/tinyxmlerror.cpp">
			<Option virtualFolder="addons/ofxXmlSettings/libs" />
		</Unit>
		<Unit filename="../../../addons/ofxXmlSettings/libs/tinyxmlparser.cpp">
			<Option virtualFolder="addons/ofxXmlSettings/libs" />
		</Unit>
		<Unit filename="src/ProjectExample.cpp">
			<Option virtualFolder="src" />
		</Unit>
		<Unit filename="src/ProjectExample.h">
			<Option virtualFolder="src" />
		</Unit>
		<Unit filename="../../../addons/ofxUIProject/src/core/aColor.h">
			<Option virtualFolder="addons/ofxUIProject/src/core" />
		</Unit>
		<Unit filename="../../../addons/ofxUIProject/src/core/aPoint.h">
			<Option virtualFolder="addons/ofxUIProject/src/core" />
		</Unit>
		<Unit filename="../../../addons/ofxUIProject/src/core/ConsoleListener.h">
			<Option virtualFolder="addons/ofxUIProject/src/core" />
		</Unit>
		<Unit filename="../../../addons/ofxUIProject/src/core/DraggableRectangle.cpp">
			<Option virtualFolder="addons/ofxUIProject/src/core" />
		</Unit>
		<Unit filename="../../../addons/ofxUIProject/src/core/DraggableRectangle.h">
			<Option virtualFolder="addons/ofxUIProject/src/core" />
		</Unit>
		<Unit filename="../../../addons/ofxUIProject/src/core/UIClass.cpp">
			<Option virtualFolder="addons/ofxUIProject/src/core" />
		</Unit>
		<Unit filename="../../../addons/ofxUIProject/src/core/UIClass.h">
			<Option virtualFolder="addons/ofxUIProject/src/core" />
		</Unit>
		<Unit filename="../../../addons/ofxUIProject/src/gl/CameraLocation.h">
			<Option virtualFolder="addons/ofxUIProject/src/gl" />
		</Unit>
		<Unit filename="../../../addons/ofxUIProject/src/gl/UICamera.cpp">
			<Option virtualFolder="addons/ofxUIProject/src/gl" />
		</Unit>
		<Unit filename="../../../addons/ofxUIProject/src/gl/UICamera.h">
			<Option virtualFolder="addons/ofxUIProject/src/gl" />
		</Unit>
		<Unit filename="../../../addons/ofxUIProject/src/grids/UI2DGrid.cpp">
			<Option virtualFolder="addons/ofxUIProject/src/grids" />
		</Unit>
		<Unit filename="../../../addons/ofxUIProject/src/grids/UI2DGrid.h">
			<Option virtualFolder="addons/ofxUIProject/src/grids" />
		</Unit>
		<Unit filename="../../../addons/ofxUIProject/src/grids/UI3DGrid.cpp">
			<Option virtualFolder="addons/ofxUIProject/src/grids" />
		</Unit>
		<Unit filename="../../../addons/ofxUIProject/src/grids/UI3DGrid.h">
			<Option virtualFolder="addons/ofxUIProject/src/grids" />
		</Unit>
		<Unit filename="../../../addons/ofxUIProject/src/io/UIBufferIn.cpp">
			<Option virtualFolder="addons/ofxUIProject/src/io" />
		</Unit>
		<Unit filename="../../../addons/ofxUIProject/src/io/UIBufferIn.h">
			<Option virtualFolder="addons/ofxUIProject/src/io" />
		</Unit>
		<Unit filename="../../../addons/ofxUIProject/src/io/UIRpiCam.cpp">
			<Option virtualFolder="addons/ofxUIProject/src/io" />
		</Unit>
		<Unit filename="../../../addons/ofxUIProject/src/io/UIRpiCam.h">
			<Option virtualFolder="addons/ofxUIProject/src/io" />
		</Unit>
		<Unit filename="../../../addons/ofxUIProject/src/log/FileUploader.h">
			<Option virtualFolder="addons/ofxUIProject/src/log" />
		</Unit>
		<Unit filename="../../../addons/ofxUIProject/src/log/Flickr.cpp">
			<Option virtualFolder="addons/ofxUIProject/src/log" />
		</Unit>
		<Unit filename="../../../addons/ofxUIProject/src/log/Flickr.h">
			<Option virtualFolder="addons/ofxUIProject/src/log" />
		</Unit>
		<Unit filename="../../../addons/ofxUIProject/src/log/md5.cpp">
			<Option virtualFolder="addons/ofxUIProject/src/log" />
		</Unit>
		<Unit filename="../../../addons/ofxUIProject/src/log/md5.h">
			<Option virtualFolder="addons/ofxUIProject/src/log" />
		</Unit>
		<Unit filename="../../../addons/ofxUIProject/src/log/Note.cpp">
			<Option virtualFolder="addons/ofxUIProject/src/log" />
		</Unit>
		<Unit filename="../../../addons/ofxUIProject/src/log/Note.h">
			<Option virtualFolder="addons/ofxUIProject/src/log" />
		</Unit>
		<Unit filename="../../../addons/ofxUIProject/src/log/Recorder.cpp">
			<Option virtualFolder="addons/ofxUIProject/src/log" />
		</Unit>
		<Unit filename="../../../addons/ofxUIProject/src/log/Recorder.h">
			<Option virtualFolder="addons/ofxUIProject/src/log" />
		</Unit>
		<Unit filename="../../../addons/ofxUIProject/src/log/UILog.cpp">
			<Option virtualFolder="addons/ofxUIProject/src/log" />
		</Unit>
		<Unit filename="../../../addons/ofxUIProject/src/log/UILog.h">
			<Option virtualFolder="addons/ofxUIProject/src/log" />
		</Unit>
		<Unit filename="../../../addons/ofxUI/src/ofxUI2DGraph.cpp">
			<Option virtualFolder="addons/ofxUI/src" />
		</Unit>
		<Unit filename="../../../addons/ofxUI/src/ofxUI2DPad.cpp">
			<Option virtualFolder="addons/ofxUI/src" />
		</Unit>
		<Unit filename="../../../addons/ofxUI/src/ofxUIBaseDraws.cpp">
			<Option virtualFolder="addons/ofxUI/src" />
		</Unit>
		<Unit filename="../../../addons/ofxUI/src/ofxUIBiLabelSlider.cpp">
			<Option virtualFolder="addons/ofxUI/src" />
		</Unit>
		<Unit filename="../../../addons/ofxUI/src/ofxUIButton.cpp">
			<Option virtualFolder="addons/ofxUI/src" />
		</Unit>
		<Unit filename="../../../addons/ofxUI/src/ofxUICanvas.cpp">
			<Option virtualFolder="addons/ofxUI/src" />
		</Unit>
		<Unit filename="../../../addons/ofxUI/src/ofxUICircleSlider.cpp">
			<Option virtualFolder="addons/ofxUI/src" />
		</Unit>
		<Unit filename="../../../addons/ofxUI/src/ofxUICustomImageButton.cpp">
			<Option virtualFolder="addons/ofxUI/src" />
		</Unit>
		<Unit filename="../../../addons/ofxUI/src/ofxUIDefines.h">
			<Option virtualFolder="addons/ofxUI/src" />
		</Unit>
		<Unit filename="../../../addons/ofxUI/src/ofxUIDragableLabelButton.cpp">
			<Option virtualFolder="addons/ofxUI/src" />
		</Unit>
		<Unit filename="../../../addons/ofxUI/src/ofxUIDragableLabelButton.h">
			<Option virtualFolder="addons/ofxUI/src" />
		</Unit>
		<Unit filename="../../../addons/ofxUI/src/ofxUIDropDownList.cpp">
			<Option virtualFolder="addons/ofxUI/src" />
		</Unit>
		<Unit filename="../../../addons/ofxUI/src/ofxUIEventArgs.cpp">
			<Option virtualFolder="addons/ofxUI/src" />
		</Unit>
		<Unit filename="../../../addons/ofxUI/src/ofxUIFPS.cpp">
			<Option virtualFolder="addons/ofxUI/src" />
		</Unit>
		<Unit filename="../../../addons/ofxUI/src/ofxUIFPSSlider.cpp">
			<Option virtualFolder="addons/ofxUI/src" />
		</Unit>
		<Unit filename="../../../addons/ofxUI/src/ofxUIImage.cpp">
			<Option virtualFolder="addons/ofxUI/src" />
		</Unit>
		<Unit filename="../../../addons/ofxUI/src/ofxUIImageButton.cpp">
			<Option virtualFolder="addons/ofxUI/src" />
		</Unit>
		<Unit filename="../../../addons/ofxUI/src/ofxUIImageSampler.cpp">
			<Option virtualFolder="addons/ofxUI/src" />
		</Unit>
		<Unit filename="../../../addons/ofxUI/src/ofxUIImageSlider.cpp">
			<Option virtualFolder="addons/ofxUI/src" />
		</Unit>
		<Unit filename="../../../addons/ofxUI/src/ofxUIImageToggle.cpp">
			<Option virtualFolder="addons/ofxUI/src" />
		</Unit>
		<Unit filename="../../../addons/ofxUI/src/ofxUIIntSlider.cpp">
			<Option virtualFolder="addons/ofxUI/src" />
		</Unit>
		<Unit filename="../../../addons/ofxUI/src/ofxUIIntSlider.h">
			<Option virtualFolder="addons/ofxUI/src" />
		</Unit>
		<Unit filename="../../../addons/ofxUI/src/ofxUILabel.cpp">
			<Option virtualFolder="addons/ofxUI/src" />
		</Unit>
		<Unit filename="../../../addons/ofxUI/src/ofxUILabelButton.cpp">
			<Option virtualFolder="addons/ofxUI/src" />
		</Unit>
		<Unit filename="../../../addons/ofxUI/src/ofxUILabelToggle.cpp">
			<Option virtualFolder="addons/ofxUI/src" />
		</Unit>
		<Unit filename="../../../addons/ofxUI/src/ofxUIMinimalSlider.cpp">
			<Option virtualFolder="addons/ofxUI/src" />
		</Unit>
		<Unit filename="../../../addons/ofxUI/src/ofxUIMovingGraph.cpp">
			<Option virtualFolder="addons/ofxUI/src" />
		</Unit>
		<Unit filename="../../../addons/ofxUI/src/ofxUIMultiImageButton.cpp">
			<Option virtualFolder="addons/ofxUI/src" />
		</Unit>
		<Unit filename="../../../addons/ofxUI/src/ofxUIMultiImageToggle.cpp">
			<Option virtualFolder="addons/ofxUI/src" />
		</Unit>
		<Unit filename="../../../addons/ofxUI/src/ofxUINumberDialer.cpp">
			<Option virtualFolder="addons/ofxUI/src" />
		</Unit>
		<Unit filename="../../../addons/ofxUI/src/ofxUIRadio.cpp">
			<Option virtualFolder="addons/ofxUI/src" />
		</Unit>
		<Unit filename="../../../addons/ofxUI/src/ofxUIRangeSlider.cpp">
			<Option virtualFolder="addons/ofxUI/src" />
		</Unit>
		<Unit filename="../../../addons/ofxUI/src/ofxUIRectangle.cpp">
			<Option virtualFolder="addons/ofxUI/src" />
		</Unit>
		<Unit filename="../../../addons/ofxUI/src/ofxUIRotarySlider.cpp">
			<Option virtualFolder="addons/ofxUI/src" />
		</Unit>
		<Unit filename="../../../addons/ofxUI/src/ofxUIScrollableCanvas.cpp">
			<Option virtualFolder="addons/ofxUI/src" />
		</Unit>
		<Unit filename="../../../addons/ofxUI/src/ofxUISlider.cpp">
			<Option virtualFolder="addons/ofxUI/src" />
		</Unit>
		<Unit filename="../../../addons/ofxUI/src/ofxUISortableList.cpp">
			<Option virtualFolder="addons/ofxUI/src" />
		</Unit>
		<Unit filename="../../../addons/ofxUI/src/ofxUISortableList.h">
			<Option virtualFolder="addons/ofxUI/src" />
		</Unit>
		<Unit filename="../../../addons/ofxUI/src/ofxUISpacer.cpp">
			<Option virtualFolder="addons/ofxUI/src" />
		</Unit>
		<Unit filename="../../../addons/ofxUI/src/ofxUISpectrum.cpp">
			<Option virtualFolder="addons/ofxUI/src" />
		</Unit>
		<Unit filename="../../../addons/ofxUI/src/ofxUISuperCanvas.cpp">
			<Option virtualFolder="addons/ofxUI/src" />
		</Unit>
		<Unit filename="../../../addons/ofxUI/src/ofxUITabBar.cpp">
			<Option virtualFolder="addons/ofxUI/src" />
		</Unit>
		<Unit filename="../../../addons/ofxUI/src/ofxUITextArea.cpp">
			<Option virtualFolder="addons/ofxUI/src" />
		</Unit>
		<Unit filename="../../../addons/ofxUI/src/ofxUITextInput.cpp">
			<Option virtualFolder="addons/ofxUI/src" />
		</Unit>
		<Unit filename="../../../addons/ofxUI/src/ofxUIToggle.cpp">
			<Option virtualFolder="addons/ofxUI/src" />
		</Unit>
		<Unit filename="../../../addons/ofxUI/src/ofxUIToggleMatrix.cpp">
			<Option virtualFolder="addons/ofxUI/src" />
		</Unit>
		<Unit filename="../../../addons/ofxUI/src/ofxUIValuePlotter.cpp">
			<Option virtualFolder="addons/ofxUI/src" />
		</Unit>
		<Unit filename="../../../addons/ofxUI/src/ofxUIWaveform.cpp">
			<Option virtualFolder="addons/ofxUI/src" />
		</Unit>
		<Unit filename="../../../addons/ofxUI/src/ofxUIWidget.cpp">
			<Option virtualFolder="addons/ofxUI/src" />
		</Unit>
		<Unit filename="../../../addons/ofxUI/src/ofxUIWidgetWithLabel.cpp">
			<Option virtualFolder="addons/ofxUI/src" />
		</Unit>
		<Unit filename="../../../addons/ofxUI/src/ofxUIWrapper.h">
			<Option virtualFolder="addons/ofxUI/src" />
		</Unit>
		<Unit filename="../../../addons/ofxUIProject/src/background/UIMapBackground.cpp">
			<Option virtualFolder="addons/ofxUIProject/src/background" />
		</Unit>
		<Unit filename="../../../addons/ofxUIProject/src/background/UIMapBackground.h">
			<Option virtualFolder="addons/ofxUIProject/src/background" />
		</Unit>
		<Unit filename="../../../addons/ofxUIProject/src/camera/CameraLocation.h">
			<Option virtualFolder="addons/ofxUIProject/src/camera" />
		</Unit>
		<Unit filename="../../../addons/ofxUIProject/src/camera/UICamera.cpp">
			<Option virtualFolder="addons/ofxUIProject/src/camera" />
		</Unit>
		<Unit filename="../../../addons/ofxUIProject/src/camera/UICamera.h">
			<Option virtualFolder="addons/ofxUIProject/src/camera" />
		</Unit>
		<Unit filename="../../../addons/ofxUIProject/src/camera/UIEasyCam.cpp">
			<Option virtualFolder="addons/ofxUIProject/src/camera" />
		</Unit>
		<Unit filename="../../../addons/ofxUIProject/src/camera/UIEasyCam.h">
			<Option virtualFolder="addons/ofxUIProject/src/camera" />
		</Unit>
		<Unit filename="../../../addons/ofxUIProject/src/camera/UIGameCam.cpp">
			<Option virtualFolder="addons/ofxUIProject/src/camera" />
		</Unit>
		<Unit filename="../../../addons/ofxUIProject/src/camera/UIGameCam.h">
			<Option virtualFolder="addons/ofxUIProject/src/camera" />
		</Unit>
		<Unit filename="../../../addons/ofxUIProject/src/core/BrushedLine.h">
			<Option virtualFolder="addons/ofxUIProject/src/core" />
		</Unit>
		<Unit filename="../../../addons/ofxUIProject/src/core/Cursor.cpp">
			<Option virtualFolder="addons/ofxUIProject/src/core" />
		</Unit>
		<Unit filename="../../../addons/ofxUIProject/src/core/Cursor.h">
			<Option virtualFolder="addons/ofxUIProject/src/core" />
		</Unit>
		<Unit filename="../../../addons/ofxUIProject/src/core/Location.cpp">
			<Option virtualFolder="addons/ofxUIProject/src/core" />
		</Unit>
		<Unit filename="../../../addons/ofxUIProject/src/core/Location.h">
			<Option virtualFolder="addons/ofxUIProject/src/core" />
		</Unit>
		<Unit filename="../../../addons/ofxUIProject/src/system/ConsoleListener.h">
			<Option virtualFolder="addons/ofxUIProject/src/system" />
		</Unit>
		<Unit filename="../../../addons/ofxUIProject/src/system/HotKeys.h">
			<Option virtualFolder="addons/ofxUIProject/src/system" />
		</Unit>
		<Unit filename="../../../addons/ofxUIProject/src/system/HotKeys_impl_linux.cpp">
			<Option virtualFolder="addons/ofxUIProject/src/system" />
		</Unit>
		<Unit filename="../../../addons/ofxUIProject/src/system/HotKeys_impl_mac.mm">
			<Option virtualFolder="addons/ofxUIProject/src/system" />
		</Unit>
		<Unit filename="../../../addons/ofxUIProject/src/system/HotKeys_impl_win.cpp">
			<Option virtualFolder="addons/ofxUIProject/src/system" />
		</Unit>
		<Unit filename="../../../addons/ofxUIProject/src/system/SystemTextbox.h">
			<Option virtualFolder="addons/ofxUIProject/src/system" />
		</Unit>
		<Unit filename="../../../addons/ofxUIProject/src/system/SystemTextbox.mm">
			<Option virtualFolder="addons/ofxUIProject/src/system" />
		</Unit>
	</Project>
</CodeBlocks_project_file>
