// !$*UTF8*$!
{
	archiveVersion = 1;
	classes = {
	};
	objectVersion = 46;
	objects = {

/* Begin PBXBuildFile section */
		11129b71d43d51bc8e785be85a9ab7e5 /* TextBlock.cpp in Sources */ = {isa = PBXBuildFile; fileRef = eebcabd872088cf0008113d956455074 /* TextBlock.cpp */; };
		1201f7e2eb167c73e754f05d40133f5d /* Flock.cpp in Sources */ = {isa = PBXBuildFile; fileRef = 56b12b126084d36d81163502e89d722b /* Flock.cpp */; };
		20a64d7ed966ddcf0bc35ddeca574ecb /* Spring.cpp in Sources */ = {isa = PBXBuildFile; fileRef = 851b82fa1b05afb1c0cc0ad2f49abe74 /* Spring.cpp */; };
		24cd636812540da6c27da9dbfd0f82ce /* Boid.cpp in Sources */ = {isa = PBXBuildFile; fileRef = fa9dd5aefd2f18312e7d95e7891e0c22 /* Boid.cpp */; };
		3748428187310dddffb5a05b1aa96be9 /* TextShape.cpp in Sources */ = {isa = PBXBuildFile; fileRef = d7c0a83e58f2120818b1fe60a7fe203b /* TextShape.cpp */; };
		39102de8d4931869415f07553218bd57 /* VectorField2D.cpp in Sources */ = {isa = PBXBuildFile; fileRef = 970cad2ca05e81c06e525a98081f73de /* VectorField2D.cpp */; };
		3D17357D182926580089C93E /* aColor.cpp in Sources */ = {isa = PBXBuildFile; fileRef = 3D17357B182926580089C93E /* aColor.cpp */; };
		3D508E86182732F500601BD5 /* UI3DGrid.cpp in Sources */ = {isa = PBXBuildFile; fileRef = 3D508E84182732F500601BD5 /* UI3DGrid.cpp */; };
		3D508E891827394400601BD5 /* UI2DGrid.cpp in Sources */ = {isa = PBXBuildFile; fileRef = 3D508E871827394400601BD5 /* UI2DGrid.cpp */; };
		3D92373F18286C38002F6060 /* UICamera.cpp in Sources */ = {isa = PBXBuildFile; fileRef = 3D92373D18286C38002F6060 /* UICamera.cpp */; };
		5a1b05b9062459786cd414ba0d575bfa /* Recorder.cpp in Sources */ = {isa = PBXBuildFile; fileRef = 4717081de3a58a8b448ccce0b2603fe2 /* Recorder.cpp */; };
		5a4349e9754d6fa14c0f2a3a1abc30b6 /* tinyxmlparser.cpp in Sources */ = {isa = PBXBuildFile; fileRef = fc5da1c87211d4f6377da7199d8c5a1e /* tinyxmlparser.cpp */; };
		5d7edf80840f68b1bbbbf193239de93a /* UI3DProject.cpp in Sources */ = {isa = PBXBuildFile; fileRef = 24403beeba436aa176bd5653b36bcdf9 /* UI3DProject.cpp */; };
		636d2481de0f1a2481a31eafec49d8d1 /* ProjectExample.cpp in Sources */ = {isa = PBXBuildFile; fileRef = 6902496c5005749b9e0692dd29dac44f /* ProjectExample.cpp */; };
		63b57ac5bf4ef088491e0317dbb2ecaa /* ofxXmlSettings.cpp in Sources */ = {isa = PBXBuildFile; fileRef = 50df87d612c5aae17aafa6c02c6bc570 /* ofxXmlSettings.cpp */; };
		66232392d8bafadd73d6fb46e40d2dd4 /* UIShader.cpp in Sources */ = {isa = PBXBuildFile; fileRef = f84c0d38b417b1653a5bb5da0f322507 /* UIShader.cpp */; };
		70812ec5d4532119d652b19e7a7b4aab /* UIText.cpp in Sources */ = {isa = PBXBuildFile; fileRef = 58f4baf6f98e9e3a0e3ee1bc4a561362 /* UIText.cpp */; };
		74f26d570b11019556fb2d69e741f360 /* SuperParticle.cpp in Sources */ = {isa = PBXBuildFile; fileRef = 5e529e2c82fcd73d115bb52d26e7a401 /* SuperParticle.cpp */; };
		7caf3ae440760530f4a24ddebaeb4f1c /* UIMaterial.cpp in Sources */ = {isa = PBXBuildFile; fileRef = 50f4e17d169c8bc50b1f3b0f3f2b1aff /* UIMaterial.cpp */; };
		846a4dfa13b504ba5a646805b1764db4 /* UIBackground.cpp in Sources */ = {isa = PBXBuildFile; fileRef = 6b7022e8f8aafe6a26a1f79ca3cc2273 /* UIBackground.cpp */; };
		8a8d0b0c5641725bd3b59e6ea66fe192 /* Grid.cpp in Sources */ = {isa = PBXBuildFile; fileRef = 32fa0a7095256e3744900a394c912dab /* Grid.cpp */; };
		92705bbb1758fbec6b72299ee6eef2f7 /* Particle.cpp in Sources */ = {isa = PBXBuildFile; fileRef = 1e6428ac3cde00e4545df67be622882e /* Particle.cpp */; };
		9316dd9c0e2c814e402b0d2b68c24927 /* UIFog.cpp in Sources */ = {isa = PBXBuildFile; fileRef = a1e7a7f265682a1f56d0feb629a93e77 /* UIFog.cpp */; };
		933a2227713c720ceff80fd967d0a8ee /* tinyxml.cpp in Sources */ = {isa = PBXBuildFile; fileRef = 2b40eda85beb63e46785bc299a638898 /* tinyxml.cpp */; };
		9d44dc88ef9e7991b4a09951e2e4769f /* tinyxmlerror.cpp in Sources */ = {isa = PBXBuildFile; fileRef = 832bdc407620cdba568b713d2252c43c /* tinyxmlerror.cpp */; };
		9ee2f1ff53c01cb930b4f479efcdf6ba /* Flickr.cpp in Sources */ = {isa = PBXBuildFile; fileRef = 549c1ef5aa052e918ff370324cdb83e1 /* Flickr.cpp */; };
		BBAB23CB13894F3D00AA2426 /* GLUT.framework in CopyFiles */ = {isa = PBXBuildFile; fileRef = BBAB23BE13894E4700AA2426 /* GLUT.framework */; };
		E4328149138ABC9F0047C5CB /* openFrameworksDebug.a in Frameworks */ = {isa = PBXBuildFile; fileRef = E4328148138ABC890047C5CB /* openFrameworksDebug.a */; };
		E45BE97B0E8CC7DD009D7055 /* AGL.framework in Frameworks */ = {isa = PBXBuildFile; fileRef = E45BE9710E8CC7DD009D7055 /* AGL.framework */; };
		E45BE97C0E8CC7DD009D7055 /* ApplicationServices.framework in Frameworks */ = {isa = PBXBuildFile; fileRef = E45BE9720E8CC7DD009D7055 /* ApplicationServices.framework */; };
		E45BE97D0E8CC7DD009D7055 /* AudioToolbox.framework in Frameworks */ = {isa = PBXBuildFile; fileRef = E45BE9730E8CC7DD009D7055 /* AudioToolbox.framework */; };
		E45BE97E0E8CC7DD009D7055 /* Carbon.framework in Frameworks */ = {isa = PBXBuildFile; fileRef = E45BE9740E8CC7DD009D7055 /* Carbon.framework */; };
		E45BE97F0E8CC7DD009D7055 /* CoreAudio.framework in Frameworks */ = {isa = PBXBuildFile; fileRef = E45BE9750E8CC7DD009D7055 /* CoreAudio.framework */; };
		E45BE9800E8CC7DD009D7055 /* CoreFoundation.framework in Frameworks */ = {isa = PBXBuildFile; fileRef = E45BE9760E8CC7DD009D7055 /* CoreFoundation.framework */; };
		E45BE9810E8CC7DD009D7055 /* CoreServices.framework in Frameworks */ = {isa = PBXBuildFile; fileRef = E45BE9770E8CC7DD009D7055 /* CoreServices.framework */; };
		E45BE9830E8CC7DD009D7055 /* OpenGL.framework in Frameworks */ = {isa = PBXBuildFile; fileRef = E45BE9790E8CC7DD009D7055 /* OpenGL.framework */; };
		E45BE9840E8CC7DD009D7055 /* QuickTime.framework in Frameworks */ = {isa = PBXBuildFile; fileRef = E45BE97A0E8CC7DD009D7055 /* QuickTime.framework */; };
		E4B69E200A3A1BDC003C02F2 /* main.cpp in Sources */ = {isa = PBXBuildFile; fileRef = E4B69E1D0A3A1BDC003C02F2 /* main.cpp */; };
		E4B69E210A3A1BDC003C02F2 /* ofApp.cpp in Sources */ = {isa = PBXBuildFile; fileRef = E4B69E1E0A3A1BDC003C02F2 /* ofApp.cpp */; };
		E4C2424710CC5A17004149E2 /* AppKit.framework in Frameworks */ = {isa = PBXBuildFile; fileRef = E4C2424410CC5A17004149E2 /* AppKit.framework */; };
		E4C2424810CC5A17004149E2 /* Cocoa.framework in Frameworks */ = {isa = PBXBuildFile; fileRef = E4C2424510CC5A17004149E2 /* Cocoa.framework */; };
		E4C2424910CC5A17004149E2 /* IOKit.framework in Frameworks */ = {isa = PBXBuildFile; fileRef = E4C2424610CC5A17004149E2 /* IOKit.framework */; };
		E4EB6799138ADC1D00A09F29 /* GLUT.framework in Frameworks */ = {isa = PBXBuildFile; fileRef = BBAB23BE13894E4700AA2426 /* GLUT.framework */; };
		E7E077E515D3B63C0020DFD4 /* CoreVideo.framework in Frameworks */ = {isa = PBXBuildFile; fileRef = E7E077E415D3B63C0020DFD4 /* CoreVideo.framework */; };
		E7E077E815D3B6510020DFD4 /* QTKit.framework in Frameworks */ = {isa = PBXBuildFile; fileRef = E7E077E715D3B6510020DFD4 /* QTKit.framework */; };
		E7F985F815E0DEA3003869B5 /* Accelerate.framework in Frameworks */ = {isa = PBXBuildFile; fileRef = E7F985F515E0DE99003869B5 /* Accelerate.framework */; };
		a2157834761feb0a13639b88b47e19f9 /* UISuperBackground.cpp in Sources */ = {isa = PBXBuildFile; fileRef = 5b18d4bac8d493b40f9f18eae12aaf8a /* UISuperBackground.cpp */; };
		a5edd4727313699b97264232d4695b14 /* UIShell.cpp in Sources */ = {isa = PBXBuildFile; fileRef = 07a3d617d58163c4cce1bc2350805c5d /* UIShell.cpp */; };
		ad7303fe104946424610590a4805c07e /* TextArc.cpp in Sources */ = {isa = PBXBuildFile; fileRef = 6af5cc3c6fe992c4824ff29163fe849e /* TextArc.cpp */; };
		af50c824294abe5cb6135df1ca079d8d /* md5.cpp in Sources */ = {isa = PBXBuildFile; fileRef = 3e8e40167d6c3c4dc3b9546a83b2add1 /* md5.cpp */; };
		b2c03436e3b61f5881013b24d6eb085d /* UI2DProject.cpp in Sources */ = {isa = PBXBuildFile; fileRef = 8a2479b6c5c0dfec22f06342e32884a2 /* UI2DProject.cpp */; };
		e34df0f08ae23dc9eca1cbe59b3e2bce /* UILight.cpp in Sources */ = {isa = PBXBuildFile; fileRef = cb5e3546975a012c89a2d843165df649 /* UILight.cpp */; };
		e3c2755fc6018ea825d0f97815cce1ea /* UIClass.cpp in Sources */ = {isa = PBXBuildFile; fileRef = d48670cbcd25026071c713971ea7ceb5 /* UIClass.cpp */; };
		e96489fe3c0ca1b22d74549dcc4fc1a8 /* DraggableRectangle.cpp in Sources */ = {isa = PBXBuildFile; fileRef = e4ae7f43389ee1dfd248e3db2f1e1532 /* DraggableRectangle.cpp */; };
/* End PBXBuildFile section */

/* Begin PBXContainerItemProxy section */
		E4328147138ABC890047C5CB /* PBXContainerItemProxy */ = {
			isa = PBXContainerItemProxy;
			containerPortal = E4328143138ABC890047C5CB /* openFrameworksLib.xcodeproj */;
			proxyType = 2;
			remoteGlobalIDString = E4B27C1510CBEB8E00536013;
			remoteInfo = openFrameworks;
		};
		E4EEB9AB138B136A00A80321 /* PBXContainerItemProxy */ = {
			isa = PBXContainerItemProxy;
			containerPortal = E4328143138ABC890047C5CB /* openFrameworksLib.xcodeproj */;
			proxyType = 1;
			remoteGlobalIDString = E4B27C1410CBEB8E00536013;
			remoteInfo = openFrameworks;
		};
/* End PBXContainerItemProxy section */

/* Begin PBXCopyFilesBuildPhase section */
		E4C2427710CC5ABF004149E2 /* CopyFiles */ = {
			isa = PBXCopyFilesBuildPhase;
			buildActionMask = 2147483647;
			dstPath = "";
			dstSubfolderSpec = 10;
			files = (
				BBAB23CB13894F3D00AA2426 /* GLUT.framework in CopyFiles */,
			);
			runOnlyForDeploymentPostprocessing = 0;
		};
/* End PBXCopyFilesBuildPhase section */

/* Begin PBXFileReference section */
		01dcc0911400f9acf5b65578af4ec8f9 /* ofxXmlSettings.h */ = {isa = PBXFileReference; explicitFileType = sourcecode.c.h; fileEncoding = 30; name = ofxXmlSettings.h; path = ../../../addons/ofxXmlSettings/src/ofxXmlSettings.h; sourceTree = SOURCE_ROOT; };
		02677fa320d6c63b228a7562514b9d55 /* ofxUIWidgetWithLabel.h */ = {isa = PBXFileReference; explicitFileType = sourcecode.c.h; fileEncoding = 30; name = ofxUIWidgetWithLabel.h; path = ../../../addons/ofxUI/src/ofxUIWidgetWithLabel.h; sourceTree = SOURCE_ROOT; };
		07a3d617d58163c4cce1bc2350805c5d /* UIShell.cpp */ = {isa = PBXFileReference; explicitFileType = sourcecode.cpp.cpp; fileEncoding = 30; name = UIShell.cpp; path = ../../../addons/ofxUIProject/src/simulators/UIShell.cpp; sourceTree = SOURCE_ROOT; };
		15c99204ff4d8d72ad034b63f410265d /* ofxUINumberDialer.h */ = {isa = PBXFileReference; explicitFileType = sourcecode.c.h; fileEncoding = 30; name = ofxUINumberDialer.h; path = ../../../addons/ofxUI/src/ofxUINumberDialer.h; sourceTree = SOURCE_ROOT; };
		15e69017b5db282ef100ee15e7bce594 /* ofxUICustomImageButton.h */ = {isa = PBXFileReference; explicitFileType = sourcecode.c.h; fileEncoding = 30; name = ofxUICustomImageButton.h; path = ../../../addons/ofxUI/src/ofxUICustomImageButton.h; sourceTree = SOURCE_ROOT; };
		1902452f5e510a2dbc1e5bd6d62db983 /* ofxUIMultiImageToggle.h */ = {isa = PBXFileReference; explicitFileType = sourcecode.c.h; fileEncoding = 30; name = ofxUIMultiImageToggle.h; path = ../../../addons/ofxUI/src/ofxUIMultiImageToggle.h; sourceTree = SOURCE_ROOT; };
		1c43cdb79bf40ea7424b96804209f474 /* ofxUISuperCanvas.h */ = {isa = PBXFileReference; explicitFileType = sourcecode.c.h; fileEncoding = 30; name = ofxUISuperCanvas.h; path = ../../../addons/ofxUI/src/ofxUISuperCanvas.h; sourceTree = SOURCE_ROOT; };
		1e29c7e8c47e3e2db1c5876646df436b /* ofxUIRectangle.h */ = {isa = PBXFileReference; explicitFileType = sourcecode.c.h; fileEncoding = 30; name = ofxUIRectangle.h; path = ../../../addons/ofxUI/src/ofxUIRectangle.h; sourceTree = SOURCE_ROOT; };
		1e6428ac3cde00e4545df67be622882e /* Particle.cpp */ = {isa = PBXFileReference; explicitFileType = sourcecode.cpp.cpp; fileEncoding = 30; name = Particle.cpp; path = ../../../addons/ofxUIProject/src/simulators/Particle.cpp; sourceTree = SOURCE_ROOT; };
		1fe6569ec87ffa95dbb30506c327fdae /* SuperParticle.h */ = {isa = PBXFileReference; explicitFileType = sourcecode.c.h; fileEncoding = 30; name = SuperParticle.h; path = ../../../addons/ofxUIProject/src/simulators/SuperParticle.h; sourceTree = SOURCE_ROOT; };
		24403beeba436aa176bd5653b36bcdf9 /* UI3DProject.cpp */ = {isa = PBXFileReference; explicitFileType = sourcecode.cpp.cpp; fileEncoding = 30; name = UI3DProject.cpp; path = ../../../addons/ofxUIProject/src/UI3DProject.cpp; sourceTree = SOURCE_ROOT; };
		2485b0bfa66b5e4fa5af3fab12ccc8de /* Spring.h */ = {isa = PBXFileReference; explicitFileType = sourcecode.c.h; fileEncoding = 30; name = Spring.h; path = ../../../addons/ofxUIProject/src/simulators/Spring.h; sourceTree = SOURCE_ROOT; };
		2629ea38046427c2d8c6e8040ec47000 /* Particle.h */ = {isa = PBXFileReference; explicitFileType = sourcecode.c.h; fileEncoding = 30; name = Particle.h; path = ../../../addons/ofxUIProject/src/simulators/Particle.h; sourceTree = SOURCE_ROOT; };
		28d516cb52500a2a7a3f4e74115365da /* UIMaterial.h */ = {isa = PBXFileReference; explicitFileType = sourcecode.c.h; fileEncoding = 30; name = UIMaterial.h; path = ../../../addons/ofxUIProject/src/gl/UIMaterial.h; sourceTree = SOURCE_ROOT; };
		2b40eda85beb63e46785bc299a638898 /* tinyxml.cpp */ = {isa = PBXFileReference; explicitFileType = sourcecode.cpp.cpp; fileEncoding = 30; name = tinyxml.cpp; path = ../../../addons/ofxXmlSettings/libs/tinyxml.cpp; sourceTree = SOURCE_ROOT; };
		2d394124f88f348aa4142dcfb64b4bd1 /* ofxUIImageToggle.h */ = {isa = PBXFileReference; explicitFileType = sourcecode.c.h; fileEncoding = 30; name = ofxUIImageToggle.h; path = ../../../addons/ofxUI/src/ofxUIImageToggle.h; sourceTree = SOURCE_ROOT; };
		2dd185513a2875ec8a07867018e8bd02 /* ofxUIBiLabelSlider.h */ = {isa = PBXFileReference; explicitFileType = sourcecode.c.h; fileEncoding = 30; name = ofxUIBiLabelSlider.h; path = ../../../addons/ofxUI/src/ofxUIBiLabelSlider.h; sourceTree = SOURCE_ROOT; };
		32bd050a579633adbca5af6b202f651b /* ofxUIWidget.h */ = {isa = PBXFileReference; explicitFileType = sourcecode.c.h; fileEncoding = 30; name = ofxUIWidget.h; path = ../../../addons/ofxUI/src/ofxUIWidget.h; sourceTree = SOURCE_ROOT; };
		32fa0a7095256e3744900a394c912dab /* Grid.cpp */ = {isa = PBXFileReference; explicitFileType = sourcecode.cpp.cpp; fileEncoding = 30; name = Grid.cpp; path = ../../../addons/ofxUIProject/src/grids/Grid.cpp; sourceTree = SOURCE_ROOT; };
		334840ca6b3402c8c30cac4e645376bb /* ofxUIOFWrapper.h */ = {isa = PBXFileReference; explicitFileType = sourcecode.c.h; fileEncoding = 30; name = ofxUIOFWrapper.h; path = ../../../addons/ofxUI/src/ofxUIOFWrapper.h; sourceTree = SOURCE_ROOT; };
		3563ffe2a3d47ac1c8d4769007ea5fe8 /* md5.h */ = {isa = PBXFileReference; explicitFileType = sourcecode.c.h; fileEncoding = 30; name = md5.h; path = ../../../addons/ofxUIProject/src/helpers/md5.h; sourceTree = SOURCE_ROOT; };
		3D17357B182926580089C93E /* aColor.cpp */ = {isa = PBXFileReference; fileEncoding = 4; lastKnownFileType = sourcecode.cpp.cpp; name = aColor.cpp; path = ../src/helpers/aColor.cpp; sourceTree = "<group>"; };
		3D17357C182926580089C93E /* aColor.h */ = {isa = PBXFileReference; fileEncoding = 4; lastKnownFileType = sourcecode.c.h; name = aColor.h; path = ../src/helpers/aColor.h; sourceTree = "<group>"; };
		3D508E84182732F500601BD5 /* UI3DGrid.cpp */ = {isa = PBXFileReference; fileEncoding = 4; lastKnownFileType = sourcecode.cpp.cpp; name = UI3DGrid.cpp; path = ../src/grids/UI3DGrid.cpp; sourceTree = "<group>"; };
		3D508E85182732F500601BD5 /* UI3DGrid.h */ = {isa = PBXFileReference; fileEncoding = 4; lastKnownFileType = sourcecode.c.h; name = UI3DGrid.h; path = ../src/grids/UI3DGrid.h; sourceTree = "<group>"; };
		3D508E871827394400601BD5 /* UI2DGrid.cpp */ = {isa = PBXFileReference; fileEncoding = 4; lastKnownFileType = sourcecode.cpp.cpp; name = UI2DGrid.cpp; path = ../src/grids/UI2DGrid.cpp; sourceTree = "<group>"; };
		3D508E881827394400601BD5 /* UI2DGrid.h */ = {isa = PBXFileReference; fileEncoding = 4; lastKnownFileType = sourcecode.c.h; name = UI2DGrid.h; path = ../src/grids/UI2DGrid.h; sourceTree = "<group>"; };
		3D92373D18286C38002F6060 /* UICamera.cpp */ = {isa = PBXFileReference; fileEncoding = 4; lastKnownFileType = sourcecode.cpp.cpp; name = UICamera.cpp; path = ../src/gl/UICamera.cpp; sourceTree = "<group>"; };
		3D92373E18286C38002F6060 /* UICamera.h */ = {isa = PBXFileReference; fileEncoding = 4; lastKnownFileType = sourcecode.c.h; name = UICamera.h; path = ../src/gl/UICamera.h; sourceTree = "<group>"; };
		3b1e218bb487735b3b3c780d9b5f1836 /* UILight.h */ = {isa = PBXFileReference; explicitFileType = sourcecode.c.h; fileEncoding = 30; name = UILight.h; path = ../../../addons/ofxUIProject/src/gl/UILight.h; sourceTree = SOURCE_ROOT; };
		3d09afbd7fae4c7994f70bc164775032 /* UI2DProject.h */ = {isa = PBXFileReference; explicitFileType = sourcecode.c.h; fileEncoding = 30; name = UI2DProject.h; path = ../../../addons/ofxUIProject/src/UI2DProject.h; sourceTree = SOURCE_ROOT; };
		3e8e40167d6c3c4dc3b9546a83b2add1 /* md5.cpp */ = {isa = PBXFileReference; explicitFileType = sourcecode.cpp.cpp; fileEncoding = 30; name = md5.cpp; path = ../../../addons/ofxUIProject/src/helpers/md5.cpp; sourceTree = SOURCE_ROOT; };
		4117b8c24d49837d3df9c23bd2405bdc /* ofxUIToggle.h */ = {isa = PBXFileReference; explicitFileType = sourcecode.c.h; fileEncoding = 30; name = ofxUIToggle.h; path = ../../../addons/ofxUI/src/ofxUIToggle.h; sourceTree = SOURCE_ROOT; };
		431d6bbf1ef545b203e4cae1dda8512f /* ofxUIMultiImageSlider.h */ = {isa = PBXFileReference; explicitFileType = sourcecode.c.h; fileEncoding = 30; name = ofxUIMultiImageSlider.h; path = ../../../addons/ofxUI/src/ofxUIMultiImageSlider.h; sourceTree = SOURCE_ROOT; };
		4473bc7d4779ec6979fcfba597d2bbfd /* TextShape.h */ = {isa = PBXFileReference; explicitFileType = sourcecode.c.h; fileEncoding = 30; name = TextShape.h; path = ../../../addons/ofxUIProject/src/text/TextShape.h; sourceTree = SOURCE_ROOT; };
		470b5d2ac2f616d10b2e6025718527c8 /* ofxUISlider.h */ = {isa = PBXFileReference; explicitFileType = sourcecode.c.h; fileEncoding = 30; name = ofxUISlider.h; path = ../../../addons/ofxUI/src/ofxUISlider.h; sourceTree = SOURCE_ROOT; };
		4717081de3a58a8b448ccce0b2603fe2 /* Recorder.cpp */ = {isa = PBXFileReference; explicitFileType = sourcecode.cpp.cpp; fileEncoding = 30; name = Recorder.cpp; path = ../../../addons/ofxUIProject/src/helpers/Recorder.cpp; sourceTree = SOURCE_ROOT; };
		485c3974da299d497ef41257d050ea76 /* GridCross.h */ = {isa = PBXFileReference; explicitFileType = sourcecode.c.h; fileEncoding = 30; name = GridCross.h; path = ../../../addons/ofxUIProject/src/grids/GridCross.h; sourceTree = SOURCE_ROOT; };
		4aea0d08c3b0323fedc8d9749c9217ea /* ofxUIImageSampler.h */ = {isa = PBXFileReference; explicitFileType = sourcecode.c.h; fileEncoding = 30; name = ofxUIImageSampler.h; path = ../../../addons/ofxUI/src/ofxUIImageSampler.h; sourceTree = SOURCE_ROOT; };
		4c9b919b991b4e45bc5dc0dbf09c9904 /* ofxUIRadio.h */ = {isa = PBXFileReference; explicitFileType = sourcecode.c.h; fileEncoding = 30; name = ofxUIRadio.h; path = ../../../addons/ofxUI/src/ofxUIRadio.h; sourceTree = SOURCE_ROOT; };
		4ed7bc3af72f6be8f0917a303bedb573 /* ofxUIImage.h */ = {isa = PBXFileReference; explicitFileType = sourcecode.c.h; fileEncoding = 30; name = ofxUIImage.h; path = ../../../addons/ofxUI/src/ofxUIImage.h; sourceTree = SOURCE_ROOT; };
		4ff2f2d5a01ada37a9ade20fb41e7560 /* ofxUICanvas.h */ = {isa = PBXFileReference; explicitFileType = sourcecode.c.h; fileEncoding = 30; name = ofxUICanvas.h; path = ../../../addons/ofxUI/src/ofxUICanvas.h; sourceTree = SOURCE_ROOT; };
		50df87d612c5aae17aafa6c02c6bc570 /* ofxXmlSettings.cpp */ = {isa = PBXFileReference; explicitFileType = sourcecode.cpp.cpp; fileEncoding = 30; name = ofxXmlSettings.cpp; path = ../../../addons/ofxXmlSettings/src/ofxXmlSettings.cpp; sourceTree = SOURCE_ROOT; };
		50f4e17d169c8bc50b1f3b0f3f2b1aff /* UIMaterial.cpp */ = {isa = PBXFileReference; explicitFileType = sourcecode.cpp.cpp; fileEncoding = 30; name = UIMaterial.cpp; path = ../../../addons/ofxUIProject/src/gl/UIMaterial.cpp; sourceTree = SOURCE_ROOT; };
		531d8d09739d338239967b3a215e9cfd /* ofxUIDropDownList.h */ = {isa = PBXFileReference; explicitFileType = sourcecode.c.h; fileEncoding = 30; name = ofxUIDropDownList.h; path = ../../../addons/ofxUI/src/ofxUIDropDownList.h; sourceTree = SOURCE_ROOT; };
		549c1ef5aa052e918ff370324cdb83e1 /* Flickr.cpp */ = {isa = PBXFileReference; explicitFileType = sourcecode.cpp.cpp; fileEncoding = 30; name = Flickr.cpp; path = ../../../addons/ofxUIProject/src/helpers/Flickr.cpp; sourceTree = SOURCE_ROOT; };
		56b12b126084d36d81163502e89d722b /* Flock.cpp */ = {isa = PBXFileReference; explicitFileType = sourcecode.cpp.cpp; fileEncoding = 30; name = Flock.cpp; path = ../../../addons/ofxUIProject/src/simulators/Flock.cpp; sourceTree = SOURCE_ROOT; };
		58f4baf6f98e9e3a0e3ee1bc4a561362 /* UIText.cpp */ = {isa = PBXFileReference; explicitFileType = sourcecode.cpp.cpp; fileEncoding = 30; name = UIText.cpp; path = ../../../addons/ofxUIProject/src/text/UIText.cpp; sourceTree = SOURCE_ROOT; };
		5b18d4bac8d493b40f9f18eae12aaf8a /* UISuperBackground.cpp */ = {isa = PBXFileReference; explicitFileType = sourcecode.cpp.cpp; fileEncoding = 30; name = UISuperBackground.cpp; path = ../../../addons/ofxUIProject/src/background/UISuperBackground.cpp; sourceTree = SOURCE_ROOT; };
		5c48e3511951bb86fa9aa6420fa60cf9 /* ofxUIMovingGraph.h */ = {isa = PBXFileReference; explicitFileType = sourcecode.c.h; fileEncoding = 30; name = ofxUIMovingGraph.h; path = ../../../addons/ofxUI/src/ofxUIMovingGraph.h; sourceTree = SOURCE_ROOT; };
		5e529e2c82fcd73d115bb52d26e7a401 /* SuperParticle.cpp */ = {isa = PBXFileReference; explicitFileType = sourcecode.cpp.cpp; fileEncoding = 30; name = SuperParticle.cpp; path = ../../../addons/ofxUIProject/src/simulators/SuperParticle.cpp; sourceTree = SOURCE_ROOT; };
		61fd02dd478cc42cc8f31bd40ee9661b /* GridBox.h */ = {isa = PBXFileReference; explicitFileType = sourcecode.c.h; fileEncoding = 30; name = GridBox.h; path = ../../../addons/ofxUIProject/src/grids/GridBox.h; sourceTree = SOURCE_ROOT; };
		6248640c06b47042bb5bd3f21e730c74 /* ofxUILabelToggle.h */ = {isa = PBXFileReference; explicitFileType = sourcecode.c.h; fileEncoding = 30; name = ofxUILabelToggle.h; path = ../../../addons/ofxUI/src/ofxUILabelToggle.h; sourceTree = SOURCE_ROOT; };
		64c6f7ad018ffd34c7abb6f2a2c0cec0 /* ofxUI.h */ = {isa = PBXFileReference; explicitFileType = sourcecode.c.h; fileEncoding = 30; name = ofxUI.h; path = ../../../addons/ofxUI/src/ofxUI.h; sourceTree = SOURCE_ROOT; };
		653cfae31336daa04b1f15031ae14c2b /* ofxUI2DGraph.h */ = {isa = PBXFileReference; explicitFileType = sourcecode.c.h; fileEncoding = 30; name = ofxUI2DGraph.h; path = ../../../addons/ofxUI/src/ofxUI2DGraph.h; sourceTree = SOURCE_ROOT; };
		664d65407be633c038fa9498bcf62aa7 /* ofxUIFPSSlider.h */ = {isa = PBXFileReference; explicitFileType = sourcecode.c.h; fileEncoding = 30; name = ofxUIFPSSlider.h; path = ../../../addons/ofxUI/src/ofxUIFPSSlider.h; sourceTree = SOURCE_ROOT; };
		6902496c5005749b9e0692dd29dac44f /* ProjectExample.cpp */ = {isa = PBXFileReference; explicitFileType = sourcecode.cpp.cpp; fileEncoding = 30; name = ProjectExample.cpp; path = src/ProjectExample.cpp; sourceTree = SOURCE_ROOT; };
		6af5cc3c6fe992c4824ff29163fe849e /* TextArc.cpp */ = {isa = PBXFileReference; explicitFileType = sourcecode.cpp.cpp; fileEncoding = 30; name = TextArc.cpp; path = ../../../addons/ofxUIProject/src/text/TextArc.cpp; sourceTree = SOURCE_ROOT; };
		6b7022e8f8aafe6a26a1f79ca3cc2273 /* UIBackground.cpp */ = {isa = PBXFileReference; explicitFileType = sourcecode.cpp.cpp; fileEncoding = 30; name = UIBackground.cpp; path = ../../../addons/ofxUIProject/src/background/UIBackground.cpp; sourceTree = SOURCE_ROOT; };
		6e5dc86f121b9ca45bbc4252fd6b27ff /* UIText.h */ = {isa = PBXFileReference; explicitFileType = sourcecode.c.h; fileEncoding = 30; name = UIText.h; path = ../../../addons/ofxUIProject/src/text/UIText.h; sourceTree = SOURCE_ROOT; };
		7feef1b943d6492abc456b93083b140a /* UI3DProject.h */ = {isa = PBXFileReference; explicitFileType = sourcecode.c.h; fileEncoding = 30; name = UI3DProject.h; path = ../../../addons/ofxUIProject/src/UI3DProject.h; sourceTree = SOURCE_ROOT; };
		8178eb9aa3c0268331af3af347ca9d15 /* ofxUIToggleMatrix.h */ = {isa = PBXFileReference; explicitFileType = sourcecode.c.h; fileEncoding = 30; name = ofxUIToggleMatrix.h; path = ../../../addons/ofxUI/src/ofxUIToggleMatrix.h; sourceTree = SOURCE_ROOT; };
		832bdc407620cdba568b713d2252c43c /* tinyxmlerror.cpp */ = {isa = PBXFileReference; explicitFileType = sourcecode.cpp.cpp; fileEncoding = 30; name = tinyxmlerror.cpp; path = ../../../addons/ofxXmlSettings/libs/tinyxmlerror.cpp; sourceTree = SOURCE_ROOT; };
		851b82fa1b05afb1c0cc0ad2f49abe74 /* Spring.cpp */ = {isa = PBXFileReference; explicitFileType = sourcecode.cpp.cpp; fileEncoding = 30; name = Spring.cpp; path = ../../../addons/ofxUIProject/src/simulators/Spring.cpp; sourceTree = SOURCE_ROOT; };
		856bf5ab0322d0689ee63829f6f27a37 /* ofxUIRangeSlider.h */ = {isa = PBXFileReference; explicitFileType = sourcecode.c.h; fileEncoding = 30; name = ofxUIRangeSlider.h; path = ../../../addons/ofxUI/src/ofxUIRangeSlider.h; sourceTree = SOURCE_ROOT; };
		87035efe3d4427294d4d133810790c85 /* ofxUIUtils.h */ = {isa = PBXFileReference; explicitFileType = sourcecode.c.h; fileEncoding = 30; name = ofxUIUtils.h; path = ../../../addons/ofxUI/src/ofxUIUtils.h; sourceTree = SOURCE_ROOT; };
		885850b62fad08eb1d2f0bf4a56e5e01 /* ofxUIRotarySlider.h */ = {isa = PBXFileReference; explicitFileType = sourcecode.c.h; fileEncoding = 30; name = ofxUIRotarySlider.h; path = ../../../addons/ofxUI/src/ofxUIRotarySlider.h; sourceTree = SOURCE_ROOT; };
		8a2479b6c5c0dfec22f06342e32884a2 /* UI2DProject.cpp */ = {isa = PBXFileReference; explicitFileType = sourcecode.cpp.cpp; fileEncoding = 30; name = UI2DProject.cpp; path = ../../../addons/ofxUIProject/src/UI2DProject.cpp; sourceTree = SOURCE_ROOT; };
		954e1109e35a5924b898f4c2513a7026 /* UIFog.h */ = {isa = PBXFileReference; explicitFileType = sourcecode.c.h; fileEncoding = 30; name = UIFog.h; path = ../../../addons/ofxUIProject/src/gl/UIFog.h; sourceTree = SOURCE_ROOT; };
		961de8b564ef22e65c9480ae3fc5936a /* ofxUI2DPad.h */ = {isa = PBXFileReference; explicitFileType = sourcecode.c.h; fileEncoding = 30; name = ofxUI2DPad.h; path = ../../../addons/ofxUI/src/ofxUI2DPad.h; sourceTree = SOURCE_ROOT; };
		970cad2ca05e81c06e525a98081f73de /* VectorField2D.cpp */ = {isa = PBXFileReference; explicitFileType = sourcecode.cpp.cpp; fileEncoding = 30; name = VectorField2D.cpp; path = ../../../addons/ofxUIProject/src/simulators/VectorField2D.cpp; sourceTree = SOURCE_ROOT; };
		9c2601b9fda83cb8dacefa4fd7d233de /* Extruder.h */ = {isa = PBXFileReference; explicitFileType = sourcecode.c.h; fileEncoding = 30; name = Extruder.h; path = ../../../addons/ofxUIProject/src/simulators/Extruder.h; sourceTree = SOURCE_ROOT; };
		BBAB23BE13894E4700AA2426 /* GLUT.framework */ = {isa = PBXFileReference; lastKnownFileType = wrapper.framework; name = GLUT.framework; path = ../../../libs/glut/lib/osx/GLUT.framework; sourceTree = "<group>"; };
		E4328143138ABC890047C5CB /* openFrameworksLib.xcodeproj */ = {isa = PBXFileReference; lastKnownFileType = "wrapper.pb-project"; name = openFrameworksLib.xcodeproj; path = ../../../libs/openFrameworksCompiled/project/osx/openFrameworksLib.xcodeproj; sourceTree = SOURCE_ROOT; };
		E45BE9710E8CC7DD009D7055 /* AGL.framework */ = {isa = PBXFileReference; lastKnownFileType = wrapper.framework; name = AGL.framework; path = /System/Library/Frameworks/AGL.framework; sourceTree = "<absolute>"; };
		E45BE9720E8CC7DD009D7055 /* ApplicationServices.framework */ = {isa = PBXFileReference; lastKnownFileType = wrapper.framework; name = ApplicationServices.framework; path = /System/Library/Frameworks/ApplicationServices.framework; sourceTree = "<absolute>"; };
		E45BE9730E8CC7DD009D7055 /* AudioToolbox.framework */ = {isa = PBXFileReference; lastKnownFileType = wrapper.framework; name = AudioToolbox.framework; path = /System/Library/Frameworks/AudioToolbox.framework; sourceTree = "<absolute>"; };
		E45BE9740E8CC7DD009D7055 /* Carbon.framework */ = {isa = PBXFileReference; lastKnownFileType = wrapper.framework; name = Carbon.framework; path = /System/Library/Frameworks/Carbon.framework; sourceTree = "<absolute>"; };
		E45BE9750E8CC7DD009D7055 /* CoreAudio.framework */ = {isa = PBXFileReference; lastKnownFileType = wrapper.framework; name = CoreAudio.framework; path = /System/Library/Frameworks/CoreAudio.framework; sourceTree = "<absolute>"; };
		E45BE9760E8CC7DD009D7055 /* CoreFoundation.framework */ = {isa = PBXFileReference; lastKnownFileType = wrapper.framework; name = CoreFoundation.framework; path = /System/Library/Frameworks/CoreFoundation.framework; sourceTree = "<absolute>"; };
		E45BE9770E8CC7DD009D7055 /* CoreServices.framework */ = {isa = PBXFileReference; lastKnownFileType = wrapper.framework; name = CoreServices.framework; path = /System/Library/Frameworks/CoreServices.framework; sourceTree = "<absolute>"; };
		E45BE9790E8CC7DD009D7055 /* OpenGL.framework */ = {isa = PBXFileReference; lastKnownFileType = wrapper.framework; name = OpenGL.framework; path = /System/Library/Frameworks/OpenGL.framework; sourceTree = "<absolute>"; };
		E45BE97A0E8CC7DD009D7055 /* QuickTime.framework */ = {isa = PBXFileReference; lastKnownFileType = wrapper.framework; name = QuickTime.framework; path = /System/Library/Frameworks/QuickTime.framework; sourceTree = "<absolute>"; };
		E4B69B5B0A3A1756003C02F2 /* exampleDebug.app */ = {isa = PBXFileReference; explicitFileType = wrapper.application; includeInIndex = 0; path = exampleDebug.app; sourceTree = BUILT_PRODUCTS_DIR; };
		E4B69E1D0A3A1BDC003C02F2 /* main.cpp */ = {isa = PBXFileReference; fileEncoding = 30; lastKnownFileType = sourcecode.cpp.cpp; name = main.cpp; path = src/main.cpp; sourceTree = SOURCE_ROOT; };
		E4B69E1E0A3A1BDC003C02F2 /* ofApp.cpp */ = {isa = PBXFileReference; explicitFileType = sourcecode.cpp.cpp; fileEncoding = 30; name = ofApp.cpp; path = src/ofApp.cpp; sourceTree = SOURCE_ROOT; };
		E4B69E1F0A3A1BDC003C02F2 /* ofApp.h */ = {isa = PBXFileReference; fileEncoding = 30; lastKnownFileType = sourcecode.c.h; name = ofApp.h; path = src/ofApp.h; sourceTree = SOURCE_ROOT; };
		E4B6FCAD0C3E899E008CF71C /* openFrameworks-Info.plist */ = {isa = PBXFileReference; fileEncoding = 30; lastKnownFileType = text.plist.xml; path = "openFrameworks-Info.plist"; sourceTree = "<group>"; };
		E4C2424410CC5A17004149E2 /* AppKit.framework */ = {isa = PBXFileReference; lastKnownFileType = wrapper.framework; name = AppKit.framework; path = /System/Library/Frameworks/AppKit.framework; sourceTree = "<absolute>"; };
		E4C2424510CC5A17004149E2 /* Cocoa.framework */ = {isa = PBXFileReference; lastKnownFileType = wrapper.framework; name = Cocoa.framework; path = /System/Library/Frameworks/Cocoa.framework; sourceTree = "<absolute>"; };
		E4C2424610CC5A17004149E2 /* IOKit.framework */ = {isa = PBXFileReference; lastKnownFileType = wrapper.framework; name = IOKit.framework; path = /System/Library/Frameworks/IOKit.framework; sourceTree = "<absolute>"; };
		E4EB691F138AFCF100A09F29 /* CoreOF.xcconfig */ = {isa = PBXFileReference; fileEncoding = 4; lastKnownFileType = text.xcconfig; name = CoreOF.xcconfig; path = ../../../libs/openFrameworksCompiled/project/osx/CoreOF.xcconfig; sourceTree = SOURCE_ROOT; };
		E4EB6923138AFD0F00A09F29 /* Project.xcconfig */ = {isa = PBXFileReference; fileEncoding = 4; lastKnownFileType = text.xcconfig; path = Project.xcconfig; sourceTree = "<group>"; };
		E7E077E415D3B63C0020DFD4 /* CoreVideo.framework */ = {isa = PBXFileReference; lastKnownFileType = wrapper.framework; name = CoreVideo.framework; path = /System/Library/Frameworks/CoreVideo.framework; sourceTree = "<absolute>"; };
		E7E077E715D3B6510020DFD4 /* QTKit.framework */ = {isa = PBXFileReference; lastKnownFileType = wrapper.framework; name = QTKit.framework; path = /System/Library/Frameworks/QTKit.framework; sourceTree = "<absolute>"; };
		E7F985F515E0DE99003869B5 /* Accelerate.framework */ = {isa = PBXFileReference; lastKnownFileType = wrapper.framework; name = Accelerate.framework; path = /System/Library/Frameworks/Accelerate.framework; sourceTree = "<absolute>"; };
		a1e7a7f265682a1f56d0feb629a93e77 /* UIFog.cpp */ = {isa = PBXFileReference; explicitFileType = sourcecode.cpp.cpp; fileEncoding = 30; name = UIFog.cpp; path = ../../../addons/ofxUIProject/src/gl/UIFog.cpp; sourceTree = SOURCE_ROOT; };
		a5151ee98a91fbf2e4899d29fe6cd920 /* VectorField2D.h */ = {isa = PBXFileReference; explicitFileType = sourcecode.c.h; fileEncoding = 30; name = VectorField2D.h; path = ../../../addons/ofxUIProject/src/simulators/VectorField2D.h; sourceTree = SOURCE_ROOT; };
		a7cd549baed5afba55f0a00aa2fc1909 /* UIProject.h */ = {isa = PBXFileReference; explicitFileType = sourcecode.c.h; fileEncoding = 30; name = UIProject.h; path = ../../../addons/ofxUIProject/src/UIProject.h; sourceTree = SOURCE_ROOT; };
		adce93f0ebe23c8921c843219908ed52 /* UIBackground.h */ = {isa = PBXFileReference; explicitFileType = sourcecode.c.h; fileEncoding = 30; name = UIBackground.h; path = ../../../addons/ofxUIProject/src/background/UIBackground.h; sourceTree = SOURCE_ROOT; };
		b21e7e5f548eea92f368040bb1aa2f69 /* tinyxml.h */ = {isa = PBXFileReference; explicitFileType = sourcecode.c.h; fileEncoding = 30; name = tinyxml.h; path = ../../../addons/ofxXmlSettings/libs/tinyxml.h; sourceTree = SOURCE_ROOT; };
		b3ca0202b1a3b6d8920c2b1513b3b305 /* ofxUIButton.h */ = {isa = PBXFileReference; explicitFileType = sourcecode.c.h; fileEncoding = 30; name = ofxUIButton.h; path = ../../../addons/ofxUI/src/ofxUIButton.h; sourceTree = SOURCE_ROOT; };
		b4b78187175e98a85ecfbde7f498f65f /* ProjectExample.h */ = {isa = PBXFileReference; explicitFileType = sourcecode.c.h; fileEncoding = 30; name = ProjectExample.h; path = src/ProjectExample.h; sourceTree = SOURCE_ROOT; };
		b99a1d0272f7e187e45c4aa4a4f7e5fb /* Uniform.h */ = {isa = PBXFileReference; explicitFileType = sourcecode.c.h; fileEncoding = 30; name = Uniform.h; path = ../../../addons/ofxUIProject/src/gl/Uniform.h; sourceTree = SOURCE_ROOT; };
		baa69f62ba08b1e6cefa3511cba74061 /* UIClass.h */ = {isa = PBXFileReference; explicitFileType = sourcecode.c.h; fileEncoding = 30; name = UIClass.h; path = ../../../addons/ofxUIProject/src/UIClass.h; sourceTree = SOURCE_ROOT; };
		bc6931447de6c359dddf21f174e83978 /* ofxUIMultiImageButton.h */ = {isa = PBXFileReference; explicitFileType = sourcecode.c.h; fileEncoding = 30; name = ofxUIMultiImageButton.h; path = ../../../addons/ofxUI/src/ofxUIMultiImageButton.h; sourceTree = SOURCE_ROOT; };
		bcd6166384b5c77bc845ddaa87bca38a /* TextArc.h */ = {isa = PBXFileReference; explicitFileType = sourcecode.c.h; fileEncoding = 30; name = TextArc.h; path = ../../../addons/ofxUIProject/src/text/TextArc.h; sourceTree = SOURCE_ROOT; };
		c161222f68d4f7ce28bc4f61e6324dd3 /* ofxUIBaseDraws.h */ = {isa = PBXFileReference; explicitFileType = sourcecode.c.h; fileEncoding = 30; name = ofxUIBaseDraws.h; path = ../../../addons/ofxUI/src/ofxUIBaseDraws.h; sourceTree = SOURCE_ROOT; };
		c38d6dcc3ab9aae213a64015b75adbd4 /* ofxUIScrollableCanvas.h */ = {isa = PBXFileReference; explicitFileType = sourcecode.c.h; fileEncoding = 30; name = ofxUIScrollableCanvas.h; path = ../../../addons/ofxUI/src/ofxUIScrollableCanvas.h; sourceTree = SOURCE_ROOT; };
		c3f9167fbce336cb4885c7b60204143d /* UIShader.h */ = {isa = PBXFileReference; explicitFileType = sourcecode.c.h; fileEncoding = 30; name = UIShader.h; path = ../../../addons/ofxUIProject/src/gl/UIShader.h; sourceTree = SOURCE_ROOT; };
		c442539175012e4eddd1322e662b2112 /* ConsoleListener.h */ = {isa = PBXFileReference; explicitFileType = sourcecode.c.h; fileEncoding = 30; name = ConsoleListener.h; path = ../../../addons/ofxUIProject/src/helpers/ConsoleListener.h; sourceTree = SOURCE_ROOT; };
		c6305369801b450557086284030a4b6b /* ofxUISpectrum.h */ = {isa = PBXFileReference; explicitFileType = sourcecode.c.h; fileEncoding = 30; name = ofxUISpectrum.h; path = ../../../addons/ofxUI/src/ofxUISpectrum.h; sourceTree = SOURCE_ROOT; };
		c6c18c6adee9ca29530755238794e775 /* TextBlock.h */ = {isa = PBXFileReference; explicitFileType = sourcecode.c.h; fileEncoding = 30; name = TextBlock.h; path = ../../../addons/ofxUIProject/src/text/TextBlock.h; sourceTree = SOURCE_ROOT; };
		c7b4b8ad9464a693a3683d0fd1a7b1fb /* ofxUISpacer.h */ = {isa = PBXFileReference; explicitFileType = sourcecode.c.h; fileEncoding = 30; name = ofxUISpacer.h; path = ../../../addons/ofxUI/src/ofxUISpacer.h; sourceTree = SOURCE_ROOT; };
		cb5e3546975a012c89a2d843165df649 /* UILight.cpp */ = {isa = PBXFileReference; explicitFileType = sourcecode.cpp.cpp; fileEncoding = 30; name = UILight.cpp; path = ../../../addons/ofxUIProject/src/gl/UILight.cpp; sourceTree = SOURCE_ROOT; };
		cce78ee1ff454eaabb7519fddad0f1e7 /* Flickr.h */ = {isa = PBXFileReference; explicitFileType = sourcecode.c.h; fileEncoding = 30; name = Flickr.h; path = ../../../addons/ofxUIProject/src/helpers/Flickr.h; sourceTree = SOURCE_ROOT; };
		ccec29a4351c40ba86f2e491c8c90bff /* ofxUIMinimalSlider.h */ = {isa = PBXFileReference; explicitFileType = sourcecode.c.h; fileEncoding = 30; name = ofxUIMinimalSlider.h; path = ../../../addons/ofxUI/src/ofxUIMinimalSlider.h; sourceTree = SOURCE_ROOT; };
		cd9e9744e98bc9430e7c30dc92d668e5 /* Boid.h */ = {isa = PBXFileReference; explicitFileType = sourcecode.c.h; fileEncoding = 30; name = Boid.h; path = ../../../addons/ofxUIProject/src/simulators/Boid.h; sourceTree = SOURCE_ROOT; };
		cf73e1af93352cf515e7c9f200d2542b /* ofxUIEventArgs.h */ = {isa = PBXFileReference; explicitFileType = sourcecode.c.h; fileEncoding = 30; name = ofxUIEventArgs.h; path = ../../../addons/ofxUI/src/ofxUIEventArgs.h; sourceTree = SOURCE_ROOT; };
		cfc6f3e14e935f057903a7ea5ac5eda1 /* Recorder.h */ = {isa = PBXFileReference; explicitFileType = sourcecode.c.h; fileEncoding = 30; name = Recorder.h; path = ../../../addons/ofxUIProject/src/helpers/Recorder.h; sourceTree = SOURCE_ROOT; };
		d1387f25a47ef6809b55b59c4b916da4 /* ofxUIValuePlotter.h */ = {isa = PBXFileReference; explicitFileType = sourcecode.c.h; fileEncoding = 30; name = ofxUIValuePlotter.h; path = ../../../addons/ofxUI/src/ofxUIValuePlotter.h; sourceTree = SOURCE_ROOT; };
		d2eae13603923a175627c4dfdd9dbb70 /* TextFont.h */ = {isa = PBXFileReference; explicitFileType = sourcecode.c.h; fileEncoding = 30; name = TextFont.h; path = ../../../addons/ofxUIProject/src/text/TextFont.h; sourceTree = SOURCE_ROOT; };
		d45991c927e805c3b1ad7516589a1122 /* ofxUITabBar.h */ = {isa = PBXFileReference; explicitFileType = sourcecode.c.h; fileEncoding = 30; name = ofxUITabBar.h; path = ../../../addons/ofxUI/src/ofxUITabBar.h; sourceTree = SOURCE_ROOT; };
		d48670cbcd25026071c713971ea7ceb5 /* UIClass.cpp */ = {isa = PBXFileReference; explicitFileType = sourcecode.cpp.cpp; fileEncoding = 30; name = UIClass.cpp; path = ../../../addons/ofxUIProject/src/UIClass.cpp; sourceTree = SOURCE_ROOT; };
		d66e735be796bc0675320dc8741a5a55 /* ofxUIImageSlider.h */ = {isa = PBXFileReference; explicitFileType = sourcecode.c.h; fileEncoding = 30; name = ofxUIImageSlider.h; path = ../../../addons/ofxUI/src/ofxUIImageSlider.h; sourceTree = SOURCE_ROOT; };
		d7c0a83e58f2120818b1fe60a7fe203b /* TextShape.cpp */ = {isa = PBXFileReference; explicitFileType = sourcecode.cpp.cpp; fileEncoding = 30; name = TextShape.cpp; path = ../../../addons/ofxUIProject/src/text/TextShape.cpp; sourceTree = SOURCE_ROOT; };
		d7d8afc952b0f30444f88cc42fa85af5 /* UIShell.h */ = {isa = PBXFileReference; explicitFileType = sourcecode.c.h; fileEncoding = 30; name = UIShell.h; path = ../../../addons/ofxUIProject/src/simulators/UIShell.h; sourceTree = SOURCE_ROOT; };
		e1efcc7dd511780159bef171b7fcc527 /* Grid.h */ = {isa = PBXFileReference; explicitFileType = sourcecode.c.h; fileEncoding = 30; name = Grid.h; path = ../../../addons/ofxUIProject/src/grids/Grid.h; sourceTree = SOURCE_ROOT; };
		e4ae7f43389ee1dfd248e3db2f1e1532 /* DraggableRectangle.cpp */ = {isa = PBXFileReference; explicitFileType = sourcecode.cpp.cpp; fileEncoding = 30; name = DraggableRectangle.cpp; path = ../../../addons/ofxUIProject/src/helpers/DraggableRectangle.cpp; sourceTree = SOURCE_ROOT; };
		e65d547c2cd6a84fc9af15fa7ad1992e /* ofxUITextInput.h */ = {isa = PBXFileReference; explicitFileType = sourcecode.c.h; fileEncoding = 30; name = ofxUITextInput.h; path = ../../../addons/ofxUI/src/ofxUITextInput.h; sourceTree = SOURCE_ROOT; };
		e67bc70e17dda0081c8fd9dd234d7962 /* ofxUIImageButton.h */ = {isa = PBXFileReference; explicitFileType = sourcecode.c.h; fileEncoding = 30; name = ofxUIImageButton.h; path = ../../../addons/ofxUI/src/ofxUIImageButton.h; sourceTree = SOURCE_ROOT; };
		edfeb3d8c9183ade3facb4b57abfc6d4 /* ofxUICircleSlider.h */ = {isa = PBXFileReference; explicitFileType = sourcecode.c.h; fileEncoding = 30; name = ofxUICircleSlider.h; path = ../../../addons/ofxUI/src/ofxUICircleSlider.h; sourceTree = SOURCE_ROOT; };
		eebcabd872088cf0008113d956455074 /* TextBlock.cpp */ = {isa = PBXFileReference; explicitFileType = sourcecode.cpp.cpp; fileEncoding = 30; name = TextBlock.cpp; path = ../../../addons/ofxUIProject/src/text/TextBlock.cpp; sourceTree = SOURCE_ROOT; };
		f26e25f3872c0799d6433b99d59bdde1 /* ofxUILabel.h */ = {isa = PBXFileReference; explicitFileType = sourcecode.c.h; fileEncoding = 30; name = ofxUILabel.h; path = ../../../addons/ofxUI/src/ofxUILabel.h; sourceTree = SOURCE_ROOT; };
		f603fe1db58e1de6c4a7c52128ec4c2a /* Flock.h */ = {isa = PBXFileReference; explicitFileType = sourcecode.c.h; fileEncoding = 30; name = Flock.h; path = ../../../addons/ofxUIProject/src/simulators/Flock.h; sourceTree = SOURCE_ROOT; };
		f6b8ce40ad57bb459b0400101d5e5437 /* TextSyles.h */ = {isa = PBXFileReference; explicitFileType = sourcecode.c.h; fileEncoding = 30; name = TextSyles.h; path = ../../../addons/ofxUIProject/src/text/TextSyles.h; sourceTree = SOURCE_ROOT; };
		f84c0d38b417b1653a5bb5da0f322507 /* UIShader.cpp */ = {isa = PBXFileReference; explicitFileType = sourcecode.cpp.cpp; fileEncoding = 30; name = UIShader.cpp; path = ../../../addons/ofxUIProject/src/gl/UIShader.cpp; sourceTree = SOURCE_ROOT; };
		f8538ab05571d76d232e9482dd8444d9 /* PingPong.h */ = {isa = PBXFileReference; explicitFileType = sourcecode.c.h; fileEncoding = 30; name = PingPong.h; path = ../../../addons/ofxUIProject/src/gl/PingPong.h; sourceTree = SOURCE_ROOT; };
		f94ac1e83a5b2b67d23594e39dde1d2d /* UISuperBackground.h */ = {isa = PBXFileReference; explicitFileType = sourcecode.c.h; fileEncoding = 30; name = UISuperBackground.h; path = ../../../addons/ofxUIProject/src/background/UISuperBackground.h; sourceTree = SOURCE_ROOT; };
		f9df961b5e7d4c4e1e5d029c1616b439 /* ofxUITextArea.h */ = {isa = PBXFileReference; explicitFileType = sourcecode.c.h; fileEncoding = 30; name = ofxUITextArea.h; path = ../../../addons/ofxUI/src/ofxUITextArea.h; sourceTree = SOURCE_ROOT; };
		fa9dd5aefd2f18312e7d95e7891e0c22 /* Boid.cpp */ = {isa = PBXFileReference; explicitFileType = sourcecode.cpp.cpp; fileEncoding = 30; name = Boid.cpp; path = ../../../addons/ofxUIProject/src/simulators/Boid.cpp; sourceTree = SOURCE_ROOT; };
		fbe1b379902b3c585dc8f7a21175a71f /* ofxUILabelButton.h */ = {isa = PBXFileReference; explicitFileType = sourcecode.c.h; fileEncoding = 30; name = ofxUILabelButton.h; path = ../../../addons/ofxUI/src/ofxUILabelButton.h; sourceTree = SOURCE_ROOT; };
		fc5da1c87211d4f6377da7199d8c5a1e /* tinyxmlparser.cpp */ = {isa = PBXFileReference; explicitFileType = sourcecode.cpp.cpp; fileEncoding = 30; name = tinyxmlparser.cpp; path = ../../../addons/ofxXmlSettings/libs/tinyxmlparser.cpp; sourceTree = SOURCE_ROOT; };
		fccbdb55b98da36682809f0348522eab /* ofxUIWaveform.h */ = {isa = PBXFileReference; explicitFileType = sourcecode.c.h; fileEncoding = 30; name = ofxUIWaveform.h; path = ../../../addons/ofxUI/src/ofxUIWaveform.h; sourceTree = SOURCE_ROOT; };
		fda2832e78cfa22beec74160a7a68606 /* ofxUIFPS.h */ = {isa = PBXFileReference; explicitFileType = sourcecode.c.h; fileEncoding = 30; name = ofxUIFPS.h; path = ../../../addons/ofxUI/src/ofxUIFPS.h; sourceTree = SOURCE_ROOT; };
		fe7637213769127f2af4034d247b7a8e /* DraggableRectangle.h */ = {isa = PBXFileReference; explicitFileType = sourcecode.c.h; fileEncoding = 30; name = DraggableRectangle.h; path = ../../../addons/ofxUIProject/src/helpers/DraggableRectangle.h; sourceTree = SOURCE_ROOT; };
/* End PBXFileReference section */

/* Begin PBXFrameworksBuildPhase section */
		E4B69B590A3A1756003C02F2 /* Frameworks */ = {
			isa = PBXFrameworksBuildPhase;
			buildActionMask = 2147483647;
			files = (
				E7F985F815E0DEA3003869B5 /* Accelerate.framework in Frameworks */,
				E7E077E815D3B6510020DFD4 /* QTKit.framework in Frameworks */,
				E4EB6799138ADC1D00A09F29 /* GLUT.framework in Frameworks */,
				E4328149138ABC9F0047C5CB /* openFrameworksDebug.a in Frameworks */,
				E45BE97B0E8CC7DD009D7055 /* AGL.framework in Frameworks */,
				E45BE97C0E8CC7DD009D7055 /* ApplicationServices.framework in Frameworks */,
				E45BE97D0E8CC7DD009D7055 /* AudioToolbox.framework in Frameworks */,
				E45BE97E0E8CC7DD009D7055 /* Carbon.framework in Frameworks */,
				E45BE97F0E8CC7DD009D7055 /* CoreAudio.framework in Frameworks */,
				E45BE9800E8CC7DD009D7055 /* CoreFoundation.framework in Frameworks */,
				E45BE9810E8CC7DD009D7055 /* CoreServices.framework in Frameworks */,
				E45BE9830E8CC7DD009D7055 /* OpenGL.framework in Frameworks */,
				E45BE9840E8CC7DD009D7055 /* QuickTime.framework in Frameworks */,
				E4C2424710CC5A17004149E2 /* AppKit.framework in Frameworks */,
				E4C2424810CC5A17004149E2 /* Cocoa.framework in Frameworks */,
				E4C2424910CC5A17004149E2 /* IOKit.framework in Frameworks */,
				E7E077E515D3B63C0020DFD4 /* CoreVideo.framework in Frameworks */,
			);
			runOnlyForDeploymentPostprocessing = 0;
		};
/* End PBXFrameworksBuildPhase section */

/* Begin PBXGroup section */
		1f4fb5c423662b96adfdcc0badec1cb0 /* ofxXmlSettings */ = {
			isa = PBXGroup;
			children = (
				6ecef0d76bc33727823eadffc320c44d /* src */,
				6e54289412d2d94f45a051132369530c /* libs */,
			);
			name = ofxXmlSettings;
			sourceTree = "<group>";
		};
		51449f13e55ce9b0b40374503d96c1bf /* gl */ = {
			isa = PBXGroup;
			children = (
				f8538ab05571d76d232e9482dd8444d9 /* PingPong.h */,
				954e1109e35a5924b898f4c2513a7026 /* UIFog.h */,
				a1e7a7f265682a1f56d0feb629a93e77 /* UIFog.cpp */,
				cb5e3546975a012c89a2d843165df649 /* UILight.cpp */,
				3b1e218bb487735b3b3c780d9b5f1836 /* UILight.h */,
				50f4e17d169c8bc50b1f3b0f3f2b1aff /* UIMaterial.cpp */,
				28d516cb52500a2a7a3f4e74115365da /* UIMaterial.h */,
				f84c0d38b417b1653a5bb5da0f322507 /* UIShader.cpp */,
				c3f9167fbce336cb4885c7b60204143d /* UIShader.h */,
				b99a1d0272f7e187e45c4aa4a4f7e5fb /* Uniform.h */,
				3D92373E18286C38002F6060 /* UICamera.h */,
				3D92373D18286C38002F6060 /* UICamera.cpp */,
			);
			name = gl;
			sourceTree = "<group>";
		};
		534d7afab9219e3e87cb95eb92f126c2 /* ofxUIProject */ = {
			isa = PBXGroup;
			children = (
				e7697fe6368558ac94fbe91fd2ea9d1a /* src */,
			);
			name = ofxUIProject;
			sourceTree = "<group>";
		};
		5514438a9735824b8470faacfddad07e /* grids */ = {
			isa = PBXGroup;
			children = (
				32fa0a7095256e3744900a394c912dab /* Grid.cpp */,
				e1efcc7dd511780159bef171b7fcc527 /* Grid.h */,
				61fd02dd478cc42cc8f31bd40ee9661b /* GridBox.h */,
				485c3974da299d497ef41257d050ea76 /* GridCross.h */,
				3D508E881827394400601BD5 /* UI2DGrid.h */,
				3D508E871827394400601BD5 /* UI2DGrid.cpp */,
				3D508E84182732F500601BD5 /* UI3DGrid.cpp */,
				3D508E85182732F500601BD5 /* UI3DGrid.h */,
			);
			name = grids;
			sourceTree = "<group>";
		};
		6e54289412d2d94f45a051132369530c /* libs */ = {
			isa = PBXGroup;
			children = (
				2b40eda85beb63e46785bc299a638898 /* tinyxml.cpp */,
				b21e7e5f548eea92f368040bb1aa2f69 /* tinyxml.h */,
				832bdc407620cdba568b713d2252c43c /* tinyxmlerror.cpp */,
				fc5da1c87211d4f6377da7199d8c5a1e /* tinyxmlparser.cpp */,
			);
			name = libs;
			sourceTree = "<group>";
		};
		6ecef0d76bc33727823eadffc320c44d /* src */ = {
			isa = PBXGroup;
			children = (
				50df87d612c5aae17aafa6c02c6bc570 /* ofxXmlSettings.cpp */,
				01dcc0911400f9acf5b65578af4ec8f9 /* ofxXmlSettings.h */,
			);
			name = src;
			sourceTree = "<group>";
		};
		BB4B014C10F69532006C3DED /* addons */ = {
			isa = PBXGroup;
			children = (
				a492ce86424ab8905550bfd831201a16 /* ofxUI */,
				534d7afab9219e3e87cb95eb92f126c2 /* ofxUIProject */,
				1f4fb5c423662b96adfdcc0badec1cb0 /* ofxXmlSettings */,
			);
			name = addons;
			sourceTree = "<group>";
		};
		BBAB23C913894ECA00AA2426 /* system frameworks */ = {
			isa = PBXGroup;
			children = (
				E7F985F515E0DE99003869B5 /* Accelerate.framework */,
				E4C2424410CC5A17004149E2 /* AppKit.framework */,
				E4C2424510CC5A17004149E2 /* Cocoa.framework */,
				E4C2424610CC5A17004149E2 /* IOKit.framework */,
				E45BE9710E8CC7DD009D7055 /* AGL.framework */,
				E45BE9720E8CC7DD009D7055 /* ApplicationServices.framework */,
				E45BE9730E8CC7DD009D7055 /* AudioToolbox.framework */,
				E45BE9740E8CC7DD009D7055 /* Carbon.framework */,
				E45BE9750E8CC7DD009D7055 /* CoreAudio.framework */,
				E45BE9760E8CC7DD009D7055 /* CoreFoundation.framework */,
				E45BE9770E8CC7DD009D7055 /* CoreServices.framework */,
				E45BE9790E8CC7DD009D7055 /* OpenGL.framework */,
				E45BE97A0E8CC7DD009D7055 /* QuickTime.framework */,
				E7E077E415D3B63C0020DFD4 /* CoreVideo.framework */,
				E7E077E715D3B6510020DFD4 /* QTKit.framework */,
			);
			name = "system frameworks";
			sourceTree = "<group>";
		};
		BBAB23CA13894EDB00AA2426 /* 3rd party frameworks */ = {
			isa = PBXGroup;
			children = (
				BBAB23BE13894E4700AA2426 /* GLUT.framework */,
			);
			name = "3rd party frameworks";
			sourceTree = "<group>";
		};
		E4328144138ABC890047C5CB /* Products */ = {
			isa = PBXGroup;
			children = (
				E4328148138ABC890047C5CB /* openFrameworksDebug.a */,
			);
			name = Products;
			sourceTree = "<group>";
		};
		E45BE5980E8CC70C009D7055 /* frameworks */ = {
			isa = PBXGroup;
			children = (
				BBAB23CA13894EDB00AA2426 /* 3rd party frameworks */,
				BBAB23C913894ECA00AA2426 /* system frameworks */,
			);
			name = frameworks;
			sourceTree = "<group>";
		};
		E4B69B4A0A3A1720003C02F2 = {
			isa = PBXGroup;
			children = (
				E4B6FCAD0C3E899E008CF71C /* openFrameworks-Info.plist */,
				E4EB6923138AFD0F00A09F29 /* Project.xcconfig */,
				E4B69E1C0A3A1BDC003C02F2 /* src */,
				E4EEC9E9138DF44700A80321 /* openFrameworks */,
				BB4B014C10F69532006C3DED /* addons */,
				E45BE5980E8CC70C009D7055 /* frameworks */,
				E4B69B5B0A3A1756003C02F2 /* exampleDebug.app */,
			);
			sourceTree = "<group>";
		};
		E4B69E1C0A3A1BDC003C02F2 /* src */ = {
			isa = PBXGroup;
			children = (
				E4B69E1D0A3A1BDC003C02F2 /* main.cpp */,
				E4B69E1F0A3A1BDC003C02F2 /* ofApp.h */,
				E4B69E1E0A3A1BDC003C02F2 /* ofApp.cpp */,
				b4b78187175e98a85ecfbde7f498f65f /* ProjectExample.h */,
				6902496c5005749b9e0692dd29dac44f /* ProjectExample.cpp */,
			);
			path = src;
			sourceTree = SOURCE_ROOT;
		};
		E4EEC9E9138DF44700A80321 /* openFrameworks */ = {
			isa = PBXGroup;
			children = (
				E4EB691F138AFCF100A09F29 /* CoreOF.xcconfig */,
				E4328143138ABC890047C5CB /* openFrameworksLib.xcodeproj */,
			);
			name = openFrameworks;
			sourceTree = "<group>";
		};
		a492ce86424ab8905550bfd831201a16 /* ofxUI */ = {
			isa = PBXGroup;
			children = (
				d60f85fe32e11f4003b80627506496ad /* src */,
			);
			name = ofxUI;
			sourceTree = "<group>";
		};
		d60f85fe32e11f4003b80627506496ad /* src */ = {
			isa = PBXGroup;
			children = (
				64c6f7ad018ffd34c7abb6f2a2c0cec0 /* ofxUI.h */,
				653cfae31336daa04b1f15031ae14c2b /* ofxUI2DGraph.h */,
				961de8b564ef22e65c9480ae3fc5936a /* ofxUI2DPad.h */,
				c161222f68d4f7ce28bc4f61e6324dd3 /* ofxUIBaseDraws.h */,
				2dd185513a2875ec8a07867018e8bd02 /* ofxUIBiLabelSlider.h */,
				b3ca0202b1a3b6d8920c2b1513b3b305 /* ofxUIButton.h */,
				4ff2f2d5a01ada37a9ade20fb41e7560 /* ofxUICanvas.h */,
				edfeb3d8c9183ade3facb4b57abfc6d4 /* ofxUICircleSlider.h */,
				15e69017b5db282ef100ee15e7bce594 /* ofxUICustomImageButton.h */,
				531d8d09739d338239967b3a215e9cfd /* ofxUIDropDownList.h */,
				cf73e1af93352cf515e7c9f200d2542b /* ofxUIEventArgs.h */,
				fda2832e78cfa22beec74160a7a68606 /* ofxUIFPS.h */,
				664d65407be633c038fa9498bcf62aa7 /* ofxUIFPSSlider.h */,
				4ed7bc3af72f6be8f0917a303bedb573 /* ofxUIImage.h */,
				e67bc70e17dda0081c8fd9dd234d7962 /* ofxUIImageButton.h */,
				4aea0d08c3b0323fedc8d9749c9217ea /* ofxUIImageSampler.h */,
				d66e735be796bc0675320dc8741a5a55 /* ofxUIImageSlider.h */,
				2d394124f88f348aa4142dcfb64b4bd1 /* ofxUIImageToggle.h */,
				f26e25f3872c0799d6433b99d59bdde1 /* ofxUILabel.h */,
				fbe1b379902b3c585dc8f7a21175a71f /* ofxUILabelButton.h */,
				6248640c06b47042bb5bd3f21e730c74 /* ofxUILabelToggle.h */,
				ccec29a4351c40ba86f2e491c8c90bff /* ofxUIMinimalSlider.h */,
				5c48e3511951bb86fa9aa6420fa60cf9 /* ofxUIMovingGraph.h */,
				bc6931447de6c359dddf21f174e83978 /* ofxUIMultiImageButton.h */,
				431d6bbf1ef545b203e4cae1dda8512f /* ofxUIMultiImageSlider.h */,
				1902452f5e510a2dbc1e5bd6d62db983 /* ofxUIMultiImageToggle.h */,
				15c99204ff4d8d72ad034b63f410265d /* ofxUINumberDialer.h */,
				334840ca6b3402c8c30cac4e645376bb /* ofxUIOFWrapper.h */,
				4c9b919b991b4e45bc5dc0dbf09c9904 /* ofxUIRadio.h */,
				856bf5ab0322d0689ee63829f6f27a37 /* ofxUIRangeSlider.h */,
				1e29c7e8c47e3e2db1c5876646df436b /* ofxUIRectangle.h */,
				885850b62fad08eb1d2f0bf4a56e5e01 /* ofxUIRotarySlider.h */,
				c38d6dcc3ab9aae213a64015b75adbd4 /* ofxUIScrollableCanvas.h */,
				470b5d2ac2f616d10b2e6025718527c8 /* ofxUISlider.h */,
				c7b4b8ad9464a693a3683d0fd1a7b1fb /* ofxUISpacer.h */,
				c6305369801b450557086284030a4b6b /* ofxUISpectrum.h */,
				1c43cdb79bf40ea7424b96804209f474 /* ofxUISuperCanvas.h */,
				d45991c927e805c3b1ad7516589a1122 /* ofxUITabBar.h */,
				f9df961b5e7d4c4e1e5d029c1616b439 /* ofxUITextArea.h */,
				e65d547c2cd6a84fc9af15fa7ad1992e /* ofxUITextInput.h */,
				4117b8c24d49837d3df9c23bd2405bdc /* ofxUIToggle.h */,
				8178eb9aa3c0268331af3af347ca9d15 /* ofxUIToggleMatrix.h */,
				87035efe3d4427294d4d133810790c85 /* ofxUIUtils.h */,
				d1387f25a47ef6809b55b59c4b916da4 /* ofxUIValuePlotter.h */,
				fccbdb55b98da36682809f0348522eab /* ofxUIWaveform.h */,
				32bd050a579633adbca5af6b202f651b /* ofxUIWidget.h */,
				02677fa320d6c63b228a7562514b9d55 /* ofxUIWidgetWithLabel.h */,
			);
			name = src;
			sourceTree = "<group>";
		};
		d96eff7f4efbb1a4f12ac4ffeba1f5e1 /* helpers */ = {
			isa = PBXGroup;
			children = (
				c442539175012e4eddd1322e662b2112 /* ConsoleListener.h */,
				e4ae7f43389ee1dfd248e3db2f1e1532 /* DraggableRectangle.cpp */,
				fe7637213769127f2af4034d247b7a8e /* DraggableRectangle.h */,
				549c1ef5aa052e918ff370324cdb83e1 /* Flickr.cpp */,
				cce78ee1ff454eaabb7519fddad0f1e7 /* Flickr.h */,
				3e8e40167d6c3c4dc3b9546a83b2add1 /* md5.cpp */,
				3563ffe2a3d47ac1c8d4769007ea5fe8 /* md5.h */,
				4717081de3a58a8b448ccce0b2603fe2 /* Recorder.cpp */,
				cfc6f3e14e935f057903a7ea5ac5eda1 /* Recorder.h */,
				3D17357B182926580089C93E /* aColor.cpp */,
				3D17357C182926580089C93E /* aColor.h */,
			);
			name = helpers;
			sourceTree = "<group>";
		};
		e003ae6fc774be38dc2b299156dc9db2 /* background */ = {
			isa = PBXGroup;
			children = (
				adce93f0ebe23c8921c843219908ed52 /* UIBackground.h */,
				6b7022e8f8aafe6a26a1f79ca3cc2273 /* UIBackground.cpp */,
				f94ac1e83a5b2b67d23594e39dde1d2d /* UISuperBackground.h */,
				5b18d4bac8d493b40f9f18eae12aaf8a /* UISuperBackground.cpp */,
			);
			name = background;
			sourceTree = "<group>";
		};
		e7697fe6368558ac94fbe91fd2ea9d1a /* src */ = {
			isa = PBXGroup;
			children = (
				e003ae6fc774be38dc2b299156dc9db2 /* background */,
				51449f13e55ce9b0b40374503d96c1bf /* gl */,
				5514438a9735824b8470faacfddad07e /* grids */,
				d96eff7f4efbb1a4f12ac4ffeba1f5e1 /* helpers */,
				e99abe18f22cbd19fbc95ac95a18bc4c /* simulators */,
				e99890497d9c1ede6800cf2c87add865 /* text */,
				3d09afbd7fae4c7994f70bc164775032 /* UI2DProject.h */,
				8a2479b6c5c0dfec22f06342e32884a2 /* UI2DProject.cpp */,
				7feef1b943d6492abc456b93083b140a /* UI3DProject.h */,
				24403beeba436aa176bd5653b36bcdf9 /* UI3DProject.cpp */,
				d48670cbcd25026071c713971ea7ceb5 /* UIClass.cpp */,
				baa69f62ba08b1e6cefa3511cba74061 /* UIClass.h */,
				a7cd549baed5afba55f0a00aa2fc1909 /* UIProject.h */,
			);
			name = src;
			sourceTree = "<group>";
		};
		e99890497d9c1ede6800cf2c87add865 /* text */ = {
			isa = PBXGroup;
			children = (
				6af5cc3c6fe992c4824ff29163fe849e /* TextArc.cpp */,
				bcd6166384b5c77bc845ddaa87bca38a /* TextArc.h */,
				eebcabd872088cf0008113d956455074 /* TextBlock.cpp */,
				c6c18c6adee9ca29530755238794e775 /* TextBlock.h */,
				d2eae13603923a175627c4dfdd9dbb70 /* TextFont.h */,
				d7c0a83e58f2120818b1fe60a7fe203b /* TextShape.cpp */,
				4473bc7d4779ec6979fcfba597d2bbfd /* TextShape.h */,
				f6b8ce40ad57bb459b0400101d5e5437 /* TextSyles.h */,
				58f4baf6f98e9e3a0e3ee1bc4a561362 /* UIText.cpp */,
				6e5dc86f121b9ca45bbc4252fd6b27ff /* UIText.h */,
			);
			name = text;
			sourceTree = "<group>";
		};
		e99abe18f22cbd19fbc95ac95a18bc4c /* simulators */ = {
			isa = PBXGroup;
			children = (
				fa9dd5aefd2f18312e7d95e7891e0c22 /* Boid.cpp */,
				cd9e9744e98bc9430e7c30dc92d668e5 /* Boid.h */,
				9c2601b9fda83cb8dacefa4fd7d233de /* Extruder.h */,
				56b12b126084d36d81163502e89d722b /* Flock.cpp */,
				f603fe1db58e1de6c4a7c52128ec4c2a /* Flock.h */,
				1e6428ac3cde00e4545df67be622882e /* Particle.cpp */,
				2629ea38046427c2d8c6e8040ec47000 /* Particle.h */,
				851b82fa1b05afb1c0cc0ad2f49abe74 /* Spring.cpp */,
				2485b0bfa66b5e4fa5af3fab12ccc8de /* Spring.h */,
				5e529e2c82fcd73d115bb52d26e7a401 /* SuperParticle.cpp */,
				1fe6569ec87ffa95dbb30506c327fdae /* SuperParticle.h */,
				07a3d617d58163c4cce1bc2350805c5d /* UIShell.cpp */,
				d7d8afc952b0f30444f88cc42fa85af5 /* UIShell.h */,
				970cad2ca05e81c06e525a98081f73de /* VectorField2D.cpp */,
				a5151ee98a91fbf2e4899d29fe6cd920 /* VectorField2D.h */,
			);
			name = simulators;
			sourceTree = "<group>";
		};
/* End PBXGroup section */

/* Begin PBXNativeTarget section */
		E4B69B5A0A3A1756003C02F2 /* example */ = {
			isa = PBXNativeTarget;
			buildConfigurationList = E4B69B5F0A3A1757003C02F2 /* Build configuration list for PBXNativeTarget "example" */;
			buildPhases = (
				E4B69B580A3A1756003C02F2 /* Sources */,
				E4B69B590A3A1756003C02F2 /* Frameworks */,
				E4B6FFFD0C3F9AB9008CF71C /* ShellScript */,
				E4C2427710CC5ABF004149E2 /* CopyFiles */,
			);
			buildRules = (
			);
			dependencies = (
				E4EEB9AC138B136A00A80321 /* PBXTargetDependency */,
			);
			name = example;
			productName = myOFApp;
			productReference = E4B69B5B0A3A1756003C02F2 /* exampleDebug.app */;
			productType = "com.apple.product-type.application";
		};
/* End PBXNativeTarget section */

/* Begin PBXProject section */
		E4B69B4C0A3A1720003C02F2 /* Project object */ = {
			isa = PBXProject;
			attributes = {
				LastUpgradeCheck = 0460;
			};
			buildConfigurationList = E4B69B4D0A3A1720003C02F2 /* Build configuration list for PBXProject "example" */;
			compatibilityVersion = "Xcode 3.2";
			developmentRegion = English;
			hasScannedForEncodings = 0;
			knownRegions = (
				English,
				Japanese,
				French,
				German,
			);
			mainGroup = E4B69B4A0A3A1720003C02F2;
			productRefGroup = E4B69B4A0A3A1720003C02F2;
			projectDirPath = "";
			projectReferences = (
				{
					ProductGroup = E4328144138ABC890047C5CB /* Products */;
					ProjectRef = E4328143138ABC890047C5CB /* openFrameworksLib.xcodeproj */;
				},
			);
			projectRoot = "";
			targets = (
				E4B69B5A0A3A1756003C02F2 /* example */,
			);
		};
/* End PBXProject section */

/* Begin PBXReferenceProxy section */
		E4328148138ABC890047C5CB /* openFrameworksDebug.a */ = {
			isa = PBXReferenceProxy;
			fileType = archive.ar;
			path = openFrameworksDebug.a;
			remoteRef = E4328147138ABC890047C5CB /* PBXContainerItemProxy */;
			sourceTree = BUILT_PRODUCTS_DIR;
		};
/* End PBXReferenceProxy section */

/* Begin PBXShellScriptBuildPhase section */
		E4B6FFFD0C3F9AB9008CF71C /* ShellScript */ = {
			isa = PBXShellScriptBuildPhase;
			buildActionMask = 2147483647;
			files = (
			);
			inputPaths = (
			);
			outputPaths = (
			);
			runOnlyForDeploymentPostprocessing = 0;
			shellPath = /bin/sh;
			shellScript = "cp -f ../../../libs/fmodex/lib/osx/libfmodex.dylib \"$TARGET_BUILD_DIR/$PRODUCT_NAME.app/Contents/MacOS/libfmodex.dylib\"; install_name_tool -change ./libfmodex.dylib @executable_path/libfmodex.dylib \"$TARGET_BUILD_DIR/$PRODUCT_NAME.app/Contents/MacOS/$PRODUCT_NAME\";\nmkdir -p \"$TARGET_BUILD_DIR/$PRODUCT_NAME.app/Contents/Resources/\"\ncp -f \"$ICON_FILE\" \"$TARGET_BUILD_DIR/$PRODUCT_NAME.app/Contents/Resources/\"\n";
		};
/* End PBXShellScriptBuildPhase section */

/* Begin PBXSourcesBuildPhase section */
		E4B69B580A3A1756003C02F2 /* Sources */ = {
			isa = PBXSourcesBuildPhase;
			buildActionMask = 2147483647;
			files = (
				E4B69E200A3A1BDC003C02F2 /* main.cpp in Sources */,
				E4B69E210A3A1BDC003C02F2 /* ofApp.cpp in Sources */,
				636d2481de0f1a2481a31eafec49d8d1 /* ProjectExample.cpp in Sources */,
				846a4dfa13b504ba5a646805b1764db4 /* UIBackground.cpp in Sources */,
				a2157834761feb0a13639b88b47e19f9 /* UISuperBackground.cpp in Sources */,
				9316dd9c0e2c814e402b0d2b68c24927 /* UIFog.cpp in Sources */,
				e34df0f08ae23dc9eca1cbe59b3e2bce /* UILight.cpp in Sources */,
				7caf3ae440760530f4a24ddebaeb4f1c /* UIMaterial.cpp in Sources */,
				3D508E86182732F500601BD5 /* UI3DGrid.cpp in Sources */,
				3D17357D182926580089C93E /* aColor.cpp in Sources */,
				66232392d8bafadd73d6fb46e40d2dd4 /* UIShader.cpp in Sources */,
				8a8d0b0c5641725bd3b59e6ea66fe192 /* Grid.cpp in Sources */,
				3D92373F18286C38002F6060 /* UICamera.cpp in Sources */,
				e96489fe3c0ca1b22d74549dcc4fc1a8 /* DraggableRectangle.cpp in Sources */,
				9ee2f1ff53c01cb930b4f479efcdf6ba /* Flickr.cpp in Sources */,
				af50c824294abe5cb6135df1ca079d8d /* md5.cpp in Sources */,
				5a1b05b9062459786cd414ba0d575bfa /* Recorder.cpp in Sources */,
				24cd636812540da6c27da9dbfd0f82ce /* Boid.cpp in Sources */,
				1201f7e2eb167c73e754f05d40133f5d /* Flock.cpp in Sources */,
				92705bbb1758fbec6b72299ee6eef2f7 /* Particle.cpp in Sources */,
				20a64d7ed966ddcf0bc35ddeca574ecb /* Spring.cpp in Sources */,
				74f26d570b11019556fb2d69e741f360 /* SuperParticle.cpp in Sources */,
				a5edd4727313699b97264232d4695b14 /* UIShell.cpp in Sources */,
				39102de8d4931869415f07553218bd57 /* VectorField2D.cpp in Sources */,
				ad7303fe104946424610590a4805c07e /* TextArc.cpp in Sources */,
				11129b71d43d51bc8e785be85a9ab7e5 /* TextBlock.cpp in Sources */,
				3748428187310dddffb5a05b1aa96be9 /* TextShape.cpp in Sources */,
				70812ec5d4532119d652b19e7a7b4aab /* UIText.cpp in Sources */,
				b2c03436e3b61f5881013b24d6eb085d /* UI2DProject.cpp in Sources */,
				5d7edf80840f68b1bbbbf193239de93a /* UI3DProject.cpp in Sources */,
				e3c2755fc6018ea825d0f97815cce1ea /* UIClass.cpp in Sources */,
				63b57ac5bf4ef088491e0317dbb2ecaa /* ofxXmlSettings.cpp in Sources */,
				933a2227713c720ceff80fd967d0a8ee /* tinyxml.cpp in Sources */,
				9d44dc88ef9e7991b4a09951e2e4769f /* tinyxmlerror.cpp in Sources */,
				5a4349e9754d6fa14c0f2a3a1abc30b6 /* tinyxmlparser.cpp in Sources */,
				3D508E891827394400601BD5 /* UI2DGrid.cpp in Sources */,
			);
			runOnlyForDeploymentPostprocessing = 0;
		};
/* End PBXSourcesBuildPhase section */

/* Begin PBXTargetDependency section */
		E4EEB9AC138B136A00A80321 /* PBXTargetDependency */ = {
			isa = PBXTargetDependency;
			name = openFrameworks;
			targetProxy = E4EEB9AB138B136A00A80321 /* PBXContainerItemProxy */;
		};
/* End PBXTargetDependency section */

/* Begin XCBuildConfiguration section */
		E4B69B4E0A3A1720003C02F2 /* Debug */ = {
			isa = XCBuildConfiguration;
			baseConfigurationReference = E4EB6923138AFD0F00A09F29 /* Project.xcconfig */;
			buildSettings = {
				ARCHS = "$(NATIVE_ARCH)";
				CONFIGURATION_BUILD_DIR = "$(SRCROOT)/bin/";
				COPY_PHASE_STRIP = NO;
				DEAD_CODE_STRIPPING = YES;
				GCC_AUTO_VECTORIZATION = YES;
				GCC_ENABLE_SSE3_EXTENSIONS = YES;
				GCC_ENABLE_SUPPLEMENTAL_SSE3_INSTRUCTIONS = YES;
				GCC_INLINES_ARE_PRIVATE_EXTERN = NO;
				GCC_OPTIMIZATION_LEVEL = 0;
				GCC_SYMBOLS_PRIVATE_EXTERN = NO;
				GCC_WARN_ABOUT_DEPRECATED_FUNCTIONS = YES;
				GCC_WARN_ABOUT_INVALID_OFFSETOF_MACRO = NO;
				GCC_WARN_ALLOW_INCOMPLETE_PROTOCOL = NO;
				GCC_WARN_UNINITIALIZED_AUTOS = NO;
				GCC_WARN_UNUSED_VALUE = NO;
				GCC_WARN_UNUSED_VARIABLE = NO;
				HEADER_SEARCH_PATHS = (
					"$(OF_CORE_HEADERS)",
					src,
					../../../addons/ofxCameraSaveLoad/libs,
					../../../addons/ofxCameraSaveLoad/src,
					../../../addons/ofxUI/libs,
					../../../addons/ofxUI/src,
					../../../addons/ofxUIProject/libs,
					../../../addons/ofxUIProject/src,
					../../../addons/ofxUIProject/src/background,
					../../../addons/ofxUIProject/src/gl,
					../../../addons/ofxUIProject/src/grids,
					../../../addons/ofxUIProject/src/helpers,
					../../../addons/ofxUIProject/src/simulators,
					../../../addons/ofxUIProject/src/text,
					../../../addons/ofxXmlSettings/libs,
					../../../addons/ofxXmlSettings/src,
				);
				MACOSX_DEPLOYMENT_TARGET = 10.6;
				OTHER_CPLUSPLUSFLAGS = (
					"-D__MACOSX_CORE__",
					"-lpthread",
					"-mtune=native",
				);
				SDKROOT = macosx;
			};
			name = Debug;
		};
		E4B69B4F0A3A1720003C02F2 /* Release */ = {
			isa = XCBuildConfiguration;
			baseConfigurationReference = E4EB6923138AFD0F00A09F29 /* Project.xcconfig */;
			buildSettings = {
				ARCHS = "$(NATIVE_ARCH)";
				CONFIGURATION_BUILD_DIR = "$(SRCROOT)/bin/";
				COPY_PHASE_STRIP = YES;
				DEAD_CODE_STRIPPING = YES;
				GCC_AUTO_VECTORIZATION = YES;
				GCC_ENABLE_SSE3_EXTENSIONS = YES;
				GCC_ENABLE_SUPPLEMENTAL_SSE3_INSTRUCTIONS = YES;
				GCC_INLINES_ARE_PRIVATE_EXTERN = NO;
				GCC_OPTIMIZATION_LEVEL = 3;
				GCC_SYMBOLS_PRIVATE_EXTERN = NO;
				GCC_UNROLL_LOOPS = YES;
				GCC_WARN_ABOUT_DEPRECATED_FUNCTIONS = YES;
				GCC_WARN_ABOUT_INVALID_OFFSETOF_MACRO = NO;
				GCC_WARN_ALLOW_INCOMPLETE_PROTOCOL = NO;
				GCC_WARN_UNINITIALIZED_AUTOS = NO;
				GCC_WARN_UNUSED_VALUE = NO;
				GCC_WARN_UNUSED_VARIABLE = NO;
				HEADER_SEARCH_PATHS = (
					"$(OF_CORE_HEADERS)",
					src,
					../../../addons/ofxCameraSaveLoad/libs,
					../../../addons/ofxCameraSaveLoad/src,
					../../../addons/ofxUI/libs,
					../../../addons/ofxUI/src,
					../../../addons/ofxUIProject/libs,
					../../../addons/ofxUIProject/src,
					../../../addons/ofxUIProject/src/background,
					../../../addons/ofxUIProject/src/gl,
					../../../addons/ofxUIProject/src/grids,
					../../../addons/ofxUIProject/src/helpers,
					../../../addons/ofxUIProject/src/simulators,
					../../../addons/ofxUIProject/src/text,
					../../../addons/ofxXmlSettings/libs,
					../../../addons/ofxXmlSettings/src,
				);
				MACOSX_DEPLOYMENT_TARGET = 10.6;
				OTHER_CPLUSPLUSFLAGS = (
					"-D__MACOSX_CORE__",
					"-lpthread",
					"-mtune=native",
				);
				SDKROOT = macosx;
			};
			name = Release;
		};
		E4B69B600A3A1757003C02F2 /* Debug */ = {
			isa = XCBuildConfiguration;
			buildSettings = {
				COMBINE_HIDPI_IMAGES = YES;
				COPY_PHASE_STRIP = NO;
				FRAMEWORK_SEARCH_PATHS = (
					"$(inherited)",
					"$(FRAMEWORK_SEARCH_PATHS_QUOTED_FOR_TARGET_1)",
				);
				FRAMEWORK_SEARCH_PATHS_QUOTED_FOR_TARGET_1 = "\"$(SRCROOT)/../../../libs/glut/lib/osx\"";
				GCC_DYNAMIC_NO_PIC = NO;
				GCC_GENERATE_DEBUGGING_SYMBOLS = YES;
				GCC_MODEL_TUNING = NONE;
				ICON = "$(ICON_NAME_DEBUG)";
				ICON_FILE = "$(ICON_FILE_PATH)$(ICON)";
				INFOPLIST_FILE = "openFrameworks-Info.plist";
				INSTALL_PATH = "$(HOME)/Applications";
				LIBRARY_SEARCH_PATHS = (
					"$(inherited)",
					"$(LIBRARY_SEARCH_PATHS_QUOTED_FOR_TARGET_1)",
					"$(LIBRARY_SEARCH_PATHS_QUOTED_FOR_TARGET_2)",
					"$(LIBRARY_SEARCH_PATHS_QUOTED_FOR_TARGET_3)",
					"$(LIBRARY_SEARCH_PATHS_QUOTED_FOR_TARGET_4)",
					"$(LIBRARY_SEARCH_PATHS_QUOTED_FOR_TARGET_5)",
					"$(LIBRARY_SEARCH_PATHS_QUOTED_FOR_TARGET_6)",
					"$(LIBRARY_SEARCH_PATHS_QUOTED_FOR_TARGET_7)",
					"$(LIBRARY_SEARCH_PATHS_QUOTED_FOR_TARGET_8)",
					"$(LIBRARY_SEARCH_PATHS_QUOTED_FOR_TARGET_9)",
					"$(LIBRARY_SEARCH_PATHS_QUOTED_FOR_TARGET_10)",
					"$(LIBRARY_SEARCH_PATHS_QUOTED_FOR_TARGET_11)",
					"$(LIBRARY_SEARCH_PATHS_QUOTED_FOR_TARGET_12)",
					"$(LIBRARY_SEARCH_PATHS_QUOTED_FOR_TARGET_13)",
					"$(LIBRARY_SEARCH_PATHS_QUOTED_FOR_TARGET_14)",
					"$(LIBRARY_SEARCH_PATHS_QUOTED_FOR_TARGET_15)",
					"$(LIBRARY_SEARCH_PATHS_QUOTED_FOR_TARGET_2)",
					"$(LIBRARY_SEARCH_PATHS_QUOTED_FOR_TARGET_3)",
					"$(LIBRARY_SEARCH_PATHS_QUOTED_FOR_TARGET_7)",
					"$(LIBRARY_SEARCH_PATHS_QUOTED_FOR_TARGET_8)",
					"$(LIBRARY_SEARCH_PATHS_QUOTED_FOR_TARGET_9)",
					"$(LIBRARY_SEARCH_PATHS_QUOTED_FOR_TARGET_10)",
					"$(LIBRARY_SEARCH_PATHS_QUOTED_FOR_TARGET_11)",
					"$(LIBRARY_SEARCH_PATHS_QUOTED_FOR_TARGET_12)",
					"$(LIBRARY_SEARCH_PATHS_QUOTED_FOR_TARGET_13)",
					"$(LIBRARY_SEARCH_PATHS_QUOTED_FOR_TARGET_16)",
					"$(LIBRARY_SEARCH_PATHS_QUOTED_FOR_TARGET_17)",
					"$(LIBRARY_SEARCH_PATHS_QUOTED_FOR_TARGET_18)",
					"$(LIBRARY_SEARCH_PATHS_QUOTED_FOR_TARGET_19)",
					"$(LIBRARY_SEARCH_PATHS_QUOTED_FOR_TARGET_20)",
					"$(LIBRARY_SEARCH_PATHS_QUOTED_FOR_TARGET_21)",
					"$(LIBRARY_SEARCH_PATHS_QUOTED_FOR_TARGET_22)",
					"$(LIBRARY_SEARCH_PATHS_QUOTED_FOR_TARGET_23)",
					"$(LIBRARY_SEARCH_PATHS_QUOTED_FOR_TARGET_24)",
					"$(LIBRARY_SEARCH_PATHS_QUOTED_FOR_TARGET_25)",
					"$(LIBRARY_SEARCH_PATHS_QUOTED_FOR_TARGET_26)",
					"$(LIBRARY_SEARCH_PATHS_QUOTED_FOR_TARGET_27)",
					"$(LIBRARY_SEARCH_PATHS_QUOTED_FOR_TARGET_28)",
					"$(LIBRARY_SEARCH_PATHS_QUOTED_FOR_TARGET_29)",
					"$(LIBRARY_SEARCH_PATHS_QUOTED_FOR_TARGET_30)",
					"$(LIBRARY_SEARCH_PATHS_QUOTED_FOR_TARGET_31)",
					"$(LIBRARY_SEARCH_PATHS_QUOTED_FOR_TARGET_32)",
					"$(LIBRARY_SEARCH_PATHS_QUOTED_FOR_TARGET_33)",
					"$(LIBRARY_SEARCH_PATHS_QUOTED_FOR_TARGET_34)",
					"$(LIBRARY_SEARCH_PATHS_QUOTED_FOR_TARGET_35)",
					"$(LIBRARY_SEARCH_PATHS_QUOTED_FOR_TARGET_36)",
					"$(LIBRARY_SEARCH_PATHS_QUOTED_FOR_TARGET_37)",
					"$(LIBRARY_SEARCH_PATHS_QUOTED_FOR_TARGET_38)",
					"$(LIBRARY_SEARCH_PATHS_QUOTED_FOR_TARGET_39)",
					"$(LIBRARY_SEARCH_PATHS_QUOTED_FOR_TARGET_40)",
					"$(LIBRARY_SEARCH_PATHS_QUOTED_FOR_TARGET_41)",
					"$(LIBRARY_SEARCH_PATHS_QUOTED_FOR_TARGET_42)",
					"$(LIBRARY_SEARCH_PATHS_QUOTED_FOR_TARGET_43)",
					"$(LIBRARY_SEARCH_PATHS_QUOTED_FOR_TARGET_44)",
					"$(LIBRARY_SEARCH_PATHS_QUOTED_FOR_TARGET_45)",
					"$(LIBRARY_SEARCH_PATHS_QUOTED_FOR_TARGET_46)",
					"$(LIBRARY_SEARCH_PATHS_QUOTED_FOR_TARGET_47)",
					"$(LIBRARY_SEARCH_PATHS_QUOTED_FOR_TARGET_48)",
					"$(LIBRARY_SEARCH_PATHS_QUOTED_FOR_TARGET_49)",
					"$(LIBRARY_SEARCH_PATHS_QUOTED_FOR_TARGET_50)",
					"$(LIBRARY_SEARCH_PATHS_QUOTED_FOR_TARGET_51)",
					"$(LIBRARY_SEARCH_PATHS_QUOTED_FOR_TARGET_52)",
				);
				PRODUCT_NAME = "$(TARGET_NAME)Debug";
				WRAPPER_EXTENSION = app;
			};
			name = Debug;
		};
		E4B69B610A3A1757003C02F2 /* Release */ = {
			isa = XCBuildConfiguration;
			buildSettings = {
				COMBINE_HIDPI_IMAGES = YES;
				COPY_PHASE_STRIP = YES;
				FRAMEWORK_SEARCH_PATHS = (
					"$(inherited)",
					"$(FRAMEWORK_SEARCH_PATHS_QUOTED_FOR_TARGET_1)",
				);
				FRAMEWORK_SEARCH_PATHS_QUOTED_FOR_TARGET_1 = "\"$(SRCROOT)/../../../libs/glut/lib/osx\"";
				GCC_GENERATE_DEBUGGING_SYMBOLS = YES;
				GCC_MODEL_TUNING = NONE;
				ICON = "$(ICON_NAME_RELEASE)";
				ICON_FILE = "$(ICON_FILE_PATH)$(ICON)";
				INFOPLIST_FILE = "openFrameworks-Info.plist";
				INSTALL_PATH = "$(HOME)/Applications";
				LIBRARY_SEARCH_PATHS = (
					"$(inherited)",
					"$(LIBRARY_SEARCH_PATHS_QUOTED_FOR_TARGET_1)",
					"$(LIBRARY_SEARCH_PATHS_QUOTED_FOR_TARGET_2)",
					"$(LIBRARY_SEARCH_PATHS_QUOTED_FOR_TARGET_3)",
					"$(LIBRARY_SEARCH_PATHS_QUOTED_FOR_TARGET_4)",
					"$(LIBRARY_SEARCH_PATHS_QUOTED_FOR_TARGET_5)",
					"$(LIBRARY_SEARCH_PATHS_QUOTED_FOR_TARGET_6)",
					"$(LIBRARY_SEARCH_PATHS_QUOTED_FOR_TARGET_7)",
					"$(LIBRARY_SEARCH_PATHS_QUOTED_FOR_TARGET_8)",
					"$(LIBRARY_SEARCH_PATHS_QUOTED_FOR_TARGET_9)",
					"$(LIBRARY_SEARCH_PATHS_QUOTED_FOR_TARGET_10)",
					"$(LIBRARY_SEARCH_PATHS_QUOTED_FOR_TARGET_11)",
					"$(LIBRARY_SEARCH_PATHS_QUOTED_FOR_TARGET_12)",
					"$(LIBRARY_SEARCH_PATHS_QUOTED_FOR_TARGET_13)",
					"$(LIBRARY_SEARCH_PATHS_QUOTED_FOR_TARGET_14)",
					"$(LIBRARY_SEARCH_PATHS_QUOTED_FOR_TARGET_15)",
					"$(LIBRARY_SEARCH_PATHS_QUOTED_FOR_TARGET_2)",
					"$(LIBRARY_SEARCH_PATHS_QUOTED_1)",
					"$(LIBRARY_SEARCH_PATHS_QUOTED_FOR_TARGET_3)",
					"$(LIBRARY_SEARCH_PATHS_QUOTED_FOR_TARGET_7)",
					"$(LIBRARY_SEARCH_PATHS_QUOTED_FOR_TARGET_8)",
					"$(LIBRARY_SEARCH_PATHS_QUOTED_FOR_TARGET_9)",
					"$(LIBRARY_SEARCH_PATHS_QUOTED_FOR_TARGET_10)",
					"$(LIBRARY_SEARCH_PATHS_QUOTED_FOR_TARGET_11)",
					"$(LIBRARY_SEARCH_PATHS_QUOTED_FOR_TARGET_12)",
					"$(LIBRARY_SEARCH_PATHS_QUOTED_FOR_TARGET_13)",
					"$(LIBRARY_SEARCH_PATHS_QUOTED_FOR_TARGET_16)",
					"$(LIBRARY_SEARCH_PATHS_QUOTED_FOR_TARGET_17)",
					"$(LIBRARY_SEARCH_PATHS_QUOTED_FOR_TARGET_18)",
					"$(LIBRARY_SEARCH_PATHS_QUOTED_FOR_TARGET_19)",
					"$(LIBRARY_SEARCH_PATHS_QUOTED_FOR_TARGET_20)",
					"$(LIBRARY_SEARCH_PATHS_QUOTED_FOR_TARGET_21)",
					"$(LIBRARY_SEARCH_PATHS_QUOTED_FOR_TARGET_22)",
					"$(LIBRARY_SEARCH_PATHS_QUOTED_FOR_TARGET_23)",
					"$(LIBRARY_SEARCH_PATHS_QUOTED_FOR_TARGET_24)",
					"$(LIBRARY_SEARCH_PATHS_QUOTED_FOR_TARGET_25)",
					"$(LIBRARY_SEARCH_PATHS_QUOTED_FOR_TARGET_26)",
					"$(LIBRARY_SEARCH_PATHS_QUOTED_FOR_TARGET_27)",
					"$(LIBRARY_SEARCH_PATHS_QUOTED_FOR_TARGET_28)",
					"$(LIBRARY_SEARCH_PATHS_QUOTED_FOR_TARGET_29)",
					"$(LIBRARY_SEARCH_PATHS_QUOTED_FOR_TARGET_30)",
					"$(LIBRARY_SEARCH_PATHS_QUOTED_FOR_TARGET_31)",
					"$(LIBRARY_SEARCH_PATHS_QUOTED_FOR_TARGET_32)",
					"$(LIBRARY_SEARCH_PATHS_QUOTED_FOR_TARGET_33)",
					"$(LIBRARY_SEARCH_PATHS_QUOTED_FOR_TARGET_34)",
					"$(LIBRARY_SEARCH_PATHS_QUOTED_FOR_TARGET_35)",
					"$(LIBRARY_SEARCH_PATHS_QUOTED_FOR_TARGET_36)",
					"$(LIBRARY_SEARCH_PATHS_QUOTED_FOR_TARGET_37)",
					"$(LIBRARY_SEARCH_PATHS_QUOTED_FOR_TARGET_38)",
					"$(LIBRARY_SEARCH_PATHS_QUOTED_FOR_TARGET_39)",
					"$(LIBRARY_SEARCH_PATHS_QUOTED_FOR_TARGET_40)",
					"$(LIBRARY_SEARCH_PATHS_QUOTED_FOR_TARGET_41)",
					"$(LIBRARY_SEARCH_PATHS_QUOTED_FOR_TARGET_42)",
					"$(LIBRARY_SEARCH_PATHS_QUOTED_FOR_TARGET_43)",
					"$(LIBRARY_SEARCH_PATHS_QUOTED_FOR_TARGET_44)",
					"$(LIBRARY_SEARCH_PATHS_QUOTED_FOR_TARGET_45)",
					"$(LIBRARY_SEARCH_PATHS_QUOTED_FOR_TARGET_46)",
					"$(LIBRARY_SEARCH_PATHS_QUOTED_FOR_TARGET_47)",
					"$(LIBRARY_SEARCH_PATHS_QUOTED_FOR_TARGET_48)",
					"$(LIBRARY_SEARCH_PATHS_QUOTED_FOR_TARGET_49)",
					"$(LIBRARY_SEARCH_PATHS_QUOTED_FOR_TARGET_50)",
					"$(LIBRARY_SEARCH_PATHS_QUOTED_FOR_TARGET_51)",
				);
				PRODUCT_NAME = "$(TARGET_NAME)";
				WRAPPER_EXTENSION = app;
			};
			name = Release;
		};
/* End XCBuildConfiguration section */

/* Begin XCConfigurationList section */
		E4B69B4D0A3A1720003C02F2 /* Build configuration list for PBXProject "example" */ = {
			isa = XCConfigurationList;
			buildConfigurations = (
				E4B69B4E0A3A1720003C02F2 /* Debug */,
				E4B69B4F0A3A1720003C02F2 /* Release */,
			);
			defaultConfigurationIsVisible = 0;
			defaultConfigurationName = Release;
		};
		E4B69B5F0A3A1757003C02F2 /* Build configuration list for PBXNativeTarget "example" */ = {
			isa = XCConfigurationList;
			buildConfigurations = (
				E4B69B600A3A1757003C02F2 /* Debug */,
				E4B69B610A3A1757003C02F2 /* Release */,
			);
			defaultConfigurationIsVisible = 0;
			defaultConfigurationName = Release;
		};
/* End XCConfigurationList section */
	};
	rootObject = E4B69B4C0A3A1720003C02F2 /* Project object */;
}
