// !$*UTF8*$!
{
	archiveVersion = 1;
	classes = {
	};
	objectVersion = 46;
	objects = {

/* Begin PBXBuildFile section */
		04e40af9cb380130c2846e86b6c152a0 /* ofxDistorterBehavior.cpp in Sources */ = {isa = PBXBuildFile; fileRef = 62e358afd51682e14ca775f43cc49ce3 /* ofxDistorterBehavior.cpp */; };
		1201f7e2eb167c73e754f05d40133f5d /* Flock.cpp in Sources */ = {isa = PBXBuildFile; fileRef = 56b12b126084d36d81163502e89d722b /* Flock.cpp */; };
		152d04f164c424dfe57c4e1e07784dd7 /* ofxVortexBehavior.cpp in Sources */ = {isa = PBXBuildFile; fileRef = 7431c9ac6e4c0c1498b6558f69245e43 /* ofxVortexBehavior.cpp */; };
		1c1b6f785f4c4a436418b5e60297915f /* ofxLorentzBehavior.cpp in Sources */ = {isa = PBXBuildFile; fileRef = 021f38ab5658c992d75869e4975feb54 /* ofxLorentzBehavior.cpp */; };
		20a64d7ed966ddcf0bc35ddeca574ecb /* Spring.cpp in Sources */ = {isa = PBXBuildFile; fileRef = 851b82fa1b05afb1c0cc0ad2f49abe74 /* Spring.cpp */; };
		24cd636812540da6c27da9dbfd0f82ce /* Boid.cpp in Sources */ = {isa = PBXBuildFile; fileRef = fa9dd5aefd2f18312e7d95e7891e0c22 /* Boid.cpp */; };
		2c1ed88a3466d1d2ac3da004863f86e4 /* ofxCameraSaveLoad.cpp in Sources */ = {isa = PBXBuildFile; fileRef = feb2058e7166d8cdcfad557b94dad5e4 /* ofxCameraSaveLoad.cpp */; };
		2d298da1e4f332f1af49f14b7b38028c /* ofxRParticle.cpp in Sources */ = {isa = PBXBuildFile; fileRef = f38d5abb130d2d130a25b29aa1b757ec /* ofxRParticle.cpp */; };
		369d5a63422511201f70eaade1683ad5 /* ofxElectroStaticBehavior.cpp in Sources */ = {isa = PBXBuildFile; fileRef = c17d5a1b9272ef9e52204f48061b6de8 /* ofxElectroStaticBehavior.cpp */; };
		37b0487e1f8517b8278f36c860ebfcb4 /* ofxRParticleGlowieRenderer.cpp in Sources */ = {isa = PBXBuildFile; fileRef = d2dac925a888bb60a301a32b89b9dc2b /* ofxRParticleGlowieRenderer.cpp */; };
		38a7cb165dcfbf60ecf65b289f8aa0be /* ofxSwarmBehavior.cpp in Sources */ = {isa = PBXBuildFile; fileRef = abd06242539292bb6bf7aa388274a6d8 /* ofxSwarmBehavior.cpp */; };
		3D27E1E217EE5336002BB580 /* UILight.cpp in Sources */ = {isa = PBXBuildFile; fileRef = 3D27E1E117EE5336002BB580 /* UILight.cpp */; };
		3DD13A9A17EF29A500FA13BC /* UIMaterial.cpp in Sources */ = {isa = PBXBuildFile; fileRef = 3DD13A9917EF29A500FA13BC /* UIMaterial.cpp */; };
		53655c7ced2821910f86571b1507446f /* ofxBehavior.cpp in Sources */ = {isa = PBXBuildFile; fileRef = 04f8447d49347c1f6ed21f2c6afc2855 /* ofxBehavior.cpp */; };
		55a08d3e7f4a572c38886546f5288957 /* ofxPerlinBehavior.cpp in Sources */ = {isa = PBXBuildFile; fileRef = 96d901f19738236af901c8b5003ee1ef /* ofxPerlinBehavior.cpp */; };
		5a4349e9754d6fa14c0f2a3a1abc30b6 /* tinyxmlparser.cpp in Sources */ = {isa = PBXBuildFile; fileRef = fc5da1c87211d4f6377da7199d8c5a1e /* tinyxmlparser.cpp */; };
		607578bf11203095fa64c670079d6a27 /* UIPostRender.cpp in Sources */ = {isa = PBXBuildFile; fileRef = f9b83b0abbd877d57d50638e4c03c10a /* UIPostRender.cpp */; };
		63b57ac5bf4ef088491e0317dbb2ecaa /* ofxXmlSettings.cpp in Sources */ = {isa = PBXBuildFile; fileRef = 50df87d612c5aae17aafa6c02c6bc570 /* ofxXmlSettings.cpp */; };
		6411ae5364935a95cc41f7e01311522c /* ofxRParticleSystem.cpp in Sources */ = {isa = PBXBuildFile; fileRef = 67d683eff22d202d3fd0364a1a234190 /* ofxRParticleSystem.cpp */; };
		66232392d8bafadd73d6fb46e40d2dd4 /* UIShader.cpp in Sources */ = {isa = PBXBuildFile; fileRef = f84c0d38b417b1653a5bb5da0f322507 /* UIShader.cpp */; };
		7232bd2b0184e6b6c168ae685f11edcc /* UIGrid.cpp in Sources */ = {isa = PBXBuildFile; fileRef = a35a3e38174a756862fa648f05b66579 /* UIGrid.cpp */; };
		74e619ac6659015af9a8eff603b561be /* ofxHomingBehavior.cpp in Sources */ = {isa = PBXBuildFile; fileRef = c4eb2e4abbb09979379e9efc2da57328 /* ofxHomingBehavior.cpp */; };
		74f26d570b11019556fb2d69e741f360 /* SuperParticle.cpp in Sources */ = {isa = PBXBuildFile; fileRef = 5e529e2c82fcd73d115bb52d26e7a401 /* SuperParticle.cpp */; };
		81409e03f11459ea0601802da0b6ffd6 /* ofxDamperBehavior.cpp in Sources */ = {isa = PBXBuildFile; fileRef = 42e97e3d4b7f2b73adda01ddb2128f50 /* ofxDamperBehavior.cpp */; };
		846a4dfa13b504ba5a646805b1764db4 /* UIBackground.cpp in Sources */ = {isa = PBXBuildFile; fileRef = 6b7022e8f8aafe6a26a1f79ca3cc2273 /* UIBackground.cpp */; };
		8a8d0b0c5641725bd3b59e6ea66fe192 /* Grid.cpp in Sources */ = {isa = PBXBuildFile; fileRef = 32fa0a7095256e3744900a394c912dab /* Grid.cpp */; };
		91cca8027bf63101ff240fa66e129324 /* ofxRParticleRenderer.cpp in Sources */ = {isa = PBXBuildFile; fileRef = fd0d49443543d04b9698841377fba53d /* ofxRParticleRenderer.cpp */; };
		92705bbb1758fbec6b72299ee6eef2f7 /* Particle.cpp in Sources */ = {isa = PBXBuildFile; fileRef = 1e6428ac3cde00e4545df67be622882e /* Particle.cpp */; };
		9316dd9c0e2c814e402b0d2b68c24927 /* UIFog.cpp in Sources */ = {isa = PBXBuildFile; fileRef = a1e7a7f265682a1f56d0feb629a93e77 /* UIFog.cpp */; };
		933a2227713c720ceff80fd967d0a8ee /* tinyxml.cpp in Sources */ = {isa = PBXBuildFile; fileRef = 2b40eda85beb63e46785bc299a638898 /* tinyxml.cpp */; };
		9d44dc88ef9e7991b4a09951e2e4769f /* tinyxmlerror.cpp in Sources */ = {isa = PBXBuildFile; fileRef = 832bdc407620cdba568b713d2252c43c /* tinyxmlerror.cpp */; };
		BBAB23CB13894F3D00AA2426 /* GLUT.framework in CopyFiles */ = {isa = PBXBuildFile; fileRef = BBAB23BE13894E4700AA2426 /* GLUT.framework */; };
		E4328149138ABC9F0047C5CB /* openFrameworksDebug.a in Frameworks */ = {isa = PBXBuildFile; fileRef = E4328148138ABC890047C5CB /* openFrameworksDebug.a */; };
		E45BE97B0E8CC7DD009D7055 /* AGL.framework in Frameworks */ = {isa = PBXBuildFile; fileRef = E45BE9710E8CC7DD009D7055 /* AGL.framework */; };
		E45BE97C0E8CC7DD009D7055 /* ApplicationServices.framework in Frameworks */ = {isa = PBXBuildFile; fileRef = E45BE9720E8CC7DD009D7055 /* ApplicationServices.framework */; };
		E45BE97D0E8CC7DD009D7055 /* AudioToolbox.framework in Frameworks */ = {isa = PBXBuildFile; fileRef = E45BE9730E8CC7DD009D7055 /* AudioToolbox.framework */; };
		E45BE97E0E8CC7DD009D7055 /* Carbon.framework in Frameworks */ = {isa = PBXBuildFile; fileRef = E45BE9740E8CC7DD009D7055 /* Carbon.framework */; };
		E45BE97F0E8CC7DD009D7055 /* CoreAudio.framework in Frameworks */ = {isa = PBXBuildFile; fileRef = E45BE9750E8CC7DD009D7055 /* CoreAudio.framework */; };
		E45BE9800E8CC7DD009D7055 /* CoreFoundation.framework in Frameworks */ = {isa = PBXBuildFile; fileRef = E45BE9760E8CC7DD009D7055 /* CoreFoundation.framework */; };
		E45BE9810E8CC7DD009D7055 /* CoreServices.framework in Frameworks */ = {isa = PBXBuildFile; fileRef = E45BE9770E8CC7DD009D7055 /* CoreServices.framework */; };
		E45BE9830E8CC7DD009D7055 /* OpenGL.framework in Frameworks */ = {isa = PBXBuildFile; fileRef = E45BE9790E8CC7DD009D7055 /* OpenGL.framework */; };
		E45BE9840E8CC7DD009D7055 /* QuickTime.framework in Frameworks */ = {isa = PBXBuildFile; fileRef = E45BE97A0E8CC7DD009D7055 /* QuickTime.framework */; };
		E4B69E200A3A1BDC003C02F2 /* main.cpp in Sources */ = {isa = PBXBuildFile; fileRef = E4B69E1D0A3A1BDC003C02F2 /* main.cpp */; };
		E4B69E210A3A1BDC003C02F2 /* ofApp.cpp in Sources */ = {isa = PBXBuildFile; fileRef = E4B69E1E0A3A1BDC003C02F2 /* ofApp.cpp */; };
		E4C2424710CC5A17004149E2 /* AppKit.framework in Frameworks */ = {isa = PBXBuildFile; fileRef = E4C2424410CC5A17004149E2 /* AppKit.framework */; };
		E4C2424810CC5A17004149E2 /* Cocoa.framework in Frameworks */ = {isa = PBXBuildFile; fileRef = E4C2424510CC5A17004149E2 /* Cocoa.framework */; };
		E4C2424910CC5A17004149E2 /* IOKit.framework in Frameworks */ = {isa = PBXBuildFile; fileRef = E4C2424610CC5A17004149E2 /* IOKit.framework */; };
		E4EB6799138ADC1D00A09F29 /* GLUT.framework in Frameworks */ = {isa = PBXBuildFile; fileRef = BBAB23BE13894E4700AA2426 /* GLUT.framework */; };
		E7E077E515D3B63C0020DFD4 /* CoreVideo.framework in Frameworks */ = {isa = PBXBuildFile; fileRef = E7E077E415D3B63C0020DFD4 /* CoreVideo.framework */; };
		E7E077E815D3B6510020DFD4 /* QTKit.framework in Frameworks */ = {isa = PBXBuildFile; fileRef = E7E077E715D3B6510020DFD4 /* QTKit.framework */; };
		E7F985F815E0DEA3003869B5 /* Accelerate.framework in Frameworks */ = {isa = PBXBuildFile; fileRef = E7F985F515E0DE99003869B5 /* Accelerate.framework */; };
		a2157834761feb0a13639b88b47e19f9 /* UISuperBackground.cpp in Sources */ = {isa = PBXBuildFile; fileRef = 5b18d4bac8d493b40f9f18eae12aaf8a /* UISuperBackground.cpp */; };
		a7a25981bde72784e462d29bf7ecda67 /* ofxBufferEffectorBehavior.cpp in Sources */ = {isa = PBXBuildFile; fileRef = 21a19130323515b141eabf895c3bd310 /* ofxBufferEffectorBehavior.cpp */; };
		be06baaa2959844f72e990ce2891ce68 /* ofxVerletSolver.cpp in Sources */ = {isa = PBXBuildFile; fileRef = c12d63d7f8dea049f78a9dbabb96a588 /* ofxVerletSolver.cpp */; };
		cd64b5c6ce3d487a5616c1f48e4e0f4c /* UIProject.cpp in Sources */ = {isa = PBXBuildFile; fileRef = ab9b60428a0a1071de859ea5d161b34f /* UIProject.cpp */; };
		cf0b6820b0448da6782deb6e075c8117 /* ShellExample.cpp in Sources */ = {isa = PBXBuildFile; fileRef = f447484f34c7db36dba8771f197147c3 /* ShellExample.cpp */; };
		dfc64ed0baa1e805c86780e5556c9c0d /* ofxSolver.cpp in Sources */ = {isa = PBXBuildFile; fileRef = d31f4a78dc1391f558bfb4dac5508d03 /* ofxSolver.cpp */; };
		e3c2755fc6018ea825d0f97815cce1ea /* UIClass.cpp in Sources */ = {isa = PBXBuildFile; fileRef = d48670cbcd25026071c713971ea7ceb5 /* UIClass.cpp */; };
		eea7aeafed076b33006c34985dcf3a72 /* ofxField2D.cpp in Sources */ = {isa = PBXBuildFile; fileRef = e02ffcf0a91c865ed57587ed6c347237 /* ofxField2D.cpp */; };
		f8f64b5df74d726c19dbecfb17dfc69d /* ofxSphericalAttractionBehavior.cpp in Sources */ = {isa = PBXBuildFile; fileRef = 552834defc20f8c3596b624bfac06588 /* ofxSphericalAttractionBehavior.cpp */; };
/* End PBXBuildFile section */

/* Begin PBXContainerItemProxy section */
		E4328147138ABC890047C5CB /* PBXContainerItemProxy */ = {
			isa = PBXContainerItemProxy;
			containerPortal = E4328143138ABC890047C5CB /* openFrameworksLib.xcodeproj */;
			proxyType = 2;
			remoteGlobalIDString = E4B27C1510CBEB8E00536013;
			remoteInfo = openFrameworks;
		};
		E4EEB9AB138B136A00A80321 /* PBXContainerItemProxy */ = {
			isa = PBXContainerItemProxy;
			containerPortal = E4328143138ABC890047C5CB /* openFrameworksLib.xcodeproj */;
			proxyType = 1;
			remoteGlobalIDString = E4B27C1410CBEB8E00536013;
			remoteInfo = openFrameworks;
		};
/* End PBXContainerItemProxy section */

/* Begin PBXCopyFilesBuildPhase section */
		E4C2427710CC5ABF004149E2 /* CopyFiles */ = {
			isa = PBXCopyFilesBuildPhase;
			buildActionMask = 2147483647;
			dstPath = "";
			dstSubfolderSpec = 10;
			files = (
				BBAB23CB13894F3D00AA2426 /* GLUT.framework in CopyFiles */,
			);
			runOnlyForDeploymentPostprocessing = 0;
		};
/* End PBXCopyFilesBuildPhase section */

/* Begin PBXFileReference section */
		01dcc0911400f9acf5b65578af4ec8f9 /* ofxXmlSettings.h */ = {isa = PBXFileReference; explicitFileType = sourcecode.c.h; fileEncoding = 30; name = ofxXmlSettings.h; path = ../../../addons/ofxXmlSettings/src/ofxXmlSettings.h; sourceTree = SOURCE_ROOT; };
		021f38ab5658c992d75869e4975feb54 /* ofxLorentzBehavior.cpp */ = {isa = PBXFileReference; explicitFileType = sourcecode.cpp.cpp; fileEncoding = 30; name = ofxLorentzBehavior.cpp; path = ../../../addons/ofxGenerative/src/ofxLorentzBehavior.cpp; sourceTree = SOURCE_ROOT; };
		02677fa320d6c63b228a7562514b9d55 /* ofxUIWidgetWithLabel.h */ = {isa = PBXFileReference; explicitFileType = sourcecode.c.h; fileEncoding = 30; name = ofxUIWidgetWithLabel.h; path = ../../../addons/ofxUI/src/ofxUIWidgetWithLabel.h; sourceTree = SOURCE_ROOT; };
		04f8447d49347c1f6ed21f2c6afc2855 /* ofxBehavior.cpp */ = {isa = PBXFileReference; explicitFileType = sourcecode.cpp.cpp; fileEncoding = 30; name = ofxBehavior.cpp; path = ../../../addons/ofxGenerative/src/ofxBehavior.cpp; sourceTree = SOURCE_ROOT; };
		0cc14093127b0dff28ee478144a992d8 /* ofxRParticleGlowieRenderer.h */ = {isa = PBXFileReference; explicitFileType = sourcecode.c.h; fileEncoding = 30; name = ofxRParticleGlowieRenderer.h; path = ../../../addons/ofxGenerative/src/ofxRParticleGlowieRenderer.h; sourceTree = SOURCE_ROOT; };
		110a2952bc7168d24182b60668b5a18c /* UIGrid.h */ = {isa = PBXFileReference; explicitFileType = sourcecode.c.h; fileEncoding = 30; name = UIGrid.h; path = ../../../addons/ofxUIProject/src/grids/UIGrid.h; sourceTree = SOURCE_ROOT; };
		15c99204ff4d8d72ad034b63f410265d /* ofxUINumberDialer.h */ = {isa = PBXFileReference; explicitFileType = sourcecode.c.h; fileEncoding = 30; name = ofxUINumberDialer.h; path = ../../../addons/ofxUI/src/ofxUINumberDialer.h; sourceTree = SOURCE_ROOT; };
		15e69017b5db282ef100ee15e7bce594 /* ofxUICustomImageButton.h */ = {isa = PBXFileReference; explicitFileType = sourcecode.c.h; fileEncoding = 30; name = ofxUICustomImageButton.h; path = ../../../addons/ofxUI/src/ofxUICustomImageButton.h; sourceTree = SOURCE_ROOT; };
		1902452f5e510a2dbc1e5bd6d62db983 /* ofxUIMultiImageToggle.h */ = {isa = PBXFileReference; explicitFileType = sourcecode.c.h; fileEncoding = 30; name = ofxUIMultiImageToggle.h; path = ../../../addons/ofxUI/src/ofxUIMultiImageToggle.h; sourceTree = SOURCE_ROOT; };
		1c43cdb79bf40ea7424b96804209f474 /* ofxUISuperCanvas.h */ = {isa = PBXFileReference; explicitFileType = sourcecode.c.h; fileEncoding = 30; name = ofxUISuperCanvas.h; path = ../../../addons/ofxUI/src/ofxUISuperCanvas.h; sourceTree = SOURCE_ROOT; };
		1e29c7e8c47e3e2db1c5876646df436b /* ofxUIRectangle.h */ = {isa = PBXFileReference; explicitFileType = sourcecode.c.h; fileEncoding = 30; name = ofxUIRectangle.h; path = ../../../addons/ofxUI/src/ofxUIRectangle.h; sourceTree = SOURCE_ROOT; };
		1e6428ac3cde00e4545df67be622882e /* Particle.cpp */ = {isa = PBXFileReference; explicitFileType = sourcecode.cpp.cpp; fileEncoding = 30; name = Particle.cpp; path = ../../../addons/ofxUIProject/src/simulators/Particle.cpp; sourceTree = SOURCE_ROOT; };
		1fe6569ec87ffa95dbb30506c327fdae /* SuperParticle.h */ = {isa = PBXFileReference; explicitFileType = sourcecode.c.h; fileEncoding = 30; name = SuperParticle.h; path = ../../../addons/ofxUIProject/src/simulators/SuperParticle.h; sourceTree = SOURCE_ROOT; };
		21a19130323515b141eabf895c3bd310 /* ofxBufferEffectorBehavior.cpp */ = {isa = PBXFileReference; explicitFileType = sourcecode.cpp.cpp; fileEncoding = 30; name = ofxBufferEffectorBehavior.cpp; path = ../../../addons/ofxGenerative/src/ofxBufferEffectorBehavior.cpp; sourceTree = SOURCE_ROOT; };
		2485b0bfa66b5e4fa5af3fab12ccc8de /* Spring.h */ = {isa = PBXFileReference; explicitFileType = sourcecode.c.h; fileEncoding = 30; name = Spring.h; path = ../../../addons/ofxUIProject/src/simulators/Spring.h; sourceTree = SOURCE_ROOT; };
		2629ea38046427c2d8c6e8040ec47000 /* Particle.h */ = {isa = PBXFileReference; explicitFileType = sourcecode.c.h; fileEncoding = 30; name = Particle.h; path = ../../../addons/ofxUIProject/src/simulators/Particle.h; sourceTree = SOURCE_ROOT; };
		2b40eda85beb63e46785bc299a638898 /* tinyxml.cpp */ = {isa = PBXFileReference; explicitFileType = sourcecode.cpp.cpp; fileEncoding = 30; name = tinyxml.cpp; path = ../../../addons/ofxXmlSettings/libs/tinyxml.cpp; sourceTree = SOURCE_ROOT; };
		2d394124f88f348aa4142dcfb64b4bd1 /* ofxUIImageToggle.h */ = {isa = PBXFileReference; explicitFileType = sourcecode.c.h; fileEncoding = 30; name = ofxUIImageToggle.h; path = ../../../addons/ofxUI/src/ofxUIImageToggle.h; sourceTree = SOURCE_ROOT; };
		2dd185513a2875ec8a07867018e8bd02 /* ofxUIBiLabelSlider.h */ = {isa = PBXFileReference; explicitFileType = sourcecode.c.h; fileEncoding = 30; name = ofxUIBiLabelSlider.h; path = ../../../addons/ofxUI/src/ofxUIBiLabelSlider.h; sourceTree = SOURCE_ROOT; };
		32bd050a579633adbca5af6b202f651b /* ofxUIWidget.h */ = {isa = PBXFileReference; explicitFileType = sourcecode.c.h; fileEncoding = 30; name = ofxUIWidget.h; path = ../../../addons/ofxUI/src/ofxUIWidget.h; sourceTree = SOURCE_ROOT; };
		32fa0a7095256e3744900a394c912dab /* Grid.cpp */ = {isa = PBXFileReference; explicitFileType = sourcecode.cpp.cpp; fileEncoding = 30; name = Grid.cpp; path = ../../../addons/ofxUIProject/src/grids/Grid.cpp; sourceTree = SOURCE_ROOT; };
		334840ca6b3402c8c30cac4e645376bb /* ofxUIOFWrapper.h */ = {isa = PBXFileReference; explicitFileType = sourcecode.c.h; fileEncoding = 30; name = ofxUIOFWrapper.h; path = ../../../addons/ofxUI/src/ofxUIOFWrapper.h; sourceTree = SOURCE_ROOT; };
		375b3c175823cb54d59b1335cffa200a /* ofxBehavior.h */ = {isa = PBXFileReference; explicitFileType = sourcecode.c.h; fileEncoding = 30; name = ofxBehavior.h; path = ../../../addons/ofxGenerative/src/ofxBehavior.h; sourceTree = SOURCE_ROOT; };
		3D27E1E117EE5336002BB580 /* UILight.cpp */ = {isa = PBXFileReference; fileEncoding = 4; lastKnownFileType = sourcecode.cpp.cpp; name = UILight.cpp; path = ../src/gl/UILight.cpp; sourceTree = "<group>"; };
		3DD13A9917EF29A500FA13BC /* UIMaterial.cpp */ = {isa = PBXFileReference; fileEncoding = 4; lastKnownFileType = sourcecode.cpp.cpp; name = UIMaterial.cpp; path = ../src/gl/UIMaterial.cpp; sourceTree = "<group>"; };
		3abf9f0fb0891b9477e6d4bba2290fde /* UIPostRender.h */ = {isa = PBXFileReference; explicitFileType = sourcecode.c.h; fileEncoding = 30; name = UIPostRender.h; path = ../../../addons/ofxUIProject/src/gl/UIPostRender.h; sourceTree = SOURCE_ROOT; };
		4117b8c24d49837d3df9c23bd2405bdc /* ofxUIToggle.h */ = {isa = PBXFileReference; explicitFileType = sourcecode.c.h; fileEncoding = 30; name = ofxUIToggle.h; path = ../../../addons/ofxUI/src/ofxUIToggle.h; sourceTree = SOURCE_ROOT; };
		42e97e3d4b7f2b73adda01ddb2128f50 /* ofxDamperBehavior.cpp */ = {isa = PBXFileReference; explicitFileType = sourcecode.cpp.cpp; fileEncoding = 30; name = ofxDamperBehavior.cpp; path = ../../../addons/ofxGenerative/src/ofxDamperBehavior.cpp; sourceTree = SOURCE_ROOT; };
		431d6bbf1ef545b203e4cae1dda8512f /* ofxUIMultiImageSlider.h */ = {isa = PBXFileReference; explicitFileType = sourcecode.c.h; fileEncoding = 30; name = ofxUIMultiImageSlider.h; path = ../../../addons/ofxUI/src/ofxUIMultiImageSlider.h; sourceTree = SOURCE_ROOT; };
		44c94b355532df09511c1e9973d5e422 /* ofxSuperShape.h */ = {isa = PBXFileReference; explicitFileType = sourcecode.c.h; fileEncoding = 30; name = ofxSuperShape.h; path = ../../../addons/ofxGenerative/src/ofxSuperShape.h; sourceTree = SOURCE_ROOT; };
		470b5d2ac2f616d10b2e6025718527c8 /* ofxUISlider.h */ = {isa = PBXFileReference; explicitFileType = sourcecode.c.h; fileEncoding = 30; name = ofxUISlider.h; path = ../../../addons/ofxUI/src/ofxUISlider.h; sourceTree = SOURCE_ROOT; };
		485c3974da299d497ef41257d050ea76 /* GridCross.h */ = {isa = PBXFileReference; explicitFileType = sourcecode.c.h; fileEncoding = 30; name = GridCross.h; path = ../../../addons/ofxUIProject/src/grids/GridCross.h; sourceTree = SOURCE_ROOT; };
		4aea0d08c3b0323fedc8d9749c9217ea /* ofxUIImageSampler.h */ = {isa = PBXFileReference; explicitFileType = sourcecode.c.h; fileEncoding = 30; name = ofxUIImageSampler.h; path = ../../../addons/ofxUI/src/ofxUIImageSampler.h; sourceTree = SOURCE_ROOT; };
		4af5593a83fa4d02222723b69116ac47 /* ofxField2D.h */ = {isa = PBXFileReference; explicitFileType = sourcecode.c.h; fileEncoding = 30; name = ofxField2D.h; path = ../../../addons/ofxGenerative/src/ofxField2D.h; sourceTree = SOURCE_ROOT; };
		4b4671b8673cdb21531681272237313d /* ofxDistorterBehavior.h */ = {isa = PBXFileReference; explicitFileType = sourcecode.c.h; fileEncoding = 30; name = ofxDistorterBehavior.h; path = ../../../addons/ofxGenerative/src/ofxDistorterBehavior.h; sourceTree = SOURCE_ROOT; };
		4c9b919b991b4e45bc5dc0dbf09c9904 /* ofxUIRadio.h */ = {isa = PBXFileReference; explicitFileType = sourcecode.c.h; fileEncoding = 30; name = ofxUIRadio.h; path = ../../../addons/ofxUI/src/ofxUIRadio.h; sourceTree = SOURCE_ROOT; };
		4dc0f0048b0193c00ed94f4d2cb606e6 /* ofxRParticleRenderer.h */ = {isa = PBXFileReference; explicitFileType = sourcecode.c.h; fileEncoding = 30; name = ofxRParticleRenderer.h; path = ../../../addons/ofxGenerative/src/ofxRParticleRenderer.h; sourceTree = SOURCE_ROOT; };
		4ed7bc3af72f6be8f0917a303bedb573 /* ofxUIImage.h */ = {isa = PBXFileReference; explicitFileType = sourcecode.c.h; fileEncoding = 30; name = ofxUIImage.h; path = ../../../addons/ofxUI/src/ofxUIImage.h; sourceTree = SOURCE_ROOT; };
		4ff2f2d5a01ada37a9ade20fb41e7560 /* ofxUICanvas.h */ = {isa = PBXFileReference; explicitFileType = sourcecode.c.h; fileEncoding = 30; name = ofxUICanvas.h; path = ../../../addons/ofxUI/src/ofxUICanvas.h; sourceTree = SOURCE_ROOT; };
		50df87d612c5aae17aafa6c02c6bc570 /* ofxXmlSettings.cpp */ = {isa = PBXFileReference; explicitFileType = sourcecode.cpp.cpp; fileEncoding = 30; name = ofxXmlSettings.cpp; path = ../../../addons/ofxXmlSettings/src/ofxXmlSettings.cpp; sourceTree = SOURCE_ROOT; };
		531d8d09739d338239967b3a215e9cfd /* ofxUIDropDownList.h */ = {isa = PBXFileReference; explicitFileType = sourcecode.c.h; fileEncoding = 30; name = ofxUIDropDownList.h; path = ../../../addons/ofxUI/src/ofxUIDropDownList.h; sourceTree = SOURCE_ROOT; };
		552834defc20f8c3596b624bfac06588 /* ofxSphericalAttractionBehavior.cpp */ = {isa = PBXFileReference; explicitFileType = sourcecode.cpp.cpp; fileEncoding = 30; name = ofxSphericalAttractionBehavior.cpp; path = ../../../addons/ofxGenerative/src/ofxSphericalAttractionBehavior.cpp; sourceTree = SOURCE_ROOT; };
		5691aa6699bc86d36b2e76747cefaf10 /* ofxPerlinBehavior.h */ = {isa = PBXFileReference; explicitFileType = sourcecode.c.h; fileEncoding = 30; name = ofxPerlinBehavior.h; path = ../../../addons/ofxGenerative/src/ofxPerlinBehavior.h; sourceTree = SOURCE_ROOT; };
		56b12b126084d36d81163502e89d722b /* Flock.cpp */ = {isa = PBXFileReference; explicitFileType = sourcecode.cpp.cpp; fileEncoding = 30; name = Flock.cpp; path = ../../../addons/ofxUIProject/src/simulators/Flock.cpp; sourceTree = SOURCE_ROOT; };
		591e80df54fe99f5914aa81798b646d6 /* ofxElectroStaticBehavior.h */ = {isa = PBXFileReference; explicitFileType = sourcecode.c.h; fileEncoding = 30; name = ofxElectroStaticBehavior.h; path = ../../../addons/ofxGenerative/src/ofxElectroStaticBehavior.h; sourceTree = SOURCE_ROOT; };
		5b18d4bac8d493b40f9f18eae12aaf8a /* UISuperBackground.cpp */ = {isa = PBXFileReference; explicitFileType = sourcecode.cpp.cpp; fileEncoding = 30; name = UISuperBackground.cpp; path = ../../../addons/ofxUIProject/src/background/UISuperBackground.cpp; sourceTree = SOURCE_ROOT; };
		5c48e3511951bb86fa9aa6420fa60cf9 /* ofxUIMovingGraph.h */ = {isa = PBXFileReference; explicitFileType = sourcecode.c.h; fileEncoding = 30; name = ofxUIMovingGraph.h; path = ../../../addons/ofxUI/src/ofxUIMovingGraph.h; sourceTree = SOURCE_ROOT; };
		5e529e2c82fcd73d115bb52d26e7a401 /* SuperParticle.cpp */ = {isa = PBXFileReference; explicitFileType = sourcecode.cpp.cpp; fileEncoding = 30; name = SuperParticle.cpp; path = ../../../addons/ofxUIProject/src/simulators/SuperParticle.cpp; sourceTree = SOURCE_ROOT; };
		61fd02dd478cc42cc8f31bd40ee9661b /* GridBox.h */ = {isa = PBXFileReference; explicitFileType = sourcecode.c.h; fileEncoding = 30; name = GridBox.h; path = ../../../addons/ofxUIProject/src/grids/GridBox.h; sourceTree = SOURCE_ROOT; };
		623ae5283c16b993acadcaad898f89d7 /* ofxLorentzBehavior.h */ = {isa = PBXFileReference; explicitFileType = sourcecode.c.h; fileEncoding = 30; name = ofxLorentzBehavior.h; path = ../../../addons/ofxGenerative/src/ofxLorentzBehavior.h; sourceTree = SOURCE_ROOT; };
		6248640c06b47042bb5bd3f21e730c74 /* ofxUILabelToggle.h */ = {isa = PBXFileReference; explicitFileType = sourcecode.c.h; fileEncoding = 30; name = ofxUILabelToggle.h; path = ../../../addons/ofxUI/src/ofxUILabelToggle.h; sourceTree = SOURCE_ROOT; };
		625aaa8bcb51aed49c4bee42fcfe29c3 /* ofxRParticle.h */ = {isa = PBXFileReference; explicitFileType = sourcecode.c.h; fileEncoding = 30; name = ofxRParticle.h; path = ../../../addons/ofxGenerative/src/ofxRParticle.h; sourceTree = SOURCE_ROOT; };
		62e358afd51682e14ca775f43cc49ce3 /* ofxDistorterBehavior.cpp */ = {isa = PBXFileReference; explicitFileType = sourcecode.cpp.cpp; fileEncoding = 30; name = ofxDistorterBehavior.cpp; path = ../../../addons/ofxGenerative/src/ofxDistorterBehavior.cpp; sourceTree = SOURCE_ROOT; };
		64c6f7ad018ffd34c7abb6f2a2c0cec0 /* ofxUI.h */ = {isa = PBXFileReference; explicitFileType = sourcecode.c.h; fileEncoding = 30; name = ofxUI.h; path = ../../../addons/ofxUI/src/ofxUI.h; sourceTree = SOURCE_ROOT; };
		653cfae31336daa04b1f15031ae14c2b /* ofxUI2DGraph.h */ = {isa = PBXFileReference; explicitFileType = sourcecode.c.h; fileEncoding = 30; name = ofxUI2DGraph.h; path = ../../../addons/ofxUI/src/ofxUI2DGraph.h; sourceTree = SOURCE_ROOT; };
		66379e58896621aa6e9180be06e23e4e /* ofxGenerative.h */ = {isa = PBXFileReference; explicitFileType = sourcecode.c.h; fileEncoding = 30; name = ofxGenerative.h; path = ../../../addons/ofxGenerative/src/ofxGenerative.h; sourceTree = SOURCE_ROOT; };
		664d65407be633c038fa9498bcf62aa7 /* ofxUIFPSSlider.h */ = {isa = PBXFileReference; explicitFileType = sourcecode.c.h; fileEncoding = 30; name = ofxUIFPSSlider.h; path = ../../../addons/ofxUI/src/ofxUIFPSSlider.h; sourceTree = SOURCE_ROOT; };
		67d683eff22d202d3fd0364a1a234190 /* ofxRParticleSystem.cpp */ = {isa = PBXFileReference; explicitFileType = sourcecode.cpp.cpp; fileEncoding = 30; name = ofxRParticleSystem.cpp; path = ../../../addons/ofxGenerative/src/ofxRParticleSystem.cpp; sourceTree = SOURCE_ROOT; };
		69f85e752fe07b74ae577fb078cb1f9d /* ofxSmartParticle.h */ = {isa = PBXFileReference; explicitFileType = sourcecode.c.h; fileEncoding = 30; name = ofxSmartParticle.h; path = ../../../addons/ofxGenerative/src/ofxSmartParticle.h; sourceTree = SOURCE_ROOT; };
		6b7022e8f8aafe6a26a1f79ca3cc2273 /* UIBackground.cpp */ = {isa = PBXFileReference; explicitFileType = sourcecode.cpp.cpp; fileEncoding = 30; name = UIBackground.cpp; path = ../../../addons/ofxUIProject/src/background/UIBackground.cpp; sourceTree = SOURCE_ROOT; };
		6d5588d3fae44b8d0798ba4446334433 /* ofxCameraSaveLoad.h */ = {isa = PBXFileReference; explicitFileType = sourcecode.c.h; fileEncoding = 30; name = ofxCameraSaveLoad.h; path = ../../../addons/ofxCameraSaveLoad/src/ofxCameraSaveLoad.h; sourceTree = SOURCE_ROOT; };
		7431c9ac6e4c0c1498b6558f69245e43 /* ofxVortexBehavior.cpp */ = {isa = PBXFileReference; explicitFileType = sourcecode.cpp.cpp; fileEncoding = 30; name = ofxVortexBehavior.cpp; path = ../../../addons/ofxGenerative/src/ofxVortexBehavior.cpp; sourceTree = SOURCE_ROOT; };
		75948a3c214066d18bc552fc2cfff9e8 /* ofxRParticleData.h */ = {isa = PBXFileReference; explicitFileType = sourcecode.c.h; fileEncoding = 30; name = ofxRParticleData.h; path = ../../../addons/ofxGenerative/src/ofxRParticleData.h; sourceTree = SOURCE_ROOT; };
		76a78ff37cbbd94219aa90d26f0bf659 /* ofxHOCParticleSystem.h */ = {isa = PBXFileReference; explicitFileType = sourcecode.c.h; fileEncoding = 30; name = ofxHOCParticleSystem.h; path = ../../../addons/ofxGenerative/src/ofxHOCParticleSystem.h; sourceTree = SOURCE_ROOT; };
		76acdc0e7ddb2d9f58c376533dff2d1d /* ofxBufferEffectorBehavior.h */ = {isa = PBXFileReference; explicitFileType = sourcecode.c.h; fileEncoding = 30; name = ofxBufferEffectorBehavior.h; path = ../../../addons/ofxGenerative/src/ofxBufferEffectorBehavior.h; sourceTree = SOURCE_ROOT; };
		7a98b3914dbf507ed947415781277077 /* ofxSwarmBehavior.h */ = {isa = PBXFileReference; explicitFileType = sourcecode.c.h; fileEncoding = 30; name = ofxSwarmBehavior.h; path = ../../../addons/ofxGenerative/src/ofxSwarmBehavior.h; sourceTree = SOURCE_ROOT; };
		8178eb9aa3c0268331af3af347ca9d15 /* ofxUIToggleMatrix.h */ = {isa = PBXFileReference; explicitFileType = sourcecode.c.h; fileEncoding = 30; name = ofxUIToggleMatrix.h; path = ../../../addons/ofxUI/src/ofxUIToggleMatrix.h; sourceTree = SOURCE_ROOT; };
		82819980ceff4dd41972d80feeb7d789 /* ofxDamperBehavior.h */ = {isa = PBXFileReference; explicitFileType = sourcecode.c.h; fileEncoding = 30; name = ofxDamperBehavior.h; path = ../../../addons/ofxGenerative/src/ofxDamperBehavior.h; sourceTree = SOURCE_ROOT; };
		832bdc407620cdba568b713d2252c43c /* tinyxmlerror.cpp */ = {isa = PBXFileReference; explicitFileType = sourcecode.cpp.cpp; fileEncoding = 30; name = tinyxmlerror.cpp; path = ../../../addons/ofxXmlSettings/libs/tinyxmlerror.cpp; sourceTree = SOURCE_ROOT; };
		851b82fa1b05afb1c0cc0ad2f49abe74 /* Spring.cpp */ = {isa = PBXFileReference; explicitFileType = sourcecode.cpp.cpp; fileEncoding = 30; name = Spring.cpp; path = ../../../addons/ofxUIProject/src/simulators/Spring.cpp; sourceTree = SOURCE_ROOT; };
		856bf5ab0322d0689ee63829f6f27a37 /* ofxUIRangeSlider.h */ = {isa = PBXFileReference; explicitFileType = sourcecode.c.h; fileEncoding = 30; name = ofxUIRangeSlider.h; path = ../../../addons/ofxUI/src/ofxUIRangeSlider.h; sourceTree = SOURCE_ROOT; };
		87035efe3d4427294d4d133810790c85 /* ofxUIUtils.h */ = {isa = PBXFileReference; explicitFileType = sourcecode.c.h; fileEncoding = 30; name = ofxUIUtils.h; path = ../../../addons/ofxUI/src/ofxUIUtils.h; sourceTree = SOURCE_ROOT; };
		87323235ac0b70e3870ac6e415a58299 /* ofxSolver.h */ = {isa = PBXFileReference; explicitFileType = sourcecode.c.h; fileEncoding = 30; name = ofxSolver.h; path = ../../../addons/ofxGenerative/src/ofxSolver.h; sourceTree = SOURCE_ROOT; };
		885850b62fad08eb1d2f0bf4a56e5e01 /* ofxUIRotarySlider.h */ = {isa = PBXFileReference; explicitFileType = sourcecode.c.h; fileEncoding = 30; name = ofxUIRotarySlider.h; path = ../../../addons/ofxUI/src/ofxUIRotarySlider.h; sourceTree = SOURCE_ROOT; };
		885ceba7bba0335eb5fa3b0d4d8c83d0 /* ofxSpringSystem.h */ = {isa = PBXFileReference; explicitFileType = sourcecode.c.h; fileEncoding = 30; name = ofxSpringSystem.h; path = ../../../addons/ofxGenerative/src/ofxSpringSystem.h; sourceTree = SOURCE_ROOT; };
		8f4736b4dde175468f2e71793ed91e85 /* ofxVerletSolver.h */ = {isa = PBXFileReference; explicitFileType = sourcecode.c.h; fileEncoding = 30; name = ofxVerletSolver.h; path = ../../../addons/ofxGenerative/src/ofxVerletSolver.h; sourceTree = SOURCE_ROOT; };
		929811e60e5ec05b3f2fedd89735a146 /* UIMaterial.h */ = {isa = PBXFileReference; explicitFileType = sourcecode.c.h; fileEncoding = 30; name = UIMaterial.h; path = ../../../addons/ofxUIProject/src/gl/UIMaterial.h; sourceTree = SOURCE_ROOT; };
		92fa01a549a466398b56256655555c9c /* ofxParticleTouch.h */ = {isa = PBXFileReference; explicitFileType = sourcecode.c.h; fileEncoding = 30; name = ofxParticleTouch.h; path = ../../../addons/ofxGenerative/src/ofxParticleTouch.h; sourceTree = SOURCE_ROOT; };
		9389cb53abc43948fc25d99ff12fbd55 /* ofxHOCParticle.h */ = {isa = PBXFileReference; explicitFileType = sourcecode.c.h; fileEncoding = 30; name = ofxHOCParticle.h; path = ../../../addons/ofxGenerative/src/ofxHOCParticle.h; sourceTree = SOURCE_ROOT; };
		954e1109e35a5924b898f4c2513a7026 /* UIFog.h */ = {isa = PBXFileReference; explicitFileType = sourcecode.c.h; fileEncoding = 30; name = UIFog.h; path = ../../../addons/ofxUIProject/src/gl/UIFog.h; sourceTree = SOURCE_ROOT; };
		961de8b564ef22e65c9480ae3fc5936a /* ofxUI2DPad.h */ = {isa = PBXFileReference; explicitFileType = sourcecode.c.h; fileEncoding = 30; name = ofxUI2DPad.h; path = ../../../addons/ofxUI/src/ofxUI2DPad.h; sourceTree = SOURCE_ROOT; };
		96d901f19738236af901c8b5003ee1ef /* ofxPerlinBehavior.cpp */ = {isa = PBXFileReference; explicitFileType = sourcecode.cpp.cpp; fileEncoding = 30; name = ofxPerlinBehavior.cpp; path = ../../../addons/ofxGenerative/src/ofxPerlinBehavior.cpp; sourceTree = SOURCE_ROOT; };
		96e8797fed669b06d9fbbaf0a4f86abf /* ofxBoidSystem.h */ = {isa = PBXFileReference; explicitFileType = sourcecode.c.h; fileEncoding = 30; name = ofxBoidSystem.h; path = ../../../addons/ofxGenerative/src/ofxBoidSystem.h; sourceTree = SOURCE_ROOT; };
		982b660f0ef6e25e9a19a357889cb367 /* ofxParticle.h */ = {isa = PBXFileReference; explicitFileType = sourcecode.c.h; fileEncoding = 30; name = ofxParticle.h; path = ../../../addons/ofxGenerative/src/ofxParticle.h; sourceTree = SOURCE_ROOT; };
		BBAB23BE13894E4700AA2426 /* GLUT.framework */ = {isa = PBXFileReference; lastKnownFileType = wrapper.framework; name = GLUT.framework; path = ../../../libs/glut/lib/osx/GLUT.framework; sourceTree = "<group>"; };
		E4328143138ABC890047C5CB /* openFrameworksLib.xcodeproj */ = {isa = PBXFileReference; lastKnownFileType = "wrapper.pb-project"; name = openFrameworksLib.xcodeproj; path = ../../../libs/openFrameworksCompiled/project/osx/openFrameworksLib.xcodeproj; sourceTree = SOURCE_ROOT; };
		E45BE9710E8CC7DD009D7055 /* AGL.framework */ = {isa = PBXFileReference; lastKnownFileType = wrapper.framework; name = AGL.framework; path = /System/Library/Frameworks/AGL.framework; sourceTree = "<absolute>"; };
		E45BE9720E8CC7DD009D7055 /* ApplicationServices.framework */ = {isa = PBXFileReference; lastKnownFileType = wrapper.framework; name = ApplicationServices.framework; path = /System/Library/Frameworks/ApplicationServices.framework; sourceTree = "<absolute>"; };
		E45BE9730E8CC7DD009D7055 /* AudioToolbox.framework */ = {isa = PBXFileReference; lastKnownFileType = wrapper.framework; name = AudioToolbox.framework; path = /System/Library/Frameworks/AudioToolbox.framework; sourceTree = "<absolute>"; };
		E45BE9740E8CC7DD009D7055 /* Carbon.framework */ = {isa = PBXFileReference; lastKnownFileType = wrapper.framework; name = Carbon.framework; path = /System/Library/Frameworks/Carbon.framework; sourceTree = "<absolute>"; };
		E45BE9750E8CC7DD009D7055 /* CoreAudio.framework */ = {isa = PBXFileReference; lastKnownFileType = wrapper.framework; name = CoreAudio.framework; path = /System/Library/Frameworks/CoreAudio.framework; sourceTree = "<absolute>"; };
		E45BE9760E8CC7DD009D7055 /* CoreFoundation.framework */ = {isa = PBXFileReference; lastKnownFileType = wrapper.framework; name = CoreFoundation.framework; path = /System/Library/Frameworks/CoreFoundation.framework; sourceTree = "<absolute>"; };
		E45BE9770E8CC7DD009D7055 /* CoreServices.framework */ = {isa = PBXFileReference; lastKnownFileType = wrapper.framework; name = CoreServices.framework; path = /System/Library/Frameworks/CoreServices.framework; sourceTree = "<absolute>"; };
		E45BE9790E8CC7DD009D7055 /* OpenGL.framework */ = {isa = PBXFileReference; lastKnownFileType = wrapper.framework; name = OpenGL.framework; path = /System/Library/Frameworks/OpenGL.framework; sourceTree = "<absolute>"; };
		E45BE97A0E8CC7DD009D7055 /* QuickTime.framework */ = {isa = PBXFileReference; lastKnownFileType = wrapper.framework; name = QuickTime.framework; path = /System/Library/Frameworks/QuickTime.framework; sourceTree = "<absolute>"; };
		E4B69B5B0A3A1756003C02F2 /* exampleDebug.app */ = {isa = PBXFileReference; explicitFileType = wrapper.application; includeInIndex = 0; path = exampleDebug.app; sourceTree = BUILT_PRODUCTS_DIR; };
		E4B69E1D0A3A1BDC003C02F2 /* main.cpp */ = {isa = PBXFileReference; fileEncoding = 30; lastKnownFileType = sourcecode.cpp.cpp; name = main.cpp; path = src/main.cpp; sourceTree = SOURCE_ROOT; };
		E4B69E1E0A3A1BDC003C02F2 /* ofApp.cpp */ = {isa = PBXFileReference; explicitFileType = sourcecode.cpp.cpp; fileEncoding = 30; name = ofApp.cpp; path = src/ofApp.cpp; sourceTree = SOURCE_ROOT; };
		E4B69E1F0A3A1BDC003C02F2 /* ofApp.h */ = {isa = PBXFileReference; fileEncoding = 30; lastKnownFileType = sourcecode.c.h; name = ofApp.h; path = src/ofApp.h; sourceTree = SOURCE_ROOT; };
		E4B6FCAD0C3E899E008CF71C /* openFrameworks-Info.plist */ = {isa = PBXFileReference; fileEncoding = 30; lastKnownFileType = text.plist.xml; path = "openFrameworks-Info.plist"; sourceTree = "<group>"; };
		E4C2424410CC5A17004149E2 /* AppKit.framework */ = {isa = PBXFileReference; lastKnownFileType = wrapper.framework; name = AppKit.framework; path = /System/Library/Frameworks/AppKit.framework; sourceTree = "<absolute>"; };
		E4C2424510CC5A17004149E2 /* Cocoa.framework */ = {isa = PBXFileReference; lastKnownFileType = wrapper.framework; name = Cocoa.framework; path = /System/Library/Frameworks/Cocoa.framework; sourceTree = "<absolute>"; };
		E4C2424610CC5A17004149E2 /* IOKit.framework */ = {isa = PBXFileReference; lastKnownFileType = wrapper.framework; name = IOKit.framework; path = /System/Library/Frameworks/IOKit.framework; sourceTree = "<absolute>"; };
		E4EB691F138AFCF100A09F29 /* CoreOF.xcconfig */ = {isa = PBXFileReference; fileEncoding = 4; lastKnownFileType = text.xcconfig; name = CoreOF.xcconfig; path = ../../../libs/openFrameworksCompiled/project/osx/CoreOF.xcconfig; sourceTree = SOURCE_ROOT; };
		E4EB6923138AFD0F00A09F29 /* Project.xcconfig */ = {isa = PBXFileReference; fileEncoding = 4; lastKnownFileType = text.xcconfig; path = Project.xcconfig; sourceTree = "<group>"; };
		E7E077E415D3B63C0020DFD4 /* CoreVideo.framework */ = {isa = PBXFileReference; lastKnownFileType = wrapper.framework; name = CoreVideo.framework; path = /System/Library/Frameworks/CoreVideo.framework; sourceTree = "<absolute>"; };
		E7E077E715D3B6510020DFD4 /* QTKit.framework */ = {isa = PBXFileReference; lastKnownFileType = wrapper.framework; name = QTKit.framework; path = /System/Library/Frameworks/QTKit.framework; sourceTree = "<absolute>"; };
		E7F985F515E0DE99003869B5 /* Accelerate.framework */ = {isa = PBXFileReference; lastKnownFileType = wrapper.framework; name = Accelerate.framework; path = /System/Library/Frameworks/Accelerate.framework; sourceTree = "<absolute>"; };
		a0f61808fec86fff91bc25274aa56e1e /* ofxRezaParticleSystem.h */ = {isa = PBXFileReference; explicitFileType = sourcecode.c.h; fileEncoding = 30; name = ofxRezaParticleSystem.h; path = ../../../addons/ofxGenerative/src/ofxRezaParticleSystem.h; sourceTree = SOURCE_ROOT; };
		a1e7a7f265682a1f56d0feb629a93e77 /* UIFog.cpp */ = {isa = PBXFileReference; explicitFileType = sourcecode.cpp.cpp; fileEncoding = 30; name = UIFog.cpp; path = ../../../addons/ofxUIProject/src/gl/UIFog.cpp; sourceTree = SOURCE_ROOT; };
		a35a3e38174a756862fa648f05b66579 /* UIGrid.cpp */ = {isa = PBXFileReference; explicitFileType = sourcecode.cpp.cpp; fileEncoding = 30; name = UIGrid.cpp; path = ../../../addons/ofxUIProject/src/grids/UIGrid.cpp; sourceTree = SOURCE_ROOT; };
		a7cd549baed5afba55f0a00aa2fc1909 /* UIProject.h */ = {isa = PBXFileReference; explicitFileType = sourcecode.c.h; fileEncoding = 30; name = UIProject.h; path = ../../../addons/ofxUIProject/src/UIProject.h; sourceTree = SOURCE_ROOT; };
		ab9b60428a0a1071de859ea5d161b34f /* UIProject.cpp */ = {isa = PBXFileReference; explicitFileType = sourcecode.cpp.cpp; fileEncoding = 30; name = UIProject.cpp; path = ../../../addons/ofxUIProject/src/UIProject.cpp; sourceTree = SOURCE_ROOT; };
		abd06242539292bb6bf7aa388274a6d8 /* ofxSwarmBehavior.cpp */ = {isa = PBXFileReference; explicitFileType = sourcecode.cpp.cpp; fileEncoding = 30; name = ofxSwarmBehavior.cpp; path = ../../../addons/ofxGenerative/src/ofxSwarmBehavior.cpp; sourceTree = SOURCE_ROOT; };
		adce93f0ebe23c8921c843219908ed52 /* UIBackground.h */ = {isa = PBXFileReference; explicitFileType = sourcecode.c.h; fileEncoding = 30; name = UIBackground.h; path = ../../../addons/ofxUIProject/src/background/UIBackground.h; sourceTree = SOURCE_ROOT; };
		b21e7e5f548eea92f368040bb1aa2f69 /* tinyxml.h */ = {isa = PBXFileReference; explicitFileType = sourcecode.c.h; fileEncoding = 30; name = tinyxml.h; path = ../../../addons/ofxXmlSettings/libs/tinyxml.h; sourceTree = SOURCE_ROOT; };
		b2c4522b91ca8f58713bb224e5b44e79 /* ofxRezaParticle.h */ = {isa = PBXFileReference; explicitFileType = sourcecode.c.h; fileEncoding = 30; name = ofxRezaParticle.h; path = ../../../addons/ofxGenerative/src/ofxRezaParticle.h; sourceTree = SOURCE_ROOT; };
		b3ca0202b1a3b6d8920c2b1513b3b305 /* ofxUIButton.h */ = {isa = PBXFileReference; explicitFileType = sourcecode.c.h; fileEncoding = 30; name = ofxUIButton.h; path = ../../../addons/ofxUI/src/ofxUIButton.h; sourceTree = SOURCE_ROOT; };
		b99a1d0272f7e187e45c4aa4a4f7e5fb /* Uniform.h */ = {isa = PBXFileReference; explicitFileType = sourcecode.c.h; fileEncoding = 30; name = Uniform.h; path = ../../../addons/ofxUIProject/src/gl/Uniform.h; sourceTree = SOURCE_ROOT; };
		baa69f62ba08b1e6cefa3511cba74061 /* UIClass.h */ = {isa = PBXFileReference; explicitFileType = sourcecode.c.h; fileEncoding = 30; name = UIClass.h; path = ../../../addons/ofxUIProject/src/UIClass.h; sourceTree = SOURCE_ROOT; };
		bb828d96c1db432ed96c397416d8740c /* ShellExample.h */ = {isa = PBXFileReference; explicitFileType = sourcecode.c.h; fileEncoding = 30; name = ShellExample.h; path = src/ShellExample.h; sourceTree = SOURCE_ROOT; };
		bc6931447de6c359dddf21f174e83978 /* ofxUIMultiImageButton.h */ = {isa = PBXFileReference; explicitFileType = sourcecode.c.h; fileEncoding = 30; name = ofxUIMultiImageButton.h; path = ../../../addons/ofxUI/src/ofxUIMultiImageButton.h; sourceTree = SOURCE_ROOT; };
		bcd399ff50dddd66cfc3269212817006 /* ofxSpring.h */ = {isa = PBXFileReference; explicitFileType = sourcecode.c.h; fileEncoding = 30; name = ofxSpring.h; path = ../../../addons/ofxGenerative/src/ofxSpring.h; sourceTree = SOURCE_ROOT; };
		bd02cee330af4275d4b87ff4112d7ff5 /* ofxSphericalAttractionBehavior.h */ = {isa = PBXFileReference; explicitFileType = sourcecode.c.h; fileEncoding = 30; name = ofxSphericalAttractionBehavior.h; path = ../../../addons/ofxGenerative/src/ofxSphericalAttractionBehavior.h; sourceTree = SOURCE_ROOT; };
		c12d63d7f8dea049f78a9dbabb96a588 /* ofxVerletSolver.cpp */ = {isa = PBXFileReference; explicitFileType = sourcecode.cpp.cpp; fileEncoding = 30; name = ofxVerletSolver.cpp; path = ../../../addons/ofxGenerative/src/ofxVerletSolver.cpp; sourceTree = SOURCE_ROOT; };
		c161222f68d4f7ce28bc4f61e6324dd3 /* ofxUIBaseDraws.h */ = {isa = PBXFileReference; explicitFileType = sourcecode.c.h; fileEncoding = 30; name = ofxUIBaseDraws.h; path = ../../../addons/ofxUI/src/ofxUIBaseDraws.h; sourceTree = SOURCE_ROOT; };
		c17d5a1b9272ef9e52204f48061b6de8 /* ofxElectroStaticBehavior.cpp */ = {isa = PBXFileReference; explicitFileType = sourcecode.cpp.cpp; fileEncoding = 30; name = ofxElectroStaticBehavior.cpp; path = ../../../addons/ofxGenerative/src/ofxElectroStaticBehavior.cpp; sourceTree = SOURCE_ROOT; };
		c38d6dcc3ab9aae213a64015b75adbd4 /* ofxUIScrollableCanvas.h */ = {isa = PBXFileReference; explicitFileType = sourcecode.c.h; fileEncoding = 30; name = ofxUIScrollableCanvas.h; path = ../../../addons/ofxUI/src/ofxUIScrollableCanvas.h; sourceTree = SOURCE_ROOT; };
		c3e36547e02f21e98db9f68c47348c23 /* ofxBoidParticle.h */ = {isa = PBXFileReference; explicitFileType = sourcecode.c.h; fileEncoding = 30; name = ofxBoidParticle.h; path = ../../../addons/ofxGenerative/src/ofxBoidParticle.h; sourceTree = SOURCE_ROOT; };
		c3f9167fbce336cb4885c7b60204143d /* UIShader.h */ = {isa = PBXFileReference; explicitFileType = sourcecode.c.h; fileEncoding = 30; name = UIShader.h; path = ../../../addons/ofxUIProject/src/gl/UIShader.h; sourceTree = SOURCE_ROOT; };
		c4eb2e4abbb09979379e9efc2da57328 /* ofxHomingBehavior.cpp */ = {isa = PBXFileReference; explicitFileType = sourcecode.cpp.cpp; fileEncoding = 30; name = ofxHomingBehavior.cpp; path = ../../../addons/ofxGenerative/src/ofxHomingBehavior.cpp; sourceTree = SOURCE_ROOT; };
		c6305369801b450557086284030a4b6b /* ofxUISpectrum.h */ = {isa = PBXFileReference; explicitFileType = sourcecode.c.h; fileEncoding = 30; name = ofxUISpectrum.h; path = ../../../addons/ofxUI/src/ofxUISpectrum.h; sourceTree = SOURCE_ROOT; };
		c6e2710cffaf80203ada83d1fb93674f /* ofxTrailParticle.h */ = {isa = PBXFileReference; explicitFileType = sourcecode.c.h; fileEncoding = 30; name = ofxTrailParticle.h; path = ../../../addons/ofxGenerative/src/ofxTrailParticle.h; sourceTree = SOURCE_ROOT; };
		c7b4b8ad9464a693a3683d0fd1a7b1fb /* ofxUISpacer.h */ = {isa = PBXFileReference; explicitFileType = sourcecode.c.h; fileEncoding = 30; name = ofxUISpacer.h; path = ../../../addons/ofxUI/src/ofxUISpacer.h; sourceTree = SOURCE_ROOT; };
		cc9b7180c6c49de239c347a68d9d3444 /* ofxGenericShape.h */ = {isa = PBXFileReference; explicitFileType = sourcecode.c.h; fileEncoding = 30; name = ofxGenericShape.h; path = ../../../addons/ofxGenerative/src/ofxGenericShape.h; sourceTree = SOURCE_ROOT; };
		ccec29a4351c40ba86f2e491c8c90bff /* ofxUIMinimalSlider.h */ = {isa = PBXFileReference; explicitFileType = sourcecode.c.h; fileEncoding = 30; name = ofxUIMinimalSlider.h; path = ../../../addons/ofxUI/src/ofxUIMinimalSlider.h; sourceTree = SOURCE_ROOT; };
		cd9e9744e98bc9430e7c30dc92d668e5 /* Boid.h */ = {isa = PBXFileReference; explicitFileType = sourcecode.c.h; fileEncoding = 30; name = Boid.h; path = ../../../addons/ofxUIProject/src/simulators/Boid.h; sourceTree = SOURCE_ROOT; };
		cf73e1af93352cf515e7c9f200d2542b /* ofxUIEventArgs.h */ = {isa = PBXFileReference; explicitFileType = sourcecode.c.h; fileEncoding = 30; name = ofxUIEventArgs.h; path = ../../../addons/ofxUI/src/ofxUIEventArgs.h; sourceTree = SOURCE_ROOT; };
		d1387f25a47ef6809b55b59c4b916da4 /* ofxUIValuePlotter.h */ = {isa = PBXFileReference; explicitFileType = sourcecode.c.h; fileEncoding = 30; name = ofxUIValuePlotter.h; path = ../../../addons/ofxUI/src/ofxUIValuePlotter.h; sourceTree = SOURCE_ROOT; };
		d2dac925a888bb60a301a32b89b9dc2b /* ofxRParticleGlowieRenderer.cpp */ = {isa = PBXFileReference; explicitFileType = sourcecode.cpp.cpp; fileEncoding = 30; name = ofxRParticleGlowieRenderer.cpp; path = ../../../addons/ofxGenerative/src/ofxRParticleGlowieRenderer.cpp; sourceTree = SOURCE_ROOT; };
		d31f4a78dc1391f558bfb4dac5508d03 /* ofxSolver.cpp */ = {isa = PBXFileReference; explicitFileType = sourcecode.cpp.cpp; fileEncoding = 30; name = ofxSolver.cpp; path = ../../../addons/ofxGenerative/src/ofxSolver.cpp; sourceTree = SOURCE_ROOT; };
		d45991c927e805c3b1ad7516589a1122 /* ofxUITabBar.h */ = {isa = PBXFileReference; explicitFileType = sourcecode.c.h; fileEncoding = 30; name = ofxUITabBar.h; path = ../../../addons/ofxUI/src/ofxUITabBar.h; sourceTree = SOURCE_ROOT; };
		d48670cbcd25026071c713971ea7ceb5 /* UIClass.cpp */ = {isa = PBXFileReference; explicitFileType = sourcecode.cpp.cpp; fileEncoding = 30; name = UIClass.cpp; path = ../../../addons/ofxUIProject/src/UIClass.cpp; sourceTree = SOURCE_ROOT; };
		d66e735be796bc0675320dc8741a5a55 /* ofxUIImageSlider.h */ = {isa = PBXFileReference; explicitFileType = sourcecode.c.h; fileEncoding = 30; name = ofxUIImageSlider.h; path = ../../../addons/ofxUI/src/ofxUIImageSlider.h; sourceTree = SOURCE_ROOT; };
		d7cecd93dc422a33992ccffae65e8caf /* ofxHomingBehavior.h */ = {isa = PBXFileReference; explicitFileType = sourcecode.c.h; fileEncoding = 30; name = ofxHomingBehavior.h; path = ../../../addons/ofxGenerative/src/ofxHomingBehavior.h; sourceTree = SOURCE_ROOT; };
		e02ffcf0a91c865ed57587ed6c347237 /* ofxField2D.cpp */ = {isa = PBXFileReference; explicitFileType = sourcecode.cpp.cpp; fileEncoding = 30; name = ofxField2D.cpp; path = ../../../addons/ofxGenerative/src/ofxField2D.cpp; sourceTree = SOURCE_ROOT; };
		e1efcc7dd511780159bef171b7fcc527 /* Grid.h */ = {isa = PBXFileReference; explicitFileType = sourcecode.c.h; fileEncoding = 30; name = Grid.h; path = ../../../addons/ofxUIProject/src/grids/Grid.h; sourceTree = SOURCE_ROOT; };
		e58e357198caca0067076559200aa5f2 /* ofx1DExtruder.h */ = {isa = PBXFileReference; explicitFileType = sourcecode.c.h; fileEncoding = 30; name = ofx1DExtruder.h; path = ../../../addons/ofxGenerative/src/ofx1DExtruder.h; sourceTree = SOURCE_ROOT; };
		e65d547c2cd6a84fc9af15fa7ad1992e /* ofxUITextInput.h */ = {isa = PBXFileReference; explicitFileType = sourcecode.c.h; fileEncoding = 30; name = ofxUITextInput.h; path = ../../../addons/ofxUI/src/ofxUITextInput.h; sourceTree = SOURCE_ROOT; };
		e67bc70e17dda0081c8fd9dd234d7962 /* ofxUIImageButton.h */ = {isa = PBXFileReference; explicitFileType = sourcecode.c.h; fileEncoding = 30; name = ofxUIImageButton.h; path = ../../../addons/ofxUI/src/ofxUIImageButton.h; sourceTree = SOURCE_ROOT; };
		edfeb3d8c9183ade3facb4b57abfc6d4 /* ofxUICircleSlider.h */ = {isa = PBXFileReference; explicitFileType = sourcecode.c.h; fileEncoding = 30; name = ofxUICircleSlider.h; path = ../../../addons/ofxUI/src/ofxUICircleSlider.h; sourceTree = SOURCE_ROOT; };
		eeb2617ba4487ef840d7e53785ed5e11 /* ofxRParticleSystem.h */ = {isa = PBXFileReference; explicitFileType = sourcecode.c.h; fileEncoding = 30; name = ofxRParticleSystem.h; path = ../../../addons/ofxGenerative/src/ofxRParticleSystem.h; sourceTree = SOURCE_ROOT; };
		eeb2dcda68df28b143457b706633ee15 /* ofxVortexBehavior.h */ = {isa = PBXFileReference; explicitFileType = sourcecode.c.h; fileEncoding = 30; name = ofxVortexBehavior.h; path = ../../../addons/ofxGenerative/src/ofxVortexBehavior.h; sourceTree = SOURCE_ROOT; };
		f13a36a4ab290912a80162dc3dc9c60a /* ofxSmartParticleSystem.h */ = {isa = PBXFileReference; explicitFileType = sourcecode.c.h; fileEncoding = 30; name = ofxSmartParticleSystem.h; path = ../../../addons/ofxGenerative/src/ofxSmartParticleSystem.h; sourceTree = SOURCE_ROOT; };
		f26e25f3872c0799d6433b99d59bdde1 /* ofxUILabel.h */ = {isa = PBXFileReference; explicitFileType = sourcecode.c.h; fileEncoding = 30; name = ofxUILabel.h; path = ../../../addons/ofxUI/src/ofxUILabel.h; sourceTree = SOURCE_ROOT; };
		f2e80f345132d0577ab554e31f69e637 /* ofxParticleSystem.h */ = {isa = PBXFileReference; explicitFileType = sourcecode.c.h; fileEncoding = 30; name = ofxParticleSystem.h; path = ../../../addons/ofxGenerative/src/ofxParticleSystem.h; sourceTree = SOURCE_ROOT; };
		f38d5abb130d2d130a25b29aa1b757ec /* ofxRParticle.cpp */ = {isa = PBXFileReference; explicitFileType = sourcecode.cpp.cpp; fileEncoding = 30; name = ofxRParticle.cpp; path = ../../../addons/ofxGenerative/src/ofxRParticle.cpp; sourceTree = SOURCE_ROOT; };
		f447484f34c7db36dba8771f197147c3 /* ShellExample.cpp */ = {isa = PBXFileReference; explicitFileType = sourcecode.cpp.cpp; fileEncoding = 30; name = ShellExample.cpp; path = src/ShellExample.cpp; sourceTree = SOURCE_ROOT; };
		f603fe1db58e1de6c4a7c52128ec4c2a /* Flock.h */ = {isa = PBXFileReference; explicitFileType = sourcecode.c.h; fileEncoding = 30; name = Flock.h; path = ../../../addons/ofxUIProject/src/simulators/Flock.h; sourceTree = SOURCE_ROOT; };
		f76c27c3434770b6c8309992a0cca9d9 /* ofxCircle.h */ = {isa = PBXFileReference; explicitFileType = sourcecode.c.h; fileEncoding = 30; name = ofxCircle.h; path = ../../../addons/ofxGenerative/src/ofxCircle.h; sourceTree = SOURCE_ROOT; };
		f84c0d38b417b1653a5bb5da0f322507 /* UIShader.cpp */ = {isa = PBXFileReference; explicitFileType = sourcecode.cpp.cpp; fileEncoding = 30; name = UIShader.cpp; path = ../../../addons/ofxUIProject/src/gl/UIShader.cpp; sourceTree = SOURCE_ROOT; };
		f8538ab05571d76d232e9482dd8444d9 /* PingPong.h */ = {isa = PBXFileReference; explicitFileType = sourcecode.c.h; fileEncoding = 30; name = PingPong.h; path = ../../../addons/ofxUIProject/src/gl/PingPong.h; sourceTree = SOURCE_ROOT; };
		f94ac1e83a5b2b67d23594e39dde1d2d /* UISuperBackground.h */ = {isa = PBXFileReference; explicitFileType = sourcecode.c.h; fileEncoding = 30; name = UISuperBackground.h; path = ../../../addons/ofxUIProject/src/background/UISuperBackground.h; sourceTree = SOURCE_ROOT; };
		f9b83b0abbd877d57d50638e4c03c10a /* UIPostRender.cpp */ = {isa = PBXFileReference; explicitFileType = sourcecode.cpp.cpp; fileEncoding = 30; name = UIPostRender.cpp; path = ../../../addons/ofxUIProject/src/gl/UIPostRender.cpp; sourceTree = SOURCE_ROOT; };
		f9df961b5e7d4c4e1e5d029c1616b439 /* ofxUITextArea.h */ = {isa = PBXFileReference; explicitFileType = sourcecode.c.h; fileEncoding = 30; name = ofxUITextArea.h; path = ../../../addons/ofxUI/src/ofxUITextArea.h; sourceTree = SOURCE_ROOT; };
		fa9dd5aefd2f18312e7d95e7891e0c22 /* Boid.cpp */ = {isa = PBXFileReference; explicitFileType = sourcecode.cpp.cpp; fileEncoding = 30; name = Boid.cpp; path = ../../../addons/ofxUIProject/src/simulators/Boid.cpp; sourceTree = SOURCE_ROOT; };
		fb75141bde12f8a908e30c2a9eda35e3 /* ofxFieldAgitator.h */ = {isa = PBXFileReference; explicitFileType = sourcecode.c.h; fileEncoding = 30; name = ofxFieldAgitator.h; path = ../../../addons/ofxGenerative/src/ofxFieldAgitator.h; sourceTree = SOURCE_ROOT; };
		fbba95ee112f076880c6de4bb4dfa0b0 /* UILight.h */ = {isa = PBXFileReference; explicitFileType = sourcecode.c.h; fileEncoding = 30; name = UILight.h; path = ../../../addons/ofxUIProject/src/gl/UILight.h; sourceTree = SOURCE_ROOT; };
		fbe1b379902b3c585dc8f7a21175a71f /* ofxUILabelButton.h */ = {isa = PBXFileReference; explicitFileType = sourcecode.c.h; fileEncoding = 30; name = ofxUILabelButton.h; path = ../../../addons/ofxUI/src/ofxUILabelButton.h; sourceTree = SOURCE_ROOT; };
		fc5da1c87211d4f6377da7199d8c5a1e /* tinyxmlparser.cpp */ = {isa = PBXFileReference; explicitFileType = sourcecode.cpp.cpp; fileEncoding = 30; name = tinyxmlparser.cpp; path = ../../../addons/ofxXmlSettings/libs/tinyxmlparser.cpp; sourceTree = SOURCE_ROOT; };
		fccbdb55b98da36682809f0348522eab /* ofxUIWaveform.h */ = {isa = PBXFileReference; explicitFileType = sourcecode.c.h; fileEncoding = 30; name = ofxUIWaveform.h; path = ../../../addons/ofxUI/src/ofxUIWaveform.h; sourceTree = SOURCE_ROOT; };
		fd0d49443543d04b9698841377fba53d /* ofxRParticleRenderer.cpp */ = {isa = PBXFileReference; explicitFileType = sourcecode.cpp.cpp; fileEncoding = 30; name = ofxRParticleRenderer.cpp; path = ../../../addons/ofxGenerative/src/ofxRParticleRenderer.cpp; sourceTree = SOURCE_ROOT; };
		fda2832e78cfa22beec74160a7a68606 /* ofxUIFPS.h */ = {isa = PBXFileReference; explicitFileType = sourcecode.c.h; fileEncoding = 30; name = ofxUIFPS.h; path = ../../../addons/ofxUI/src/ofxUIFPS.h; sourceTree = SOURCE_ROOT; };
		feb2058e7166d8cdcfad557b94dad5e4 /* ofxCameraSaveLoad.cpp */ = {isa = PBXFileReference; explicitFileType = sourcecode.cpp.cpp; fileEncoding = 30; name = ofxCameraSaveLoad.cpp; path = ../../../addons/ofxCameraSaveLoad/src/ofxCameraSaveLoad.cpp; sourceTree = SOURCE_ROOT; };
/* End PBXFileReference section */

/* Begin PBXFrameworksBuildPhase section */
		E4B69B590A3A1756003C02F2 /* Frameworks */ = {
			isa = PBXFrameworksBuildPhase;
			buildActionMask = 2147483647;
			files = (
				E7F985F815E0DEA3003869B5 /* Accelerate.framework in Frameworks */,
				E7E077E815D3B6510020DFD4 /* QTKit.framework in Frameworks */,
				E4EB6799138ADC1D00A09F29 /* GLUT.framework in Frameworks */,
				E4328149138ABC9F0047C5CB /* openFrameworksDebug.a in Frameworks */,
				E45BE97B0E8CC7DD009D7055 /* AGL.framework in Frameworks */,
				E45BE97C0E8CC7DD009D7055 /* ApplicationServices.framework in Frameworks */,
				E45BE97D0E8CC7DD009D7055 /* AudioToolbox.framework in Frameworks */,
				E45BE97E0E8CC7DD009D7055 /* Carbon.framework in Frameworks */,
				E45BE97F0E8CC7DD009D7055 /* CoreAudio.framework in Frameworks */,
				E45BE9800E8CC7DD009D7055 /* CoreFoundation.framework in Frameworks */,
				E45BE9810E8CC7DD009D7055 /* CoreServices.framework in Frameworks */,
				E45BE9830E8CC7DD009D7055 /* OpenGL.framework in Frameworks */,
				E45BE9840E8CC7DD009D7055 /* QuickTime.framework in Frameworks */,
				E4C2424710CC5A17004149E2 /* AppKit.framework in Frameworks */,
				E4C2424810CC5A17004149E2 /* Cocoa.framework in Frameworks */,
				E4C2424910CC5A17004149E2 /* IOKit.framework in Frameworks */,
				E7E077E515D3B63C0020DFD4 /* CoreVideo.framework in Frameworks */,
			);
			runOnlyForDeploymentPostprocessing = 0;
		};
/* End PBXFrameworksBuildPhase section */

/* Begin PBXGroup section */
		0f124ab165b96279292685978168fa62 /* ofxGenerative */ = {
			isa = PBXGroup;
			children = (
				9c9635ee0c8ecfc84b6f58f2728ac613 /* src */,
			);
			name = ofxGenerative;
			sourceTree = "<group>";
		};
		1f4fb5c423662b96adfdcc0badec1cb0 /* ofxXmlSettings */ = {
			isa = PBXGroup;
			children = (
				6ecef0d76bc33727823eadffc320c44d /* src */,
				6e54289412d2d94f45a051132369530c /* libs */,
			);
			name = ofxXmlSettings;
			sourceTree = "<group>";
		};
		51449f13e55ce9b0b40374503d96c1bf /* gl */ = {
			isa = PBXGroup;
			children = (
				fbba95ee112f076880c6de4bb4dfa0b0 /* UILight.h */,
				3D27E1E117EE5336002BB580 /* UILight.cpp */,
				929811e60e5ec05b3f2fedd89735a146 /* UIMaterial.h */,
				3DD13A9917EF29A500FA13BC /* UIMaterial.cpp */,
				f8538ab05571d76d232e9482dd8444d9 /* PingPong.h */,
				954e1109e35a5924b898f4c2513a7026 /* UIFog.h */,
				a1e7a7f265682a1f56d0feb629a93e77 /* UIFog.cpp */,
				f9b83b0abbd877d57d50638e4c03c10a /* UIPostRender.cpp */,
				3abf9f0fb0891b9477e6d4bba2290fde /* UIPostRender.h */,
				c3f9167fbce336cb4885c7b60204143d /* UIShader.h */,
				f84c0d38b417b1653a5bb5da0f322507 /* UIShader.cpp */,
				b99a1d0272f7e187e45c4aa4a4f7e5fb /* Uniform.h */,
			);
			name = gl;
			sourceTree = "<group>";
		};
		534d7afab9219e3e87cb95eb92f126c2 /* ofxUIProject */ = {
			isa = PBXGroup;
			children = (
				e7697fe6368558ac94fbe91fd2ea9d1a /* src */,
			);
			name = ofxUIProject;
			sourceTree = "<group>";
		};
		5514438a9735824b8470faacfddad07e /* grids */ = {
			isa = PBXGroup;
			children = (
				32fa0a7095256e3744900a394c912dab /* Grid.cpp */,
				e1efcc7dd511780159bef171b7fcc527 /* Grid.h */,
				61fd02dd478cc42cc8f31bd40ee9661b /* GridBox.h */,
				485c3974da299d497ef41257d050ea76 /* GridCross.h */,
				a35a3e38174a756862fa648f05b66579 /* UIGrid.cpp */,
				110a2952bc7168d24182b60668b5a18c /* UIGrid.h */,
			);
			name = grids;
			sourceTree = "<group>";
		};
		6e54289412d2d94f45a051132369530c /* libs */ = {
			isa = PBXGroup;
			children = (
				2b40eda85beb63e46785bc299a638898 /* tinyxml.cpp */,
				b21e7e5f548eea92f368040bb1aa2f69 /* tinyxml.h */,
				832bdc407620cdba568b713d2252c43c /* tinyxmlerror.cpp */,
				fc5da1c87211d4f6377da7199d8c5a1e /* tinyxmlparser.cpp */,
			);
			name = libs;
			sourceTree = "<group>";
		};
		6ecef0d76bc33727823eadffc320c44d /* src */ = {
			isa = PBXGroup;
			children = (
				50df87d612c5aae17aafa6c02c6bc570 /* ofxXmlSettings.cpp */,
				01dcc0911400f9acf5b65578af4ec8f9 /* ofxXmlSettings.h */,
			);
			name = src;
			sourceTree = "<group>";
		};
		9c9635ee0c8ecfc84b6f58f2728ac613 /* src */ = {
			isa = PBXGroup;
			children = (
				e58e357198caca0067076559200aa5f2 /* ofx1DExtruder.h */,
				04f8447d49347c1f6ed21f2c6afc2855 /* ofxBehavior.cpp */,
				375b3c175823cb54d59b1335cffa200a /* ofxBehavior.h */,
				c3e36547e02f21e98db9f68c47348c23 /* ofxBoidParticle.h */,
				96e8797fed669b06d9fbbaf0a4f86abf /* ofxBoidSystem.h */,
				21a19130323515b141eabf895c3bd310 /* ofxBufferEffectorBehavior.cpp */,
				76acdc0e7ddb2d9f58c376533dff2d1d /* ofxBufferEffectorBehavior.h */,
				f76c27c3434770b6c8309992a0cca9d9 /* ofxCircle.h */,
				42e97e3d4b7f2b73adda01ddb2128f50 /* ofxDamperBehavior.cpp */,
				82819980ceff4dd41972d80feeb7d789 /* ofxDamperBehavior.h */,
				62e358afd51682e14ca775f43cc49ce3 /* ofxDistorterBehavior.cpp */,
				4b4671b8673cdb21531681272237313d /* ofxDistorterBehavior.h */,
				c17d5a1b9272ef9e52204f48061b6de8 /* ofxElectroStaticBehavior.cpp */,
				591e80df54fe99f5914aa81798b646d6 /* ofxElectroStaticBehavior.h */,
				e02ffcf0a91c865ed57587ed6c347237 /* ofxField2D.cpp */,
				4af5593a83fa4d02222723b69116ac47 /* ofxField2D.h */,
				fb75141bde12f8a908e30c2a9eda35e3 /* ofxFieldAgitator.h */,
				66379e58896621aa6e9180be06e23e4e /* ofxGenerative.h */,
				cc9b7180c6c49de239c347a68d9d3444 /* ofxGenericShape.h */,
				9389cb53abc43948fc25d99ff12fbd55 /* ofxHOCParticle.h */,
				76a78ff37cbbd94219aa90d26f0bf659 /* ofxHOCParticleSystem.h */,
				c4eb2e4abbb09979379e9efc2da57328 /* ofxHomingBehavior.cpp */,
				d7cecd93dc422a33992ccffae65e8caf /* ofxHomingBehavior.h */,
				021f38ab5658c992d75869e4975feb54 /* ofxLorentzBehavior.cpp */,
				623ae5283c16b993acadcaad898f89d7 /* ofxLorentzBehavior.h */,
				982b660f0ef6e25e9a19a357889cb367 /* ofxParticle.h */,
				f2e80f345132d0577ab554e31f69e637 /* ofxParticleSystem.h */,
				92fa01a549a466398b56256655555c9c /* ofxParticleTouch.h */,
				96d901f19738236af901c8b5003ee1ef /* ofxPerlinBehavior.cpp */,
				5691aa6699bc86d36b2e76747cefaf10 /* ofxPerlinBehavior.h */,
				b2c4522b91ca8f58713bb224e5b44e79 /* ofxRezaParticle.h */,
				a0f61808fec86fff91bc25274aa56e1e /* ofxRezaParticleSystem.h */,
				f38d5abb130d2d130a25b29aa1b757ec /* ofxRParticle.cpp */,
				625aaa8bcb51aed49c4bee42fcfe29c3 /* ofxRParticle.h */,
				75948a3c214066d18bc552fc2cfff9e8 /* ofxRParticleData.h */,
				d2dac925a888bb60a301a32b89b9dc2b /* ofxRParticleGlowieRenderer.cpp */,
				0cc14093127b0dff28ee478144a992d8 /* ofxRParticleGlowieRenderer.h */,
				fd0d49443543d04b9698841377fba53d /* ofxRParticleRenderer.cpp */,
				4dc0f0048b0193c00ed94f4d2cb606e6 /* ofxRParticleRenderer.h */,
				67d683eff22d202d3fd0364a1a234190 /* ofxRParticleSystem.cpp */,
				eeb2617ba4487ef840d7e53785ed5e11 /* ofxRParticleSystem.h */,
				69f85e752fe07b74ae577fb078cb1f9d /* ofxSmartParticle.h */,
				f13a36a4ab290912a80162dc3dc9c60a /* ofxSmartParticleSystem.h */,
				d31f4a78dc1391f558bfb4dac5508d03 /* ofxSolver.cpp */,
				87323235ac0b70e3870ac6e415a58299 /* ofxSolver.h */,
				552834defc20f8c3596b624bfac06588 /* ofxSphericalAttractionBehavior.cpp */,
				bd02cee330af4275d4b87ff4112d7ff5 /* ofxSphericalAttractionBehavior.h */,
				bcd399ff50dddd66cfc3269212817006 /* ofxSpring.h */,
				885ceba7bba0335eb5fa3b0d4d8c83d0 /* ofxSpringSystem.h */,
				44c94b355532df09511c1e9973d5e422 /* ofxSuperShape.h */,
				abd06242539292bb6bf7aa388274a6d8 /* ofxSwarmBehavior.cpp */,
				7a98b3914dbf507ed947415781277077 /* ofxSwarmBehavior.h */,
				c6e2710cffaf80203ada83d1fb93674f /* ofxTrailParticle.h */,
				c12d63d7f8dea049f78a9dbabb96a588 /* ofxVerletSolver.cpp */,
				8f4736b4dde175468f2e71793ed91e85 /* ofxVerletSolver.h */,
				7431c9ac6e4c0c1498b6558f69245e43 /* ofxVortexBehavior.cpp */,
				eeb2dcda68df28b143457b706633ee15 /* ofxVortexBehavior.h */,
			);
			name = src;
			sourceTree = "<group>";
		};
		BB4B014C10F69532006C3DED /* addons */ = {
			isa = PBXGroup;
			children = (
				cd15e07442c69be602d98fd70431e827 /* ofxCameraSaveLoad */,
				0f124ab165b96279292685978168fa62 /* ofxGenerative */,
				a492ce86424ab8905550bfd831201a16 /* ofxUI */,
				534d7afab9219e3e87cb95eb92f126c2 /* ofxUIProject */,
				1f4fb5c423662b96adfdcc0badec1cb0 /* ofxXmlSettings */,
			);
			name = addons;
			sourceTree = "<group>";
		};
		BBAB23C913894ECA00AA2426 /* system frameworks */ = {
			isa = PBXGroup;
			children = (
				E7F985F515E0DE99003869B5 /* Accelerate.framework */,
				E4C2424410CC5A17004149E2 /* AppKit.framework */,
				E4C2424510CC5A17004149E2 /* Cocoa.framework */,
				E4C2424610CC5A17004149E2 /* IOKit.framework */,
				E45BE9710E8CC7DD009D7055 /* AGL.framework */,
				E45BE9720E8CC7DD009D7055 /* ApplicationServices.framework */,
				E45BE9730E8CC7DD009D7055 /* AudioToolbox.framework */,
				E45BE9740E8CC7DD009D7055 /* Carbon.framework */,
				E45BE9750E8CC7DD009D7055 /* CoreAudio.framework */,
				E45BE9760E8CC7DD009D7055 /* CoreFoundation.framework */,
				E45BE9770E8CC7DD009D7055 /* CoreServices.framework */,
				E45BE9790E8CC7DD009D7055 /* OpenGL.framework */,
				E45BE97A0E8CC7DD009D7055 /* QuickTime.framework */,
				E7E077E415D3B63C0020DFD4 /* CoreVideo.framework */,
				E7E077E715D3B6510020DFD4 /* QTKit.framework */,
			);
			name = "system frameworks";
			sourceTree = "<group>";
		};
		BBAB23CA13894EDB00AA2426 /* 3rd party frameworks */ = {
			isa = PBXGroup;
			children = (
				BBAB23BE13894E4700AA2426 /* GLUT.framework */,
			);
			name = "3rd party frameworks";
			sourceTree = "<group>";
		};
		E4328144138ABC890047C5CB /* Products */ = {
			isa = PBXGroup;
			children = (
				E4328148138ABC890047C5CB /* openFrameworksDebug.a */,
			);
			name = Products;
			sourceTree = "<group>";
		};
		E45BE5980E8CC70C009D7055 /* frameworks */ = {
			isa = PBXGroup;
			children = (
				BBAB23CA13894EDB00AA2426 /* 3rd party frameworks */,
				BBAB23C913894ECA00AA2426 /* system frameworks */,
			);
			name = frameworks;
			sourceTree = "<group>";
		};
		E4B69B4A0A3A1720003C02F2 = {
			isa = PBXGroup;
			children = (
				E4B6FCAD0C3E899E008CF71C /* openFrameworks-Info.plist */,
				E4EB6923138AFD0F00A09F29 /* Project.xcconfig */,
				E4B69E1C0A3A1BDC003C02F2 /* src */,
				E4EEC9E9138DF44700A80321 /* openFrameworks */,
				BB4B014C10F69532006C3DED /* addons */,
				E45BE5980E8CC70C009D7055 /* frameworks */,
				E4B69B5B0A3A1756003C02F2 /* exampleDebug.app */,
			);
			sourceTree = "<group>";
		};
		E4B69E1C0A3A1BDC003C02F2 /* src */ = {
			isa = PBXGroup;
			children = (
				E4B69E1D0A3A1BDC003C02F2 /* main.cpp */,
				E4B69E1F0A3A1BDC003C02F2 /* ofApp.h */,
				E4B69E1E0A3A1BDC003C02F2 /* ofApp.cpp */,
				bb828d96c1db432ed96c397416d8740c /* ShellExample.h */,
				f447484f34c7db36dba8771f197147c3 /* ShellExample.cpp */,
			);
			path = src;
			sourceTree = SOURCE_ROOT;
		};
		E4EEC9E9138DF44700A80321 /* openFrameworks */ = {
			isa = PBXGroup;
			children = (
				E4EB691F138AFCF100A09F29 /* CoreOF.xcconfig */,
				E4328143138ABC890047C5CB /* openFrameworksLib.xcodeproj */,
			);
			name = openFrameworks;
			sourceTree = "<group>";
		};
		a492ce86424ab8905550bfd831201a16 /* ofxUI */ = {
			isa = PBXGroup;
			children = (
				d60f85fe32e11f4003b80627506496ad /* src */,
			);
			name = ofxUI;
			sourceTree = "<group>";
		};
		cd15e07442c69be602d98fd70431e827 /* ofxCameraSaveLoad */ = {
			isa = PBXGroup;
			children = (
				dd4b7a6b02fe3a9e6ea4776d9dfedef7 /* src */,
			);
			name = ofxCameraSaveLoad;
			sourceTree = "<group>";
		};
		d60f85fe32e11f4003b80627506496ad /* src */ = {
			isa = PBXGroup;
			children = (
				64c6f7ad018ffd34c7abb6f2a2c0cec0 /* ofxUI.h */,
				653cfae31336daa04b1f15031ae14c2b /* ofxUI2DGraph.h */,
				961de8b564ef22e65c9480ae3fc5936a /* ofxUI2DPad.h */,
				c161222f68d4f7ce28bc4f61e6324dd3 /* ofxUIBaseDraws.h */,
				2dd185513a2875ec8a07867018e8bd02 /* ofxUIBiLabelSlider.h */,
				b3ca0202b1a3b6d8920c2b1513b3b305 /* ofxUIButton.h */,
				4ff2f2d5a01ada37a9ade20fb41e7560 /* ofxUICanvas.h */,
				edfeb3d8c9183ade3facb4b57abfc6d4 /* ofxUICircleSlider.h */,
				15e69017b5db282ef100ee15e7bce594 /* ofxUICustomImageButton.h */,
				531d8d09739d338239967b3a215e9cfd /* ofxUIDropDownList.h */,
				cf73e1af93352cf515e7c9f200d2542b /* ofxUIEventArgs.h */,
				fda2832e78cfa22beec74160a7a68606 /* ofxUIFPS.h */,
				664d65407be633c038fa9498bcf62aa7 /* ofxUIFPSSlider.h */,
				4ed7bc3af72f6be8f0917a303bedb573 /* ofxUIImage.h */,
				e67bc70e17dda0081c8fd9dd234d7962 /* ofxUIImageButton.h */,
				4aea0d08c3b0323fedc8d9749c9217ea /* ofxUIImageSampler.h */,
				d66e735be796bc0675320dc8741a5a55 /* ofxUIImageSlider.h */,
				2d394124f88f348aa4142dcfb64b4bd1 /* ofxUIImageToggle.h */,
				f26e25f3872c0799d6433b99d59bdde1 /* ofxUILabel.h */,
				fbe1b379902b3c585dc8f7a21175a71f /* ofxUILabelButton.h */,
				6248640c06b47042bb5bd3f21e730c74 /* ofxUILabelToggle.h */,
				ccec29a4351c40ba86f2e491c8c90bff /* ofxUIMinimalSlider.h */,
				5c48e3511951bb86fa9aa6420fa60cf9 /* ofxUIMovingGraph.h */,
				bc6931447de6c359dddf21f174e83978 /* ofxUIMultiImageButton.h */,
				431d6bbf1ef545b203e4cae1dda8512f /* ofxUIMultiImageSlider.h */,
				1902452f5e510a2dbc1e5bd6d62db983 /* ofxUIMultiImageToggle.h */,
				15c99204ff4d8d72ad034b63f410265d /* ofxUINumberDialer.h */,
				334840ca6b3402c8c30cac4e645376bb /* ofxUIOFWrapper.h */,
				4c9b919b991b4e45bc5dc0dbf09c9904 /* ofxUIRadio.h */,
				856bf5ab0322d0689ee63829f6f27a37 /* ofxUIRangeSlider.h */,
				1e29c7e8c47e3e2db1c5876646df436b /* ofxUIRectangle.h */,
				885850b62fad08eb1d2f0bf4a56e5e01 /* ofxUIRotarySlider.h */,
				c38d6dcc3ab9aae213a64015b75adbd4 /* ofxUIScrollableCanvas.h */,
				470b5d2ac2f616d10b2e6025718527c8 /* ofxUISlider.h */,
				c7b4b8ad9464a693a3683d0fd1a7b1fb /* ofxUISpacer.h */,
				c6305369801b450557086284030a4b6b /* ofxUISpectrum.h */,
				1c43cdb79bf40ea7424b96804209f474 /* ofxUISuperCanvas.h */,
				d45991c927e805c3b1ad7516589a1122 /* ofxUITabBar.h */,
				f9df961b5e7d4c4e1e5d029c1616b439 /* ofxUITextArea.h */,
				e65d547c2cd6a84fc9af15fa7ad1992e /* ofxUITextInput.h */,
				4117b8c24d49837d3df9c23bd2405bdc /* ofxUIToggle.h */,
				8178eb9aa3c0268331af3af347ca9d15 /* ofxUIToggleMatrix.h */,
				87035efe3d4427294d4d133810790c85 /* ofxUIUtils.h */,
				d1387f25a47ef6809b55b59c4b916da4 /* ofxUIValuePlotter.h */,
				fccbdb55b98da36682809f0348522eab /* ofxUIWaveform.h */,
				32bd050a579633adbca5af6b202f651b /* ofxUIWidget.h */,
				02677fa320d6c63b228a7562514b9d55 /* ofxUIWidgetWithLabel.h */,
			);
			name = src;
			sourceTree = "<group>";
		};
		dd4b7a6b02fe3a9e6ea4776d9dfedef7 /* src */ = {
			isa = PBXGroup;
			children = (
				feb2058e7166d8cdcfad557b94dad5e4 /* ofxCameraSaveLoad.cpp */,
				6d5588d3fae44b8d0798ba4446334433 /* ofxCameraSaveLoad.h */,
			);
			name = src;
			sourceTree = "<group>";
		};
		e003ae6fc774be38dc2b299156dc9db2 /* background */ = {
			isa = PBXGroup;
			children = (
				6b7022e8f8aafe6a26a1f79ca3cc2273 /* UIBackground.cpp */,
				adce93f0ebe23c8921c843219908ed52 /* UIBackground.h */,
				5b18d4bac8d493b40f9f18eae12aaf8a /* UISuperBackground.cpp */,
				f94ac1e83a5b2b67d23594e39dde1d2d /* UISuperBackground.h */,
			);
			name = background;
			sourceTree = "<group>";
		};
		e7697fe6368558ac94fbe91fd2ea9d1a /* src */ = {
			isa = PBXGroup;
			children = (
				e003ae6fc774be38dc2b299156dc9db2 /* background */,
				51449f13e55ce9b0b40374503d96c1bf /* gl */,
				5514438a9735824b8470faacfddad07e /* grids */,
				e99abe18f22cbd19fbc95ac95a18bc4c /* simulators */,
				baa69f62ba08b1e6cefa3511cba74061 /* UIClass.h */,
				d48670cbcd25026071c713971ea7ceb5 /* UIClass.cpp */,
				a7cd549baed5afba55f0a00aa2fc1909 /* UIProject.h */,
				ab9b60428a0a1071de859ea5d161b34f /* UIProject.cpp */,
			);
			name = src;
			sourceTree = "<group>";
		};
		e99abe18f22cbd19fbc95ac95a18bc4c /* simulators */ = {
			isa = PBXGroup;
			children = (
				fa9dd5aefd2f18312e7d95e7891e0c22 /* Boid.cpp */,
				cd9e9744e98bc9430e7c30dc92d668e5 /* Boid.h */,
				56b12b126084d36d81163502e89d722b /* Flock.cpp */,
				f603fe1db58e1de6c4a7c52128ec4c2a /* Flock.h */,
				1e6428ac3cde00e4545df67be622882e /* Particle.cpp */,
				2629ea38046427c2d8c6e8040ec47000 /* Particle.h */,
				851b82fa1b05afb1c0cc0ad2f49abe74 /* Spring.cpp */,
				2485b0bfa66b5e4fa5af3fab12ccc8de /* Spring.h */,
				5e529e2c82fcd73d115bb52d26e7a401 /* SuperParticle.cpp */,
				1fe6569ec87ffa95dbb30506c327fdae /* SuperParticle.h */,
			);
			name = simulators;
			sourceTree = "<group>";
		};
/* End PBXGroup section */

/* Begin PBXNativeTarget section */
		E4B69B5A0A3A1756003C02F2 /* example */ = {
			isa = PBXNativeTarget;
			buildConfigurationList = E4B69B5F0A3A1757003C02F2 /* Build configuration list for PBXNativeTarget "example" */;
			buildPhases = (
				E4B69B580A3A1756003C02F2 /* Sources */,
				E4B69B590A3A1756003C02F2 /* Frameworks */,
				E4B6FFFD0C3F9AB9008CF71C /* ShellScript */,
				E4C2427710CC5ABF004149E2 /* CopyFiles */,
			);
			buildRules = (
			);
			dependencies = (
				E4EEB9AC138B136A00A80321 /* PBXTargetDependency */,
			);
			name = example;
			productName = myOFApp;
			productReference = E4B69B5B0A3A1756003C02F2 /* exampleDebug.app */;
			productType = "com.apple.product-type.application";
		};
/* End PBXNativeTarget section */

/* Begin PBXProject section */
		E4B69B4C0A3A1720003C02F2 /* Project object */ = {
			isa = PBXProject;
			attributes = {
				LastUpgradeCheck = 0460;
			};
			buildConfigurationList = E4B69B4D0A3A1720003C02F2 /* Build configuration list for PBXProject "example" */;
			compatibilityVersion = "Xcode 3.2";
			developmentRegion = English;
			hasScannedForEncodings = 0;
			knownRegions = (
				English,
				Japanese,
				French,
				German,
			);
			mainGroup = E4B69B4A0A3A1720003C02F2;
			productRefGroup = E4B69B4A0A3A1720003C02F2;
			projectDirPath = "";
			projectReferences = (
				{
					ProductGroup = E4328144138ABC890047C5CB /* Products */;
					ProjectRef = E4328143138ABC890047C5CB /* openFrameworksLib.xcodeproj */;
				},
			);
			projectRoot = "";
			targets = (
				E4B69B5A0A3A1756003C02F2 /* example */,
			);
		};
/* End PBXProject section */

/* Begin PBXReferenceProxy section */
		E4328148138ABC890047C5CB /* openFrameworksDebug.a */ = {
			isa = PBXReferenceProxy;
			fileType = archive.ar;
			path = openFrameworksDebug.a;
			remoteRef = E4328147138ABC890047C5CB /* PBXContainerItemProxy */;
			sourceTree = BUILT_PRODUCTS_DIR;
		};
/* End PBXReferenceProxy section */

/* Begin PBXShellScriptBuildPhase section */
		E4B6FFFD0C3F9AB9008CF71C /* ShellScript */ = {
			isa = PBXShellScriptBuildPhase;
			buildActionMask = 2147483647;
			files = (
			);
			inputPaths = (
			);
			outputPaths = (
			);
			runOnlyForDeploymentPostprocessing = 0;
			shellPath = /bin/sh;
			shellScript = "cp -f ../../../libs/fmodex/lib/osx/libfmodex.dylib \"$TARGET_BUILD_DIR/$PRODUCT_NAME.app/Contents/MacOS/libfmodex.dylib\"; install_name_tool -change ./libfmodex.dylib @executable_path/libfmodex.dylib \"$TARGET_BUILD_DIR/$PRODUCT_NAME.app/Contents/MacOS/$PRODUCT_NAME\";\nmkdir -p \"$TARGET_BUILD_DIR/$PRODUCT_NAME.app/Contents/Resources/\"\ncp -f \"$ICON_FILE\" \"$TARGET_BUILD_DIR/$PRODUCT_NAME.app/Contents/Resources/\"\n";
		};
/* End PBXShellScriptBuildPhase section */

/* Begin PBXSourcesBuildPhase section */
		E4B69B580A3A1756003C02F2 /* Sources */ = {
			isa = PBXSourcesBuildPhase;
			buildActionMask = 2147483647;
			files = (
				3D27E1E217EE5336002BB580 /* UILight.cpp in Sources */,
				E4B69E200A3A1BDC003C02F2 /* main.cpp in Sources */,
				E4B69E210A3A1BDC003C02F2 /* ofApp.cpp in Sources */,
				cf0b6820b0448da6782deb6e075c8117 /* ShellExample.cpp in Sources */,
				2c1ed88a3466d1d2ac3da004863f86e4 /* ofxCameraSaveLoad.cpp in Sources */,
				53655c7ced2821910f86571b1507446f /* ofxBehavior.cpp in Sources */,
				a7a25981bde72784e462d29bf7ecda67 /* ofxBufferEffectorBehavior.cpp in Sources */,
				81409e03f11459ea0601802da0b6ffd6 /* ofxDamperBehavior.cpp in Sources */,
				04e40af9cb380130c2846e86b6c152a0 /* ofxDistorterBehavior.cpp in Sources */,
				369d5a63422511201f70eaade1683ad5 /* ofxElectroStaticBehavior.cpp in Sources */,
				eea7aeafed076b33006c34985dcf3a72 /* ofxField2D.cpp in Sources */,
				74e619ac6659015af9a8eff603b561be /* ofxHomingBehavior.cpp in Sources */,
				1c1b6f785f4c4a436418b5e60297915f /* ofxLorentzBehavior.cpp in Sources */,
				55a08d3e7f4a572c38886546f5288957 /* ofxPerlinBehavior.cpp in Sources */,
				2d298da1e4f332f1af49f14b7b38028c /* ofxRParticle.cpp in Sources */,
				37b0487e1f8517b8278f36c860ebfcb4 /* ofxRParticleGlowieRenderer.cpp in Sources */,
				91cca8027bf63101ff240fa66e129324 /* ofxRParticleRenderer.cpp in Sources */,
				6411ae5364935a95cc41f7e01311522c /* ofxRParticleSystem.cpp in Sources */,
				dfc64ed0baa1e805c86780e5556c9c0d /* ofxSolver.cpp in Sources */,
				f8f64b5df74d726c19dbecfb17dfc69d /* ofxSphericalAttractionBehavior.cpp in Sources */,
				38a7cb165dcfbf60ecf65b289f8aa0be /* ofxSwarmBehavior.cpp in Sources */,
				be06baaa2959844f72e990ce2891ce68 /* ofxVerletSolver.cpp in Sources */,
				152d04f164c424dfe57c4e1e07784dd7 /* ofxVortexBehavior.cpp in Sources */,
				846a4dfa13b504ba5a646805b1764db4 /* UIBackground.cpp in Sources */,
				a2157834761feb0a13639b88b47e19f9 /* UISuperBackground.cpp in Sources */,
				9316dd9c0e2c814e402b0d2b68c24927 /* UIFog.cpp in Sources */,
				607578bf11203095fa64c670079d6a27 /* UIPostRender.cpp in Sources */,
				66232392d8bafadd73d6fb46e40d2dd4 /* UIShader.cpp in Sources */,
				3DD13A9A17EF29A500FA13BC /* UIMaterial.cpp in Sources */,
				8a8d0b0c5641725bd3b59e6ea66fe192 /* Grid.cpp in Sources */,
				7232bd2b0184e6b6c168ae685f11edcc /* UIGrid.cpp in Sources */,
				24cd636812540da6c27da9dbfd0f82ce /* Boid.cpp in Sources */,
				1201f7e2eb167c73e754f05d40133f5d /* Flock.cpp in Sources */,
				92705bbb1758fbec6b72299ee6eef2f7 /* Particle.cpp in Sources */,
				20a64d7ed966ddcf0bc35ddeca574ecb /* Spring.cpp in Sources */,
				74f26d570b11019556fb2d69e741f360 /* SuperParticle.cpp in Sources */,
				e3c2755fc6018ea825d0f97815cce1ea /* UIClass.cpp in Sources */,
				cd64b5c6ce3d487a5616c1f48e4e0f4c /* UIProject.cpp in Sources */,
				63b57ac5bf4ef088491e0317dbb2ecaa /* ofxXmlSettings.cpp in Sources */,
				933a2227713c720ceff80fd967d0a8ee /* tinyxml.cpp in Sources */,
				9d44dc88ef9e7991b4a09951e2e4769f /* tinyxmlerror.cpp in Sources */,
				5a4349e9754d6fa14c0f2a3a1abc30b6 /* tinyxmlparser.cpp in Sources */,
			);
			runOnlyForDeploymentPostprocessing = 0;
		};
/* End PBXSourcesBuildPhase section */

/* Begin PBXTargetDependency section */
		E4EEB9AC138B136A00A80321 /* PBXTargetDependency */ = {
			isa = PBXTargetDependency;
			name = openFrameworks;
			targetProxy = E4EEB9AB138B136A00A80321 /* PBXContainerItemProxy */;
		};
/* End PBXTargetDependency section */

/* Begin XCBuildConfiguration section */
		E4B69B4E0A3A1720003C02F2 /* Debug */ = {
			isa = XCBuildConfiguration;
			baseConfigurationReference = E4EB6923138AFD0F00A09F29 /* Project.xcconfig */;
			buildSettings = {
				ARCHS = "$(NATIVE_ARCH)";
				CONFIGURATION_BUILD_DIR = "$(SRCROOT)/bin/";
				COPY_PHASE_STRIP = NO;
				DEAD_CODE_STRIPPING = YES;
				GCC_AUTO_VECTORIZATION = YES;
				GCC_ENABLE_SSE3_EXTENSIONS = YES;
				GCC_ENABLE_SUPPLEMENTAL_SSE3_INSTRUCTIONS = YES;
				GCC_INLINES_ARE_PRIVATE_EXTERN = NO;
				GCC_OPTIMIZATION_LEVEL = 0;
				GCC_SYMBOLS_PRIVATE_EXTERN = NO;
				GCC_WARN_ABOUT_DEPRECATED_FUNCTIONS = YES;
				GCC_WARN_ABOUT_INVALID_OFFSETOF_MACRO = NO;
				GCC_WARN_ALLOW_INCOMPLETE_PROTOCOL = NO;
				GCC_WARN_UNINITIALIZED_AUTOS = NO;
				GCC_WARN_UNUSED_VALUE = NO;
				GCC_WARN_UNUSED_VARIABLE = NO;
				HEADER_SEARCH_PATHS = (
					"$(OF_CORE_HEADERS)",
					src,
					../../../addons/ofxCameraSaveLoad/libs,
					../../../addons/ofxCameraSaveLoad/src,
					../../../addons/ofxGenerative/libs,
					../../../addons/ofxGenerative/src,
					../../../addons/ofxUI/libs,
					../../../addons/ofxUI/src,
					../../../addons/ofxUIProject/libs,
					../../../addons/ofxUIProject/src,
					../../../addons/ofxUIProject/src/background,
					../../../addons/ofxUIProject/src/gl,
					../../../addons/ofxUIProject/src/grids,
					../../../addons/ofxUIProject/src/gui,
					../../../addons/ofxUIProject/src/objects,
					../../../addons/ofxUIProject/src/simulators,
					../../../addons/ofxXmlSettings/libs,
					../../../addons/ofxXmlSettings/src,
				);
				MACOSX_DEPLOYMENT_TARGET = 10.6;
				OTHER_CPLUSPLUSFLAGS = (
					"-D__MACOSX_CORE__",
					"-lpthread",
					"-mtune=native",
				);
				SDKROOT = macosx;
			};
			name = Debug;
		};
		E4B69B4F0A3A1720003C02F2 /* Release */ = {
			isa = XCBuildConfiguration;
			baseConfigurationReference = E4EB6923138AFD0F00A09F29 /* Project.xcconfig */;
			buildSettings = {
				ARCHS = "$(NATIVE_ARCH)";
				CONFIGURATION_BUILD_DIR = "$(SRCROOT)/bin/";
				COPY_PHASE_STRIP = YES;
				DEAD_CODE_STRIPPING = YES;
				GCC_AUTO_VECTORIZATION = YES;
				GCC_ENABLE_SSE3_EXTENSIONS = YES;
				GCC_ENABLE_SUPPLEMENTAL_SSE3_INSTRUCTIONS = YES;
				GCC_INLINES_ARE_PRIVATE_EXTERN = NO;
				GCC_OPTIMIZATION_LEVEL = 3;
				GCC_SYMBOLS_PRIVATE_EXTERN = NO;
				GCC_UNROLL_LOOPS = YES;
				GCC_WARN_ABOUT_DEPRECATED_FUNCTIONS = YES;
				GCC_WARN_ABOUT_INVALID_OFFSETOF_MACRO = NO;
				GCC_WARN_ALLOW_INCOMPLETE_PROTOCOL = NO;
				GCC_WARN_UNINITIALIZED_AUTOS = NO;
				GCC_WARN_UNUSED_VALUE = NO;
				GCC_WARN_UNUSED_VARIABLE = NO;
				HEADER_SEARCH_PATHS = (
					"$(OF_CORE_HEADERS)",
					src,
					../../../addons/ofxCameraSaveLoad/libs,
					../../../addons/ofxCameraSaveLoad/src,
					../../../addons/ofxGenerative/libs,
					../../../addons/ofxGenerative/src,
					../../../addons/ofxUI/libs,
					../../../addons/ofxUI/src,
					../../../addons/ofxUIProject/libs,
					../../../addons/ofxUIProject/src,
					../../../addons/ofxUIProject/src/background,
					../../../addons/ofxUIProject/src/gl,
					../../../addons/ofxUIProject/src/grids,
					../../../addons/ofxUIProject/src/gui,
					../../../addons/ofxUIProject/src/objects,
					../../../addons/ofxUIProject/src/simulators,
					../../../addons/ofxXmlSettings/libs,
					../../../addons/ofxXmlSettings/src,
				);
				MACOSX_DEPLOYMENT_TARGET = 10.6;
				OTHER_CPLUSPLUSFLAGS = (
					"-D__MACOSX_CORE__",
					"-lpthread",
					"-mtune=native",
				);
				SDKROOT = macosx;
			};
			name = Release;
		};
		E4B69B600A3A1757003C02F2 /* Debug */ = {
			isa = XCBuildConfiguration;
			buildSettings = {
				COMBINE_HIDPI_IMAGES = YES;
				COPY_PHASE_STRIP = NO;
				FRAMEWORK_SEARCH_PATHS = (
					"$(inherited)",
					"$(FRAMEWORK_SEARCH_PATHS_QUOTED_FOR_TARGET_1)",
				);
				FRAMEWORK_SEARCH_PATHS_QUOTED_FOR_TARGET_1 = "\"$(SRCROOT)/../../../libs/glut/lib/osx\"";
				GCC_DYNAMIC_NO_PIC = NO;
				GCC_GENERATE_DEBUGGING_SYMBOLS = YES;
				GCC_MODEL_TUNING = NONE;
				ICON = "$(ICON_NAME_DEBUG)";
				ICON_FILE = "$(ICON_FILE_PATH)$(ICON)";
				INFOPLIST_FILE = "openFrameworks-Info.plist";
				INSTALL_PATH = "$(HOME)/Applications";
				LIBRARY_SEARCH_PATHS = (
					"$(inherited)",
					"$(LIBRARY_SEARCH_PATHS_QUOTED_FOR_TARGET_1)",
					"$(LIBRARY_SEARCH_PATHS_QUOTED_FOR_TARGET_2)",
					"$(LIBRARY_SEARCH_PATHS_QUOTED_FOR_TARGET_3)",
					"$(LIBRARY_SEARCH_PATHS_QUOTED_FOR_TARGET_4)",
					"$(LIBRARY_SEARCH_PATHS_QUOTED_FOR_TARGET_5)",
					"$(LIBRARY_SEARCH_PATHS_QUOTED_FOR_TARGET_6)",
					"$(LIBRARY_SEARCH_PATHS_QUOTED_FOR_TARGET_7)",
					"$(LIBRARY_SEARCH_PATHS_QUOTED_FOR_TARGET_8)",
					"$(LIBRARY_SEARCH_PATHS_QUOTED_FOR_TARGET_9)",
					"$(LIBRARY_SEARCH_PATHS_QUOTED_FOR_TARGET_10)",
					"$(LIBRARY_SEARCH_PATHS_QUOTED_FOR_TARGET_11)",
					"$(LIBRARY_SEARCH_PATHS_QUOTED_FOR_TARGET_12)",
					"$(LIBRARY_SEARCH_PATHS_QUOTED_FOR_TARGET_13)",
					"$(LIBRARY_SEARCH_PATHS_QUOTED_FOR_TARGET_14)",
					"$(LIBRARY_SEARCH_PATHS_QUOTED_FOR_TARGET_15)",
					"$(LIBRARY_SEARCH_PATHS_QUOTED_FOR_TARGET_2)",
					"$(LIBRARY_SEARCH_PATHS_QUOTED_FOR_TARGET_3)",
					"$(LIBRARY_SEARCH_PATHS_QUOTED_FOR_TARGET_7)",
					"$(LIBRARY_SEARCH_PATHS_QUOTED_FOR_TARGET_8)",
					"$(LIBRARY_SEARCH_PATHS_QUOTED_FOR_TARGET_9)",
					"$(LIBRARY_SEARCH_PATHS_QUOTED_FOR_TARGET_10)",
					"$(LIBRARY_SEARCH_PATHS_QUOTED_FOR_TARGET_11)",
					"$(LIBRARY_SEARCH_PATHS_QUOTED_FOR_TARGET_12)",
					"$(LIBRARY_SEARCH_PATHS_QUOTED_FOR_TARGET_13)",
					"$(LIBRARY_SEARCH_PATHS_QUOTED_FOR_TARGET_16)",
					"$(LIBRARY_SEARCH_PATHS_QUOTED_FOR_TARGET_17)",
					"$(LIBRARY_SEARCH_PATHS_QUOTED_FOR_TARGET_18)",
					"$(LIBRARY_SEARCH_PATHS_QUOTED_FOR_TARGET_19)",
					"$(LIBRARY_SEARCH_PATHS_QUOTED_FOR_TARGET_20)",
					"$(LIBRARY_SEARCH_PATHS_QUOTED_FOR_TARGET_21)",
					"$(LIBRARY_SEARCH_PATHS_QUOTED_FOR_TARGET_22)",
					"$(LIBRARY_SEARCH_PATHS_QUOTED_FOR_TARGET_23)",
					"$(LIBRARY_SEARCH_PATHS_QUOTED_FOR_TARGET_24)",
					"$(LIBRARY_SEARCH_PATHS_QUOTED_FOR_TARGET_25)",
					"$(LIBRARY_SEARCH_PATHS_QUOTED_FOR_TARGET_26)",
					"$(LIBRARY_SEARCH_PATHS_QUOTED_FOR_TARGET_27)",
					"$(LIBRARY_SEARCH_PATHS_QUOTED_FOR_TARGET_28)",
					"$(LIBRARY_SEARCH_PATHS_QUOTED_FOR_TARGET_29)",
					"$(LIBRARY_SEARCH_PATHS_QUOTED_FOR_TARGET_30)",
					"$(LIBRARY_SEARCH_PATHS_QUOTED_FOR_TARGET_31)",
					"$(LIBRARY_SEARCH_PATHS_QUOTED_FOR_TARGET_32)",
					"$(LIBRARY_SEARCH_PATHS_QUOTED_FOR_TARGET_33)",
					"$(LIBRARY_SEARCH_PATHS_QUOTED_FOR_TARGET_34)",
					"$(LIBRARY_SEARCH_PATHS_QUOTED_FOR_TARGET_35)",
					"$(LIBRARY_SEARCH_PATHS_QUOTED_FOR_TARGET_36)",
					"$(LIBRARY_SEARCH_PATHS_QUOTED_FOR_TARGET_37)",
					"$(LIBRARY_SEARCH_PATHS_QUOTED_FOR_TARGET_38)",
					"$(LIBRARY_SEARCH_PATHS_QUOTED_FOR_TARGET_39)",
					"$(LIBRARY_SEARCH_PATHS_QUOTED_FOR_TARGET_40)",
					"$(LIBRARY_SEARCH_PATHS_QUOTED_FOR_TARGET_41)",
					"$(LIBRARY_SEARCH_PATHS_QUOTED_FOR_TARGET_42)",
					"$(LIBRARY_SEARCH_PATHS_QUOTED_FOR_TARGET_43)",
					"$(LIBRARY_SEARCH_PATHS_QUOTED_FOR_TARGET_44)",
					"$(LIBRARY_SEARCH_PATHS_QUOTED_FOR_TARGET_45)",
					"$(LIBRARY_SEARCH_PATHS_QUOTED_FOR_TARGET_46)",
					"$(LIBRARY_SEARCH_PATHS_QUOTED_FOR_TARGET_47)",
					"$(LIBRARY_SEARCH_PATHS_QUOTED_FOR_TARGET_48)",
					"$(LIBRARY_SEARCH_PATHS_QUOTED_FOR_TARGET_49)",
					"$(LIBRARY_SEARCH_PATHS_QUOTED_FOR_TARGET_50)",
					"$(LIBRARY_SEARCH_PATHS_QUOTED_FOR_TARGET_51)",
					"$(LIBRARY_SEARCH_PATHS_QUOTED_FOR_TARGET_52)",
				);
				PRODUCT_NAME = "$(TARGET_NAME)Debug";
				WRAPPER_EXTENSION = app;
			};
			name = Debug;
		};
		E4B69B610A3A1757003C02F2 /* Release */ = {
			isa = XCBuildConfiguration;
			buildSettings = {
				COMBINE_HIDPI_IMAGES = YES;
				COPY_PHASE_STRIP = YES;
				FRAMEWORK_SEARCH_PATHS = (
					"$(inherited)",
					"$(FRAMEWORK_SEARCH_PATHS_QUOTED_FOR_TARGET_1)",
				);
				FRAMEWORK_SEARCH_PATHS_QUOTED_FOR_TARGET_1 = "\"$(SRCROOT)/../../../libs/glut/lib/osx\"";
				GCC_GENERATE_DEBUGGING_SYMBOLS = YES;
				GCC_MODEL_TUNING = NONE;
				ICON = "$(ICON_NAME_RELEASE)";
				ICON_FILE = "$(ICON_FILE_PATH)$(ICON)";
				INFOPLIST_FILE = "openFrameworks-Info.plist";
				INSTALL_PATH = "$(HOME)/Applications";
				LIBRARY_SEARCH_PATHS = (
					"$(inherited)",
					"$(LIBRARY_SEARCH_PATHS_QUOTED_FOR_TARGET_1)",
					"$(LIBRARY_SEARCH_PATHS_QUOTED_FOR_TARGET_2)",
					"$(LIBRARY_SEARCH_PATHS_QUOTED_FOR_TARGET_3)",
					"$(LIBRARY_SEARCH_PATHS_QUOTED_FOR_TARGET_4)",
					"$(LIBRARY_SEARCH_PATHS_QUOTED_FOR_TARGET_5)",
					"$(LIBRARY_SEARCH_PATHS_QUOTED_FOR_TARGET_6)",
					"$(LIBRARY_SEARCH_PATHS_QUOTED_FOR_TARGET_7)",
					"$(LIBRARY_SEARCH_PATHS_QUOTED_FOR_TARGET_8)",
					"$(LIBRARY_SEARCH_PATHS_QUOTED_FOR_TARGET_9)",
					"$(LIBRARY_SEARCH_PATHS_QUOTED_FOR_TARGET_10)",
					"$(LIBRARY_SEARCH_PATHS_QUOTED_FOR_TARGET_11)",
					"$(LIBRARY_SEARCH_PATHS_QUOTED_FOR_TARGET_12)",
					"$(LIBRARY_SEARCH_PATHS_QUOTED_FOR_TARGET_13)",
					"$(LIBRARY_SEARCH_PATHS_QUOTED_FOR_TARGET_14)",
					"$(LIBRARY_SEARCH_PATHS_QUOTED_FOR_TARGET_15)",
					"$(LIBRARY_SEARCH_PATHS_QUOTED_FOR_TARGET_2)",
					"$(LIBRARY_SEARCH_PATHS_QUOTED_1)",
					"$(LIBRARY_SEARCH_PATHS_QUOTED_FOR_TARGET_3)",
					"$(LIBRARY_SEARCH_PATHS_QUOTED_FOR_TARGET_7)",
					"$(LIBRARY_SEARCH_PATHS_QUOTED_FOR_TARGET_8)",
					"$(LIBRARY_SEARCH_PATHS_QUOTED_FOR_TARGET_9)",
					"$(LIBRARY_SEARCH_PATHS_QUOTED_FOR_TARGET_10)",
					"$(LIBRARY_SEARCH_PATHS_QUOTED_FOR_TARGET_11)",
					"$(LIBRARY_SEARCH_PATHS_QUOTED_FOR_TARGET_12)",
					"$(LIBRARY_SEARCH_PATHS_QUOTED_FOR_TARGET_13)",
					"$(LIBRARY_SEARCH_PATHS_QUOTED_FOR_TARGET_16)",
					"$(LIBRARY_SEARCH_PATHS_QUOTED_FOR_TARGET_17)",
					"$(LIBRARY_SEARCH_PATHS_QUOTED_FOR_TARGET_18)",
					"$(LIBRARY_SEARCH_PATHS_QUOTED_FOR_TARGET_19)",
					"$(LIBRARY_SEARCH_PATHS_QUOTED_FOR_TARGET_20)",
					"$(LIBRARY_SEARCH_PATHS_QUOTED_FOR_TARGET_21)",
					"$(LIBRARY_SEARCH_PATHS_QUOTED_FOR_TARGET_22)",
					"$(LIBRARY_SEARCH_PATHS_QUOTED_FOR_TARGET_23)",
					"$(LIBRARY_SEARCH_PATHS_QUOTED_FOR_TARGET_24)",
					"$(LIBRARY_SEARCH_PATHS_QUOTED_FOR_TARGET_25)",
					"$(LIBRARY_SEARCH_PATHS_QUOTED_FOR_TARGET_26)",
					"$(LIBRARY_SEARCH_PATHS_QUOTED_FOR_TARGET_27)",
					"$(LIBRARY_SEARCH_PATHS_QUOTED_FOR_TARGET_28)",
					"$(LIBRARY_SEARCH_PATHS_QUOTED_FOR_TARGET_29)",
					"$(LIBRARY_SEARCH_PATHS_QUOTED_FOR_TARGET_30)",
					"$(LIBRARY_SEARCH_PATHS_QUOTED_FOR_TARGET_31)",
					"$(LIBRARY_SEARCH_PATHS_QUOTED_FOR_TARGET_32)",
					"$(LIBRARY_SEARCH_PATHS_QUOTED_FOR_TARGET_33)",
					"$(LIBRARY_SEARCH_PATHS_QUOTED_FOR_TARGET_34)",
					"$(LIBRARY_SEARCH_PATHS_QUOTED_FOR_TARGET_35)",
					"$(LIBRARY_SEARCH_PATHS_QUOTED_FOR_TARGET_36)",
					"$(LIBRARY_SEARCH_PATHS_QUOTED_FOR_TARGET_37)",
					"$(LIBRARY_SEARCH_PATHS_QUOTED_FOR_TARGET_38)",
					"$(LIBRARY_SEARCH_PATHS_QUOTED_FOR_TARGET_39)",
					"$(LIBRARY_SEARCH_PATHS_QUOTED_FOR_TARGET_40)",
					"$(LIBRARY_SEARCH_PATHS_QUOTED_FOR_TARGET_41)",
					"$(LIBRARY_SEARCH_PATHS_QUOTED_FOR_TARGET_42)",
					"$(LIBRARY_SEARCH_PATHS_QUOTED_FOR_TARGET_43)",
					"$(LIBRARY_SEARCH_PATHS_QUOTED_FOR_TARGET_44)",
					"$(LIBRARY_SEARCH_PATHS_QUOTED_FOR_TARGET_45)",
					"$(LIBRARY_SEARCH_PATHS_QUOTED_FOR_TARGET_46)",
					"$(LIBRARY_SEARCH_PATHS_QUOTED_FOR_TARGET_47)",
					"$(LIBRARY_SEARCH_PATHS_QUOTED_FOR_TARGET_48)",
					"$(LIBRARY_SEARCH_PATHS_QUOTED_FOR_TARGET_49)",
					"$(LIBRARY_SEARCH_PATHS_QUOTED_FOR_TARGET_50)",
					"$(LIBRARY_SEARCH_PATHS_QUOTED_FOR_TARGET_51)",
				);
				PRODUCT_NAME = "$(TARGET_NAME)";
				WRAPPER_EXTENSION = app;
			};
			name = Release;
		};
/* End XCBuildConfiguration section */

/* Begin XCConfigurationList section */
		E4B69B4D0A3A1720003C02F2 /* Build configuration list for PBXProject "example" */ = {
			isa = XCConfigurationList;
			buildConfigurations = (
				E4B69B4E0A3A1720003C02F2 /* Debug */,
				E4B69B4F0A3A1720003C02F2 /* Release */,
			);
			defaultConfigurationIsVisible = 0;
			defaultConfigurationName = Release;
		};
		E4B69B5F0A3A1757003C02F2 /* Build configuration list for PBXNativeTarget "example" */ = {
			isa = XCConfigurationList;
			buildConfigurations = (
				E4B69B600A3A1757003C02F2 /* Debug */,
				E4B69B610A3A1757003C02F2 /* Release */,
			);
			defaultConfigurationIsVisible = 0;
			defaultConfigurationName = Release;
		};
/* End XCConfigurationList section */
	};
	rootObject = E4B69B4C0A3A1720003C02F2 /* Project object */;
}
